// !$*UTF8*$!
{
	archiveVersion = 1;
	classes = {
	};
	objectVersion = 45;
	objects = {

/* Begin PBXAggregateTarget section */
		3784D28010473F2000B56C81 /* Build Disk Image */ = {
			isa = PBXAggregateTarget;
			buildConfigurationList = 3784D28910473F2500B56C81 /* Build configuration list for PBXAggregateTarget "Build Disk Image" */;
			buildPhases = (
				3784D28F10473F3400B56C81 /* ShellScript */,
			);
			dependencies = (
				3784D28B10473F2F00B56C81 /* PBXTargetDependency */,
			);
			name = "Build Disk Image";
			productName = "Build Disk Image";
		};
/* End PBXAggregateTarget section */

/* Begin PBXBuildFile section */
		3701898010444F9600C7C798 /* Chax_SecureWindow.m in Sources */ = {isa = PBXBuildFile; fileRef = 3701897F10444F9600C7C798 /* Chax_SecureWindow.m */; };
		3701898A1044504500C7C798 /* Chax_PeopleListControllerWindow.m in Sources */ = {isa = PBXBuildFile; fileRef = 370189891044504500C7C798 /* Chax_PeopleListControllerWindow.m */; };
		37018C0E1044997300C7C798 /* Chax_FileTransferManager.m in Sources */ = {isa = PBXBuildFile; fileRef = 37018C0D1044997300C7C798 /* Chax_FileTransferManager.m */; };
		3710F5B310425E6900EAD72D /* Sparkle.framework in Frameworks */ = {isa = PBXBuildFile; fileRef = 3710F5B210425E6900EAD72D /* Sparkle.framework */; };
		3710F5B610425E6C00EAD72D /* Sparkle.framework in Copy Frameworks */ = {isa = PBXBuildFile; fileRef = 3710F5B210425E6900EAD72D /* Sparkle.framework */; };
		3710F5E0104260E400EAD72D /* dsa_pub.pem in Resources */ = {isa = PBXBuildFile; fileRef = 3710F5DF104260E400EAD72D /* dsa_pub.pem */; };
		371A8734103B65C9003EC364 /* Chax_FezPreferences.m in Sources */ = {isa = PBXBuildFile; fileRef = 371A8733103B65C9003EC364 /* Chax_FezPreferences.m */; };
		371A873D103B6629003EC364 /* Prefs_Chax.m in Sources */ = {isa = PBXBuildFile; fileRef = 371A873C103B6629003EC364 /* Prefs_Chax.m */; };
		371BA4BC101134CC00CF88C0 /* BundleUtilities.m in Sources */ = {isa = PBXBuildFile; fileRef = 371BA4BB101134CC00CF88C0 /* BundleUtilities.m */; };
		371BA5381011373200CF88C0 /* Chax_PeopleList.m in Sources */ = {isa = PBXBuildFile; fileRef = 3786DBC20FF7D189000CBC6A /* Chax_PeopleList.m */; };
		371BA5981011389B00CF88C0 /* Chax.m in Sources */ = {isa = PBXBuildFile; fileRef = 3786DA940FF7C41F000CBC6A /* Chax.m */; };
		371BA62010113B2900CF88C0 /* Chax_PeopleListController.m in Sources */ = {isa = PBXBuildFile; fileRef = 3786DAE10FF7C778000CBC6A /* Chax_PeopleListController.m */; };
		372D8A6610478E2A005E2F5F /* Chax_ChatInputLine.m in Sources */ = {isa = PBXBuildFile; fileRef = 372D8A6510478E2A005E2F5F /* Chax_ChatInputLine.m */; };
		3776F58E101CF589009D87B6 /* Chax_AnimatingTableView.m in Sources */ = {isa = PBXBuildFile; fileRef = 3776F58D101CF589009D87B6 /* Chax_AnimatingTableView.m */; };
		3776F5AD101CF798009D87B6 /* UnifiedAccount.m in Sources */ = {isa = PBXBuildFile; fileRef = 3776F5AA101CF798009D87B6 /* UnifiedAccount.m */; };
		3776F5AE101CF798009D87B6 /* UnifiedPeopleListController_Provider.m in Sources */ = {isa = PBXBuildFile; fileRef = 3776F5AC101CF798009D87B6 /* UnifiedPeopleListController_Provider.m */; };
		3776F63C101CFC35009D87B6 /* Chax_IMPeople.m in Sources */ = {isa = PBXBuildFile; fileRef = 3776F63B101CFC35009D87B6 /* Chax_IMPeople.m */; };
		3776F9B1101D10E3009D87B6 /* Chax_Fezz.m in Sources */ = {isa = PBXBuildFile; fileRef = 3776F9B0101D10E3009D87B6 /* Chax_Fezz.m */; };
		37844D67100A085C0028BB2D /* MethodSwizzle.m in Sources */ = {isa = PBXBuildFile; fileRef = 3786DA440FF7C271000CBC6A /* MethodSwizzle.m */; };
		3786DA200FF7C0A8000CBC6A /* Chax.icns in Resources */ = {isa = PBXBuildFile; fileRef = 3786DA1F0FF7C0A8000CBC6A /* Chax.icns */; };
		3786DA470FF7C281000CBC6A /* ChaxLib.dylib in Resources */ = {isa = PBXBuildFile; fileRef = 3786DA3D0FF7C21B000CBC6A /* ChaxLib.dylib */; };
		3786DA510FF7C2B3000CBC6A /* Cocoa.framework in Frameworks */ = {isa = PBXBuildFile; fileRef = 1058C7A1FEA54F0111CA2CBB /* Cocoa.framework */; };
		3786DAA40FF7C513000CBC6A /* Localizable.strings in Resources */ = {isa = PBXBuildFile; fileRef = 3786DAA20FF7C513000CBC6A /* Localizable.strings */; };
		3786DAC20FF7C5AD000CBC6A /* menu-badge.tiff in Resources */ = {isa = PBXBuildFile; fileRef = 3786DAC10FF7C5AD000CBC6A /* menu-badge.tiff */; };
		3786DB040FF7C874000CBC6A /* AddressBook.framework in Frameworks */ = {isa = PBXBuildFile; fileRef = 3786DAFB0FF7C86D000CBC6A /* AddressBook.framework */; };
		3786DB050FF7C874000CBC6A /* InstantMessage.framework in Frameworks */ = {isa = PBXBuildFile; fileRef = 3786DAFD0FF7C86D000CBC6A /* InstantMessage.framework */; };
		3786DB400FF7CA86000CBC6A /* Quartz.framework in Frameworks */ = {isa = PBXBuildFile; fileRef = 3786DB3B0FF7CA81000CBC6A /* Quartz.framework */; };
		3786DB570FF7CCB1000CBC6A /* WebKit.framework in Frameworks */ = {isa = PBXBuildFile; fileRef = 3786DB520FF7CCAC000CBC6A /* WebKit.framework */; };
		3786DB940FF7CFB3000CBC6A /* QuickLook.framework in Frameworks */ = {isa = PBXBuildFile; fileRef = 3786DB900FF7CFAE000CBC6A /* QuickLook.framework */; };
		378D4FAE101E700700176B47 /* Growl.framework in Copy Frameworks */ = {isa = PBXBuildFile; fileRef = 378D4FA7101E6FE300176B47 /* Growl.framework */; };
		378D4FF3101E722B00176B47 /* StatusChangeController.m in Sources */ = {isa = PBXBuildFile; fileRef = 378D4FF2101E722B00176B47 /* StatusChangeController.m */; };
		37AFBC211031125B001AA056 /* LogViewerController.m in Sources */ = {isa = PBXBuildFile; fileRef = 37AFBC201031125B001AA056 /* LogViewerController.m */; };
		37AFBC27103112EB001AA056 /* LogViewer.xib in Resources */ = {isa = PBXBuildFile; fileRef = 37AFBC25103112EB001AA056 /* LogViewer.xib */; };
		37AFBC511031144B001AA056 /* RegexKitLite.m in Sources */ = {isa = PBXBuildFile; fileRef = 37AFBC501031144B001AA056 /* RegexKitLite.m */; };
		37AFBC6210311458001AA056 /* libicucore.dylib in Frameworks */ = {isa = PBXBuildFile; fileRef = 37AFBC6110311458001AA056 /* libicucore.dylib */; };
		37BCAA591041A2E40088A681 /* NSArrayAdditions.m in Sources */ = {isa = PBXBuildFile; fileRef = 37BCAA581041A2E40088A681 /* NSArrayAdditions.m */; };
		37CE5F631011477600B5D83C /* Chax_NSDockTile.m in Sources */ = {isa = PBXBuildFile; fileRef = 3786DA560FF7C2F3000CBC6A /* Chax_NSDockTile.m */; };
		37D0E26C104612C1009C42DA /* DonateWindowController.m in Sources */ = {isa = PBXBuildFile; fileRef = 37D0E26B104612C1009C42DA /* DonateWindowController.m */; };
		37D0E2871046133B009C42DA /* Donate.xib in Resources */ = {isa = PBXBuildFile; fileRef = 37D0E2851046133B009C42DA /* Donate.xib */; };
		37D1F4AE1022591F006F0D8C /* Chax_Account.m in Sources */ = {isa = PBXBuildFile; fileRef = 37D1F4AD1022591F006F0D8C /* Chax_Account.m */; };
		37D5BBB8103B679B00EE8A49 /* Preferences.xib in Resources */ = {isa = PBXBuildFile; fileRef = 37D5BBB6103B679B00EE8A49 /* Preferences.xib */; };
		37D5BBEC103C6C0100EE8A49 /* ChaxDefaults.m in Sources */ = {isa = PBXBuildFile; fileRef = 37D5BBEB103C6C0100EE8A49 /* ChaxDefaults.m */; };
		37D5C4F6103D064700EE8A49 /* URLTextView.m in Sources */ = {isa = PBXBuildFile; fileRef = 37D5C4F5103D064700EE8A49 /* URLTextView.m */; };
		37D5C522103D0D1500EE8A49 /* ChaxPrefsView.m in Sources */ = {isa = PBXBuildFile; fileRef = 37D5C521103D0D1500EE8A49 /* ChaxPrefsView.m */; };
		37D5C5B1103D149300EE8A49 /* DockIconController.m in Sources */ = {isa = PBXBuildFile; fileRef = 37D5C5B0103D149300EE8A49 /* DockIconController.m */; };
		37D5C5B5103D14A600EE8A49 /* ChaxDockView.m in Sources */ = {isa = PBXBuildFile; fileRef = 37D5C5B4103D14A600EE8A49 /* ChaxDockView.m */; };
		37D5C5CB103D151600EE8A49 /* Chax_Chat.m in Sources */ = {isa = PBXBuildFile; fileRef = 37D5C5CA103D151600EE8A49 /* Chax_Chat.m */; };
		37D5C5DB103D157F00EE8A49 /* Chax_ChatDOMView.m in Sources */ = {isa = PBXBuildFile; fileRef = 37D5C5DA103D157F00EE8A49 /* Chax_ChatDOMView.m */; };
		37E49122104C688100DA1B09 /* Chax_IMDaemonController.m in Sources */ = {isa = PBXBuildFile; fileRef = 37E49121104C688100DA1B09 /* Chax_IMDaemonController.m */; };
		37E49164104C6E0700DA1B09 /* Cocoa.framework in Frameworks */ = {isa = PBXBuildFile; fileRef = 1058C7A1FEA54F0111CA2CBB /* Cocoa.framework */; };
		37E49177104C6E3400DA1B09 /* URLToIChatApp.m in Sources */ = {isa = PBXBuildFile; fileRef = 37E49176104C6E3400DA1B09 /* URLToIChatApp.m */; };
		37E4919D104C6FF700DA1B09 /* ChaxAgentLib.dylib in Resources */ = {isa = PBXBuildFile; fileRef = 37E4915A104C6DF300DA1B09 /* ChaxAgentLib.dylib */; };
		37F29A961043AB70005460A5 /* CameraSnapshotController.m in Sources */ = {isa = PBXBuildFile; fileRef = 37F29A951043AB70005460A5 /* CameraSnapshotController.m */; };
		37F29A9F1043ABB1005460A5 /* CameraSnapshot.xib in Resources */ = {isa = PBXBuildFile; fileRef = 37F29A9D1043ABB1005460A5 /* CameraSnapshot.xib */; };
		37F29AAE1043AC82005460A5 /* Chax_ChatWindowController.m in Sources */ = {isa = PBXBuildFile; fileRef = 37F29AAD1043AC82005460A5 /* Chax_ChatWindowController.m */; };
		37F437EA1049B232007F8638 /* AutoAcceptPrefsWindowController.m in Sources */ = {isa = PBXBuildFile; fileRef = 37F437E91049B232007F8638 /* AutoAcceptPrefsWindowController.m */; };
		37F4388E1049BBC3007F8638 /* Chax_IMFileTransferCenter.m in Sources */ = {isa = PBXBuildFile; fileRef = 37F4388D1049BBC3007F8638 /* Chax_IMFileTransferCenter.m */; };
		37F438B31049C0FB007F8638 /* Chax_AVChatController.m in Sources */ = {isa = PBXBuildFile; fileRef = 37F438B21049C0FB007F8638 /* Chax_AVChatController.m */; };
		37F438E31049C5BA007F8638 /* ActivityWindowController.m in Sources */ = {isa = PBXBuildFile; fileRef = 37F438DB1049C5BA007F8638 /* ActivityWindowController.m */; };
		37F438E41049C5BA007F8638 /* ActivityStatusCell.m in Sources */ = {isa = PBXBuildFile; fileRef = 37F438DD1049C5BA007F8638 /* ActivityStatusCell.m */; };
		37F438E51049C5BA007F8638 /* ActivityDateFormatter.m in Sources */ = {isa = PBXBuildFile; fileRef = 37F438DF1049C5BA007F8638 /* ActivityDateFormatter.m */; };
		37F438E61049C5BA007F8638 /* ActivityTableView.m in Sources */ = {isa = PBXBuildFile; fileRef = 37F438E11049C5BA007F8638 /* ActivityTableView.m */; };
		37F4390F1049C605007F8638 /* ActivityModel.xcdatamodel in Sources */ = {isa = PBXBuildFile; fileRef = 37F438D91049C5BA007F8638 /* ActivityModel.xcdatamodel */; };
		37F4391C1049C693007F8638 /* ActivityWindow.xib in Resources */ = {isa = PBXBuildFile; fileRef = 37F4391A1049C693007F8638 /* ActivityWindow.xib */; };
		37F4398D1049C9D5007F8638 /* status-offline.tiff in Resources */ = {isa = PBXBuildFile; fileRef = 37F4398C1049C9D5007F8638 /* status-offline.tiff */; };
		37F43A461049D68F007F8638 /* Chax_ActionsControllerHandler.m in Sources */ = {isa = PBXBuildFile; fileRef = 37F43A371049D622007F8638 /* Chax_ActionsControllerHandler.m */; };
		37F43A571049D730007F8638 /* Chax_ChatNotifier.m in Sources */ = {isa = PBXBuildFile; fileRef = 37F43A561049D730007F8638 /* Chax_ChatNotifier.m */; };
		8D11072B0486CEB800E47090 /* InfoPlist.strings in Resources */ = {isa = PBXBuildFile; fileRef = 089C165CFE840E0CC02AAC07 /* InfoPlist.strings */; };
		8D11072D0486CEB800E47090 /* main.m in Sources */ = {isa = PBXBuildFile; fileRef = 29B97316FDCFA39411CA2CEA /* main.m */; settings = {ATTRIBUTES = (); }; };
		8D11072F0486CEB800E47090 /* Cocoa.framework in Frameworks */ = {isa = PBXBuildFile; fileRef = 1058C7A1FEA54F0111CA2CBB /* Cocoa.framework */; };
/* End PBXBuildFile section */

/* Begin PBXContainerItemProxy section */
		3784D28A10473F2F00B56C81 /* PBXContainerItemProxy */ = {
			isa = PBXContainerItemProxy;
			containerPortal = 29B97313FDCFA39411CA2CEA /* Project object */;
			proxyType = 1;
			remoteGlobalIDString = 8D1107260486CEB800E47090;
			remoteInfo = Chax;
		};
		3786DA480FF7C283000CBC6A /* PBXContainerItemProxy */ = {
			isa = PBXContainerItemProxy;
			containerPortal = 29B97313FDCFA39411CA2CEA /* Project object */;
			proxyType = 1;
			remoteGlobalIDString = 3786DA3C0FF7C21B000CBC6A;
			remoteInfo = "Chax dylib";
		};
		37E4915D104C6DFA00DA1B09 /* PBXContainerItemProxy */ = {
			isa = PBXContainerItemProxy;
			containerPortal = 29B97313FDCFA39411CA2CEA /* Project object */;
			proxyType = 1;
			remoteGlobalIDString = 37E49159104C6DF300DA1B09;
			remoteInfo = ChaxAgentLib;
		};
/* End PBXContainerItemProxy section */

/* Begin PBXCopyFilesBuildPhase section */
		378D4FB6101E700A00176B47 /* Copy Frameworks */ = {
			isa = PBXCopyFilesBuildPhase;
			buildActionMask = 2147483647;
			dstPath = "";
			dstSubfolderSpec = 10;
			files = (
				378D4FAE101E700700176B47 /* Growl.framework in Copy Frameworks */,
				3710F5B610425E6C00EAD72D /* Sparkle.framework in Copy Frameworks */,
			);
			name = "Copy Frameworks";
			runOnlyForDeploymentPostprocessing = 0;
		};
/* End PBXCopyFilesBuildPhase section */

/* Begin PBXFileReference section */
		089C165DFE840E0CC02AAC07 /* English */ = {isa = PBXFileReference; fileEncoding = 4; lastKnownFileType = text.plist.strings; name = English; path = English.lproj/InfoPlist.strings; sourceTree = "<group>"; };
		1058C7A1FEA54F0111CA2CBB /* Cocoa.framework */ = {isa = PBXFileReference; lastKnownFileType = wrapper.framework; name = Cocoa.framework; path = /System/Library/Frameworks/Cocoa.framework; sourceTree = "<absolute>"; };
		13E42FB307B3F0F600E4EEF1 /* CoreData.framework */ = {isa = PBXFileReference; lastKnownFileType = wrapper.framework; name = CoreData.framework; path = /System/Library/Frameworks/CoreData.framework; sourceTree = "<absolute>"; };
		256AC3F00F4B6AF500CF3369 /* Chax_Prefix.pch */ = {isa = PBXFileReference; fileEncoding = 4; lastKnownFileType = sourcecode.c.h; path = Chax_Prefix.pch; sourceTree = "<group>"; };
		29B97316FDCFA39411CA2CEA /* main.m */ = {isa = PBXFileReference; fileEncoding = 4; lastKnownFileType = sourcecode.c.objc; path = main.m; sourceTree = "<group>"; };
		29B97324FDCFA39411CA2CEA /* AppKit.framework */ = {isa = PBXFileReference; lastKnownFileType = wrapper.framework; name = AppKit.framework; path = /System/Library/Frameworks/AppKit.framework; sourceTree = "<absolute>"; };
		29B97325FDCFA39411CA2CEA /* Foundation.framework */ = {isa = PBXFileReference; lastKnownFileType = wrapper.framework; name = Foundation.framework; path = /System/Library/Frameworks/Foundation.framework; sourceTree = "<absolute>"; };
		3701897E10444F9600C7C798 /* Chax_SecureWindow.h */ = {isa = PBXFileReference; fileEncoding = 4; lastKnownFileType = sourcecode.c.h; path = Chax_SecureWindow.h; sourceTree = "<group>"; };
		3701897F10444F9600C7C798 /* Chax_SecureWindow.m */ = {isa = PBXFileReference; fileEncoding = 4; lastKnownFileType = sourcecode.c.objc; path = Chax_SecureWindow.m; sourceTree = "<group>"; };
		370189881044504500C7C798 /* Chax_PeopleListControllerWindow.h */ = {isa = PBXFileReference; fileEncoding = 4; lastKnownFileType = sourcecode.c.h; path = Chax_PeopleListControllerWindow.h; sourceTree = "<group>"; };
		370189891044504500C7C798 /* Chax_PeopleListControllerWindow.m */ = {isa = PBXFileReference; fileEncoding = 4; lastKnownFileType = sourcecode.c.objc; path = Chax_PeopleListControllerWindow.m; sourceTree = "<group>"; };
		37018C0C1044997300C7C798 /* Chax_FileTransferManager.h */ = {isa = PBXFileReference; fileEncoding = 4; lastKnownFileType = sourcecode.c.h; path = Chax_FileTransferManager.h; sourceTree = "<group>"; };
		37018C0D1044997300C7C798 /* Chax_FileTransferManager.m */ = {isa = PBXFileReference; fileEncoding = 4; lastKnownFileType = sourcecode.c.objc; path = Chax_FileTransferManager.m; sourceTree = "<group>"; };
		3710F5B210425E6900EAD72D /* Sparkle.framework */ = {isa = PBXFileReference; lastKnownFileType = wrapper.framework; name = Sparkle.framework; path = Frameworks/Sparkle.framework; sourceTree = "<group>"; };
		3710F5DF104260E400EAD72D /* dsa_pub.pem */ = {isa = PBXFileReference; fileEncoding = 4; lastKnownFileType = text; name = dsa_pub.pem; path = Sparkle/dsa_pub.pem; sourceTree = "<group>"; };
		371A8732103B65C9003EC364 /* Chax_FezPreferences.h */ = {isa = PBXFileReference; fileEncoding = 4; lastKnownFileType = sourcecode.c.h; path = Chax_FezPreferences.h; sourceTree = "<group>"; };
		371A8733103B65C9003EC364 /* Chax_FezPreferences.m */ = {isa = PBXFileReference; fileEncoding = 4; lastKnownFileType = sourcecode.c.objc; path = Chax_FezPreferences.m; sourceTree = "<group>"; };
		371A873B103B6629003EC364 /* Prefs_Chax.h */ = {isa = PBXFileReference; fileEncoding = 4; lastKnownFileType = sourcecode.c.h; path = Prefs_Chax.h; sourceTree = "<group>"; };
		371A873C103B6629003EC364 /* Prefs_Chax.m */ = {isa = PBXFileReference; fileEncoding = 4; lastKnownFileType = sourcecode.c.objc; path = Prefs_Chax.m; sourceTree = "<group>"; };
		371BA4BA101134CC00CF88C0 /* BundleUtilities.h */ = {isa = PBXFileReference; fileEncoding = 4; lastKnownFileType = sourcecode.c.h; path = BundleUtilities.h; sourceTree = "<group>"; };
		371BA4BB101134CC00CF88C0 /* BundleUtilities.m */ = {isa = PBXFileReference; fileEncoding = 4; lastKnownFileType = sourcecode.c.objc; path = BundleUtilities.m; sourceTree = "<group>"; };
		372D8A6410478E2A005E2F5F /* Chax_ChatInputLine.h */ = {isa = PBXFileReference; fileEncoding = 4; lastKnownFileType = sourcecode.c.h; path = Chax_ChatInputLine.h; sourceTree = "<group>"; };
		372D8A6510478E2A005E2F5F /* Chax_ChatInputLine.m */ = {isa = PBXFileReference; fileEncoding = 4; lastKnownFileType = sourcecode.c.objc; path = Chax_ChatInputLine.m; sourceTree = "<group>"; };
		3776F58C101CF589009D87B6 /* Chax_AnimatingTableView.h */ = {isa = PBXFileReference; fileEncoding = 4; lastKnownFileType = sourcecode.c.h; path = Chax_AnimatingTableView.h; sourceTree = "<group>"; };
		3776F58D101CF589009D87B6 /* Chax_AnimatingTableView.m */ = {isa = PBXFileReference; fileEncoding = 4; lastKnownFileType = sourcecode.c.objc; path = Chax_AnimatingTableView.m; sourceTree = "<group>"; };
		3776F5A9101CF798009D87B6 /* UnifiedAccount.h */ = {isa = PBXFileReference; fileEncoding = 4; lastKnownFileType = sourcecode.c.h; path = UnifiedAccount.h; sourceTree = "<group>"; };
		3776F5AA101CF798009D87B6 /* UnifiedAccount.m */ = {isa = PBXFileReference; fileEncoding = 4; lastKnownFileType = sourcecode.c.objc; path = UnifiedAccount.m; sourceTree = "<group>"; };
		3776F5AB101CF798009D87B6 /* UnifiedPeopleListController_Provider.h */ = {isa = PBXFileReference; fileEncoding = 4; lastKnownFileType = sourcecode.c.h; path = UnifiedPeopleListController_Provider.h; sourceTree = "<group>"; };
		3776F5AC101CF798009D87B6 /* UnifiedPeopleListController_Provider.m */ = {isa = PBXFileReference; fileEncoding = 4; lastKnownFileType = sourcecode.c.objc; path = UnifiedPeopleListController_Provider.m; sourceTree = "<group>"; };
		3776F63A101CFC35009D87B6 /* Chax_IMPeople.h */ = {isa = PBXFileReference; fileEncoding = 4; lastKnownFileType = sourcecode.c.h; path = Chax_IMPeople.h; sourceTree = "<group>"; };
		3776F63B101CFC35009D87B6 /* Chax_IMPeople.m */ = {isa = PBXFileReference; fileEncoding = 4; lastKnownFileType = sourcecode.c.objc; path = Chax_IMPeople.m; sourceTree = "<group>"; };
		3776F9AF101D10E3009D87B6 /* Chax_Fezz.h */ = {isa = PBXFileReference; fileEncoding = 4; lastKnownFileType = sourcecode.c.h; path = Chax_Fezz.h; sourceTree = "<group>"; };
		3776F9B0101D10E3009D87B6 /* Chax_Fezz.m */ = {isa = PBXFileReference; fileEncoding = 4; lastKnownFileType = sourcecode.c.objc; path = Chax_Fezz.m; sourceTree = "<group>"; };
		3786DA1F0FF7C0A8000CBC6A /* Chax.icns */ = {isa = PBXFileReference; lastKnownFileType = image.icns; path = Chax.icns; sourceTree = "<group>"; };
		3786DA3D0FF7C21B000CBC6A /* ChaxLib.dylib */ = {isa = PBXFileReference; explicitFileType = "compiled.mach-o.dylib"; includeInIndex = 0; path = ChaxLib.dylib; sourceTree = BUILT_PRODUCTS_DIR; };
		3786DA430FF7C271000CBC6A /* MethodSwizzle.h */ = {isa = PBXFileReference; fileEncoding = 4; lastKnownFileType = sourcecode.c.h; path = MethodSwizzle.h; sourceTree = "<group>"; };
		3786DA440FF7C271000CBC6A /* MethodSwizzle.m */ = {isa = PBXFileReference; fileEncoding = 4; lastKnownFileType = sourcecode.c.objc; path = MethodSwizzle.m; sourceTree = "<group>"; };
		3786DA550FF7C2F3000CBC6A /* Chax_NSDockTile.h */ = {isa = PBXFileReference; fileEncoding = 4; lastKnownFileType = sourcecode.c.h; name = Chax_NSDockTile.h; path = Swizzled/Chax_NSDockTile.h; sourceTree = "<group>"; };
		3786DA560FF7C2F3000CBC6A /* Chax_NSDockTile.m */ = {isa = PBXFileReference; fileEncoding = 4; lastKnownFileType = sourcecode.c.objc; name = Chax_NSDockTile.m; path = Swizzled/Chax_NSDockTile.m; sourceTree = "<group>"; };
		3786DA930FF7C41F000CBC6A /* Chax.h */ = {isa = PBXFileReference; fileEncoding = 4; lastKnownFileType = sourcecode.c.h; path = Chax.h; sourceTree = "<group>"; };
		3786DA940FF7C41F000CBC6A /* Chax.m */ = {isa = PBXFileReference; fileEncoding = 4; lastKnownFileType = sourcecode.c.objc; path = Chax.m; sourceTree = "<group>"; };
		3786DAA30FF7C513000CBC6A /* English */ = {isa = PBXFileReference; fileEncoding = 4; lastKnownFileType = text.plist.strings; name = English; path = English.lproj/Localizable.strings; sourceTree = "<group>"; };
		3786DAC10FF7C5AD000CBC6A /* menu-badge.tiff */ = {isa = PBXFileReference; lastKnownFileType = image.tiff; path = "menu-badge.tiff"; sourceTree = "<group>"; };
		3786DADF0FF7C757000CBC6A /* iChat5.h */ = {isa = PBXFileReference; fileEncoding = 4; lastKnownFileType = sourcecode.c.h; path = iChat5.h; sourceTree = "<group>"; };
		3786DAE00FF7C778000CBC6A /* Chax_PeopleListController.h */ = {isa = PBXFileReference; fileEncoding = 4; lastKnownFileType = sourcecode.c.h; name = Chax_PeopleListController.h; path = Swizzled/Chax_PeopleListController.h; sourceTree = "<group>"; };
		3786DAE10FF7C778000CBC6A /* Chax_PeopleListController.m */ = {isa = PBXFileReference; fileEncoding = 4; lastKnownFileType = sourcecode.c.objc; name = Chax_PeopleListController.m; path = Swizzled/Chax_PeopleListController.m; sourceTree = "<group>"; };
		3786DAFB0FF7C86D000CBC6A /* AddressBook.framework */ = {isa = PBXFileReference; lastKnownFileType = wrapper.framework; name = AddressBook.framework; path = /System/Library/Frameworks/AddressBook.framework; sourceTree = "<absolute>"; };
		3786DAFD0FF7C86D000CBC6A /* InstantMessage.framework */ = {isa = PBXFileReference; lastKnownFileType = wrapper.framework; name = InstantMessage.framework; path = /System/Library/Frameworks/InstantMessage.framework; sourceTree = "<absolute>"; };
		3786DB3B0FF7CA81000CBC6A /* Quartz.framework */ = {isa = PBXFileReference; lastKnownFileType = wrapper.framework; name = Quartz.framework; path = /System/Library/Frameworks/Quartz.framework; sourceTree = "<absolute>"; };
		3786DB520FF7CCAC000CBC6A /* WebKit.framework */ = {isa = PBXFileReference; lastKnownFileType = wrapper.framework; name = WebKit.framework; path = /System/Library/Frameworks/WebKit.framework; sourceTree = "<absolute>"; };
		3786DB5B0FF7CCFD000CBC6A /* IMCore.h */ = {isa = PBXFileReference; fileEncoding = 4; lastKnownFileType = sourcecode.c.h; path = IMCore.h; sourceTree = "<group>"; };
		3786DB630FF7CD34000CBC6A /* IMFoundation.h */ = {isa = PBXFileReference; fileEncoding = 4; lastKnownFileType = sourcecode.c.h; path = IMFoundation.h; sourceTree = "<group>"; };
		3786DB900FF7CFAE000CBC6A /* QuickLook.framework */ = {isa = PBXFileReference; lastKnownFileType = wrapper.framework; name = QuickLook.framework; path = /System/Library/Frameworks/QuickLook.framework; sourceTree = "<absolute>"; };
		3786DBA40FF7D013000CBC6A /* NSPreferences.h */ = {isa = PBXFileReference; fileEncoding = 4; lastKnownFileType = sourcecode.c.h; path = NSPreferences.h; sourceTree = "<group>"; };
		3786DBC10FF7D189000CBC6A /* Chax_PeopleList.h */ = {isa = PBXFileReference; fileEncoding = 4; lastKnownFileType = sourcecode.c.h; name = Chax_PeopleList.h; path = Swizzled/Chax_PeopleList.h; sourceTree = "<group>"; };
		3786DBC20FF7D189000CBC6A /* Chax_PeopleList.m */ = {isa = PBXFileReference; fileEncoding = 4; lastKnownFileType = sourcecode.c.objc; name = Chax_PeopleList.m; path = Swizzled/Chax_PeopleList.m; sourceTree = "<group>"; };
		378D4FA7101E6FE300176B47 /* Growl.framework */ = {isa = PBXFileReference; lastKnownFileType = wrapper.framework; name = Growl.framework; path = Frameworks/Growl.framework; sourceTree = "<group>"; };
		378D4FF1101E722B00176B47 /* StatusChangeController.h */ = {isa = PBXFileReference; fileEncoding = 4; lastKnownFileType = sourcecode.c.h; path = StatusChangeController.h; sourceTree = "<group>"; };
		378D4FF2101E722B00176B47 /* StatusChangeController.m */ = {isa = PBXFileReference; fileEncoding = 4; lastKnownFileType = sourcecode.c.objc; path = StatusChangeController.m; sourceTree = "<group>"; };
		37AFBC1F1031125B001AA056 /* LogViewerController.h */ = {isa = PBXFileReference; fileEncoding = 4; lastKnownFileType = sourcecode.c.h; path = LogViewerController.h; sourceTree = "<group>"; };
		37AFBC201031125B001AA056 /* LogViewerController.m */ = {isa = PBXFileReference; fileEncoding = 4; lastKnownFileType = sourcecode.c.objc; path = LogViewerController.m; sourceTree = "<group>"; };
		37AFBC26103112EB001AA056 /* English */ = {isa = PBXFileReference; lastKnownFileType = file.xib; name = English; path = English.lproj/LogViewer.xib; sourceTree = "<group>"; };
		37AFBC4F1031144B001AA056 /* RegexKitLite.h */ = {isa = PBXFileReference; fileEncoding = 4; lastKnownFileType = sourcecode.c.h; name = RegexKitLite.h; path = RegexKitLite/RegexKitLite.h; sourceTree = "<group>"; };
		37AFBC501031144B001AA056 /* RegexKitLite.m */ = {isa = PBXFileReference; fileEncoding = 4; lastKnownFileType = sourcecode.c.objc; name = RegexKitLite.m; path = RegexKitLite/RegexKitLite.m; sourceTree = "<group>"; };
		37AFBC6110311458001AA056 /* libicucore.dylib */ = {isa = PBXFileReference; lastKnownFileType = "compiled.mach-o.dylib"; name = libicucore.dylib; path = /usr/lib/libicucore.dylib; sourceTree = "<absolute>"; };
		37BCAA571041A2E40088A681 /* NSArrayAdditions.h */ = {isa = PBXFileReference; fileEncoding = 4; lastKnownFileType = sourcecode.c.h; path = NSArrayAdditions.h; sourceTree = "<group>"; };
		37BCAA581041A2E40088A681 /* NSArrayAdditions.m */ = {isa = PBXFileReference; fileEncoding = 4; lastKnownFileType = sourcecode.c.objc; path = NSArrayAdditions.m; sourceTree = "<group>"; };
		37BFF35F0FF7D37200B54CF0 /* ChaxLib-Info.plist */ = {isa = PBXFileReference; lastKnownFileType = text.plist.xml; path = "ChaxLib-Info.plist"; sourceTree = "<group>"; };
		37D0E26A104612C1009C42DA /* DonateWindowController.h */ = {isa = PBXFileReference; fileEncoding = 4; lastKnownFileType = sourcecode.c.h; name = DonateWindowController.h; path = "../Chax 10.5/DonateWindowController.h"; sourceTree = "<group>"; };
		37D0E26B104612C1009C42DA /* DonateWindowController.m */ = {isa = PBXFileReference; fileEncoding = 4; lastKnownFileType = sourcecode.c.objc; name = DonateWindowController.m; path = "../Chax 10.5/DonateWindowController.m"; sourceTree = "<group>"; };
		37D0E2861046133B009C42DA /* English */ = {isa = PBXFileReference; lastKnownFileType = file.xib; name = English; path = English.lproj/Donate.xib; sourceTree = "<group>"; };
		37D1F4AC1022591F006F0D8C /* Chax_Account.h */ = {isa = PBXFileReference; fileEncoding = 4; lastKnownFileType = sourcecode.c.h; path = Chax_Account.h; sourceTree = "<group>"; };
		37D1F4AD1022591F006F0D8C /* Chax_Account.m */ = {isa = PBXFileReference; fileEncoding = 4; lastKnownFileType = sourcecode.c.objc; path = Chax_Account.m; sourceTree = "<group>"; };
		37D5BBB7103B679B00EE8A49 /* English */ = {isa = PBXFileReference; lastKnownFileType = file.xib; name = English; path = English.lproj/Preferences.xib; sourceTree = "<group>"; };
		37D5BBEA103C6C0100EE8A49 /* ChaxDefaults.h */ = {isa = PBXFileReference; fileEncoding = 4; lastKnownFileType = sourcecode.c.h; path = ChaxDefaults.h; sourceTree = "<group>"; };
		37D5BBEB103C6C0100EE8A49 /* ChaxDefaults.m */ = {isa = PBXFileReference; fileEncoding = 4; lastKnownFileType = sourcecode.c.objc; path = ChaxDefaults.m; sourceTree = "<group>"; };
		37D5C4F4103D064700EE8A49 /* URLTextView.h */ = {isa = PBXFileReference; fileEncoding = 4; lastKnownFileType = sourcecode.c.h; path = URLTextView.h; sourceTree = "<group>"; };
		37D5C4F5103D064700EE8A49 /* URLTextView.m */ = {isa = PBXFileReference; fileEncoding = 4; lastKnownFileType = sourcecode.c.objc; path = URLTextView.m; sourceTree = "<group>"; };
		37D5C520103D0D1500EE8A49 /* ChaxPrefsView.h */ = {isa = PBXFileReference; fileEncoding = 4; lastKnownFileType = sourcecode.c.h; path = ChaxPrefsView.h; sourceTree = "<group>"; };
		37D5C521103D0D1500EE8A49 /* ChaxPrefsView.m */ = {isa = PBXFileReference; fileEncoding = 4; lastKnownFileType = sourcecode.c.objc; path = ChaxPrefsView.m; sourceTree = "<group>"; };
		37D5C5AF103D149300EE8A49 /* DockIconController.h */ = {isa = PBXFileReference; fileEncoding = 4; lastKnownFileType = sourcecode.c.h; path = DockIconController.h; sourceTree = "<group>"; };
		37D5C5B0103D149300EE8A49 /* DockIconController.m */ = {isa = PBXFileReference; fileEncoding = 4; lastKnownFileType = sourcecode.c.objc; path = DockIconController.m; sourceTree = "<group>"; };
		37D5C5B3103D14A600EE8A49 /* ChaxDockView.h */ = {isa = PBXFileReference; fileEncoding = 4; lastKnownFileType = sourcecode.c.h; path = ChaxDockView.h; sourceTree = "<group>"; };
		37D5C5B4103D14A600EE8A49 /* ChaxDockView.m */ = {isa = PBXFileReference; fileEncoding = 4; lastKnownFileType = sourcecode.c.objc; path = ChaxDockView.m; sourceTree = "<group>"; };
		37D5C5C9103D151600EE8A49 /* Chax_Chat.h */ = {isa = PBXFileReference; fileEncoding = 4; lastKnownFileType = sourcecode.c.h; path = Chax_Chat.h; sourceTree = "<group>"; };
		37D5C5CA103D151600EE8A49 /* Chax_Chat.m */ = {isa = PBXFileReference; fileEncoding = 4; lastKnownFileType = sourcecode.c.objc; path = Chax_Chat.m; sourceTree = "<group>"; };
		37D5C5D9103D157F00EE8A49 /* Chax_ChatDOMView.h */ = {isa = PBXFileReference; fileEncoding = 4; lastKnownFileType = sourcecode.c.h; path = Chax_ChatDOMView.h; sourceTree = "<group>"; };
		37D5C5DA103D157F00EE8A49 /* Chax_ChatDOMView.m */ = {isa = PBXFileReference; fileEncoding = 4; lastKnownFileType = sourcecode.c.objc; path = Chax_ChatDOMView.m; sourceTree = "<group>"; };
		37E49120104C688100DA1B09 /* Chax_IMDaemonController.h */ = {isa = PBXFileReference; fileEncoding = 4; lastKnownFileType = sourcecode.c.h; path = Chax_IMDaemonController.h; sourceTree = "<group>"; };
		37E49121104C688100DA1B09 /* Chax_IMDaemonController.m */ = {isa = PBXFileReference; fileEncoding = 4; lastKnownFileType = sourcecode.c.objc; path = Chax_IMDaemonController.m; sourceTree = "<group>"; };
		37E4915A104C6DF300DA1B09 /* ChaxAgentLib.dylib */ = {isa = PBXFileReference; explicitFileType = "compiled.mach-o.dylib"; includeInIndex = 0; path = ChaxAgentLib.dylib; sourceTree = BUILT_PRODUCTS_DIR; };
		37E49176104C6E3400DA1B09 /* URLToIChatApp.m */ = {isa = PBXFileReference; fileEncoding = 4; lastKnownFileType = sourcecode.c.objc; path = URLToIChatApp.m; sourceTree = "<group>"; };
		37F29A941043AB70005460A5 /* CameraSnapshotController.h */ = {isa = PBXFileReference; fileEncoding = 4; lastKnownFileType = sourcecode.c.h; path = CameraSnapshotController.h; sourceTree = "<group>"; };
		37F29A951043AB70005460A5 /* CameraSnapshotController.m */ = {isa = PBXFileReference; fileEncoding = 4; lastKnownFileType = sourcecode.c.objc; path = CameraSnapshotController.m; sourceTree = "<group>"; };
		37F29A9E1043ABB1005460A5 /* English */ = {isa = PBXFileReference; lastKnownFileType = file.xib; name = English; path = English.lproj/CameraSnapshot.xib; sourceTree = "<group>"; };
		37F29AAC1043AC82005460A5 /* Chax_ChatWindowController.h */ = {isa = PBXFileReference; fileEncoding = 4; lastKnownFileType = sourcecode.c.h; path = Chax_ChatWindowController.h; sourceTree = "<group>"; };
		37F29AAD1043AC82005460A5 /* Chax_ChatWindowController.m */ = {isa = PBXFileReference; fileEncoding = 4; lastKnownFileType = sourcecode.c.objc; path = Chax_ChatWindowController.m; sourceTree = "<group>"; };
		37F437E81049B232007F8638 /* AutoAcceptPrefsWindowController.h */ = {isa = PBXFileReference; fileEncoding = 4; lastKnownFileType = sourcecode.c.h; path = AutoAcceptPrefsWindowController.h; sourceTree = "<group>"; };
		37F437E91049B232007F8638 /* AutoAcceptPrefsWindowController.m */ = {isa = PBXFileReference; fileEncoding = 4; lastKnownFileType = sourcecode.c.objc; path = AutoAcceptPrefsWindowController.m; sourceTree = "<group>"; };
		37F4388C1049BBC3007F8638 /* Chax_IMFileTransferCenter.h */ = {isa = PBXFileReference; fileEncoding = 4; lastKnownFileType = sourcecode.c.h; path = Chax_IMFileTransferCenter.h; sourceTree = "<group>"; };
		37F4388D1049BBC3007F8638 /* Chax_IMFileTransferCenter.m */ = {isa = PBXFileReference; fileEncoding = 4; lastKnownFileType = sourcecode.c.objc; path = Chax_IMFileTransferCenter.m; sourceTree = "<group>"; };
		37F438B11049C0FB007F8638 /* Chax_AVChatController.h */ = {isa = PBXFileReference; fileEncoding = 4; lastKnownFileType = sourcecode.c.h; path = Chax_AVChatController.h; sourceTree = "<group>"; };
		37F438B21049C0FB007F8638 /* Chax_AVChatController.m */ = {isa = PBXFileReference; fileEncoding = 4; lastKnownFileType = sourcecode.c.objc; path = Chax_AVChatController.m; sourceTree = "<group>"; };
		37F438D91049C5BA007F8638 /* ActivityModel.xcdatamodel */ = {isa = PBXFileReference; fileEncoding = 4; lastKnownFileType = wrapper.xcdatamodel; path = ActivityModel.xcdatamodel; sourceTree = "<group>"; };
		37F438DA1049C5BA007F8638 /* ActivityWindowController.h */ = {isa = PBXFileReference; fileEncoding = 4; lastKnownFileType = sourcecode.c.h; path = ActivityWindowController.h; sourceTree = "<group>"; };
		37F438DB1049C5BA007F8638 /* ActivityWindowController.m */ = {isa = PBXFileReference; fileEncoding = 4; lastKnownFileType = sourcecode.c.objc; path = ActivityWindowController.m; sourceTree = "<group>"; };
		37F438DC1049C5BA007F8638 /* ActivityStatusCell.h */ = {isa = PBXFileReference; fileEncoding = 4; lastKnownFileType = sourcecode.c.h; path = ActivityStatusCell.h; sourceTree = "<group>"; };
		37F438DD1049C5BA007F8638 /* ActivityStatusCell.m */ = {isa = PBXFileReference; fileEncoding = 4; lastKnownFileType = sourcecode.c.objc; path = ActivityStatusCell.m; sourceTree = "<group>"; };
		37F438DE1049C5BA007F8638 /* ActivityDateFormatter.h */ = {isa = PBXFileReference; fileEncoding = 4; lastKnownFileType = sourcecode.c.h; path = ActivityDateFormatter.h; sourceTree = "<group>"; };
		37F438DF1049C5BA007F8638 /* ActivityDateFormatter.m */ = {isa = PBXFileReference; fileEncoding = 4; lastKnownFileType = sourcecode.c.objc; path = ActivityDateFormatter.m; sourceTree = "<group>"; };
		37F438E01049C5BA007F8638 /* ActivityTableView.h */ = {isa = PBXFileReference; fileEncoding = 4; lastKnownFileType = sourcecode.c.h; path = ActivityTableView.h; sourceTree = "<group>"; };
		37F438E11049C5BA007F8638 /* ActivityTableView.m */ = {isa = PBXFileReference; fileEncoding = 4; lastKnownFileType = sourcecode.c.objc; path = ActivityTableView.m; sourceTree = "<group>"; };
		37F4391B1049C693007F8638 /* English */ = {isa = PBXFileReference; lastKnownFileType = file.xib; name = English; path = English.lproj/ActivityWindow.xib; sourceTree = "<group>"; };
		37F4398C1049C9D5007F8638 /* status-offline.tiff */ = {isa = PBXFileReference; lastKnownFileType = image.tiff; path = "status-offline.tiff"; sourceTree = "<group>"; };
		37F43A361049D622007F8638 /* Chax_ActionsControllerHandler.h */ = {isa = PBXFileReference; fileEncoding = 4; lastKnownFileType = sourcecode.c.h; path = Chax_ActionsControllerHandler.h; sourceTree = "<group>"; };
		37F43A371049D622007F8638 /* Chax_ActionsControllerHandler.m */ = {isa = PBXFileReference; fileEncoding = 4; lastKnownFileType = sourcecode.c.objc; path = Chax_ActionsControllerHandler.m; sourceTree = "<group>"; };
		37F43A551049D730007F8638 /* Chax_ChatNotifier.h */ = {isa = PBXFileReference; fileEncoding = 4; lastKnownFileType = sourcecode.c.h; path = Chax_ChatNotifier.h; sourceTree = "<group>"; };
		37F43A561049D730007F8638 /* Chax_ChatNotifier.m */ = {isa = PBXFileReference; fileEncoding = 4; lastKnownFileType = sourcecode.c.objc; path = Chax_ChatNotifier.m; sourceTree = "<group>"; };
		8D1107310486CEB800E47090 /* Chax-Info.plist */ = {isa = PBXFileReference; fileEncoding = 4; lastKnownFileType = text.plist.xml; path = "Chax-Info.plist"; sourceTree = "<group>"; };
		8D1107320486CEB800E47090 /* Chax.app */ = {isa = PBXFileReference; explicitFileType = wrapper.application; includeInIndex = 0; path = Chax.app; sourceTree = BUILT_PRODUCTS_DIR; };
/* End PBXFileReference section */

/* Begin PBXFrameworksBuildPhase section */
		3786DA3B0FF7C21B000CBC6A /* Frameworks */ = {
			isa = PBXFrameworksBuildPhase;
			buildActionMask = 2147483647;
			files = (
				3786DB040FF7C874000CBC6A /* AddressBook.framework in Frameworks */,
				3786DB050FF7C874000CBC6A /* InstantMessage.framework in Frameworks */,
				3786DB400FF7CA86000CBC6A /* Quartz.framework in Frameworks */,
				3786DB940FF7CFB3000CBC6A /* QuickLook.framework in Frameworks */,
				3786DB570FF7CCB1000CBC6A /* WebKit.framework in Frameworks */,
				3786DA510FF7C2B3000CBC6A /* Cocoa.framework in Frameworks */,
				37AFBC6210311458001AA056 /* libicucore.dylib in Frameworks */,
				3710F5B310425E6900EAD72D /* Sparkle.framework in Frameworks */,
			);
			runOnlyForDeploymentPostprocessing = 0;
		};
		37E49158104C6DF300DA1B09 /* Frameworks */ = {
			isa = PBXFrameworksBuildPhase;
			buildActionMask = 2147483647;
			files = (
				37E49164104C6E0700DA1B09 /* Cocoa.framework in Frameworks */,
			);
			runOnlyForDeploymentPostprocessing = 0;
		};
		8D11072E0486CEB800E47090 /* Frameworks */ = {
			isa = PBXFrameworksBuildPhase;
			buildActionMask = 2147483647;
			files = (
				8D11072F0486CEB800E47090 /* Cocoa.framework in Frameworks */,
			);
			runOnlyForDeploymentPostprocessing = 0;
		};
/* End PBXFrameworksBuildPhase section */

/* Begin PBXGroup section */
		080E96DDFE201D6D7F000001 /* ChaxLib */ = {
			isa = PBXGroup;
			children = (
				3786DA930FF7C41F000CBC6A /* Chax.h */,
				3786DA940FF7C41F000CBC6A /* Chax.m */,
				37F438D81049C5BA007F8638 /* Activity Window */,
				371A8739103B661C003EC364 /* Preferences */,
				378D4FE7101E717B00176B47 /* Status Changes (Growl) */,
				37D5C5AC103D148200EE8A49 /* Dock Icon */,
				37AFBC1E10311253001AA056 /* Log Viewer */,
				37F29A931043AB70005460A5 /* Camera Snapshot */,
				3776F5A7101CF77D009D87B6 /* Unified Contact List */,
				37D0E269104612B8009C42DA /* Donate Window */,
				3786DA540FF7C2E0000CBC6A /* Swizzled Classes */,
				3786DA420FF7C268000CBC6A /* Other Sources */,
			);
			name = ChaxLib;
			sourceTree = "<group>";
		};
		1058C7A0FEA54F0111CA2CBB /* Linked Frameworks */ = {
			isa = PBXGroup;
			children = (
				378D4FA7101E6FE300176B47 /* Growl.framework */,
				3710F5B210425E6900EAD72D /* Sparkle.framework */,
				1058C7A1FEA54F0111CA2CBB /* Cocoa.framework */,
				3786DAFB0FF7C86D000CBC6A /* AddressBook.framework */,
				3786DAFD0FF7C86D000CBC6A /* InstantMessage.framework */,
				3786DB3B0FF7CA81000CBC6A /* Quartz.framework */,
				3786DB520FF7CCAC000CBC6A /* WebKit.framework */,
				3786DB900FF7CFAE000CBC6A /* QuickLook.framework */,
				37AFBC6110311458001AA056 /* libicucore.dylib */,
			);
			name = "Linked Frameworks";
			sourceTree = "<group>";
		};
		1058C7A2FEA54F0111CA2CBB /* Other Frameworks */ = {
			isa = PBXGroup;
			children = (
				29B97324FDCFA39411CA2CEA /* AppKit.framework */,
				13E42FB307B3F0F600E4EEF1 /* CoreData.framework */,
				29B97325FDCFA39411CA2CEA /* Foundation.framework */,
			);
			name = "Other Frameworks";
			sourceTree = "<group>";
		};
		19C28FACFE9D520D11CA2CBB /* Products */ = {
			isa = PBXGroup;
			children = (
				8D1107320486CEB800E47090 /* Chax.app */,
				3786DA3D0FF7C21B000CBC6A /* ChaxLib.dylib */,
				37E4915A104C6DF300DA1B09 /* ChaxAgentLib.dylib */,
			);
			name = Products;
			sourceTree = "<group>";
		};
		29B97314FDCFA39411CA2CEA /* Chax */ = {
			isa = PBXGroup;
			children = (
				080E96DDFE201D6D7F000001 /* ChaxLib */,
				37E49165104C6E1100DA1B09 /* ChaxAgentLib */,
				29B97315FDCFA39411CA2CEA /* Other Sources */,
				29B97317FDCFA39411CA2CEA /* Resources */,
				29B97323FDCFA39411CA2CEA /* Frameworks */,
				19C28FACFE9D520D11CA2CBB /* Products */,
			);
			name = Chax;
			sourceTree = "<group>";
		};
		29B97315FDCFA39411CA2CEA /* Other Sources */ = {
			isa = PBXGroup;
			children = (
				256AC3F00F4B6AF500CF3369 /* Chax_Prefix.pch */,
				29B97316FDCFA39411CA2CEA /* main.m */,
			);
			name = "Other Sources";
			sourceTree = "<group>";
		};
		29B97317FDCFA39411CA2CEA /* Resources */ = {
			isa = PBXGroup;
			children = (
				37D5BBB6103B679B00EE8A49 /* Preferences.xib */,
				37AFBC25103112EB001AA056 /* LogViewer.xib */,
				37F4391A1049C693007F8638 /* ActivityWindow.xib */,
				37F29A9D1043ABB1005460A5 /* CameraSnapshot.xib */,
				37D0E2851046133B009C42DA /* Donate.xib */,
				3786DA1F0FF7C0A8000CBC6A /* Chax.icns */,
				3786DAC10FF7C5AD000CBC6A /* menu-badge.tiff */,
				37F4398C1049C9D5007F8638 /* status-offline.tiff */,
				8D1107310486CEB800E47090 /* Chax-Info.plist */,
				37BFF35F0FF7D37200B54CF0 /* ChaxLib-Info.plist */,
				089C165CFE840E0CC02AAC07 /* InfoPlist.strings */,
				3786DAA20FF7C513000CBC6A /* Localizable.strings */,
				3710F5DF104260E400EAD72D /* dsa_pub.pem */,
			);
			name = Resources;
			sourceTree = "<group>";
		};
		29B97323FDCFA39411CA2CEA /* Frameworks */ = {
			isa = PBXGroup;
			children = (
				1058C7A0FEA54F0111CA2CBB /* Linked Frameworks */,
				1058C7A2FEA54F0111CA2CBB /* Other Frameworks */,
			);
			name = Frameworks;
			sourceTree = "<group>";
		};
		371A8739103B661C003EC364 /* Preferences */ = {
			isa = PBXGroup;
			children = (
				37F437E81049B232007F8638 /* AutoAcceptPrefsWindowController.h */,
				37F437E91049B232007F8638 /* AutoAcceptPrefsWindowController.m */,
				371A873B103B6629003EC364 /* Prefs_Chax.h */,
				371A873C103B6629003EC364 /* Prefs_Chax.m */,
				37D5BBEA103C6C0100EE8A49 /* ChaxDefaults.h */,
				37D5BBEB103C6C0100EE8A49 /* ChaxDefaults.m */,
				37D5C520103D0D1500EE8A49 /* ChaxPrefsView.h */,
				37D5C521103D0D1500EE8A49 /* ChaxPrefsView.m */,
				37D5C4F4103D064700EE8A49 /* URLTextView.h */,
				37D5C4F5103D064700EE8A49 /* URLTextView.m */,
			);
			name = Preferences;
			sourceTree = "<group>";
		};
		3776F5A7101CF77D009D87B6 /* Unified Contact List */ = {
			isa = PBXGroup;
			children = (
				3776F5A9101CF798009D87B6 /* UnifiedAccount.h */,
				3776F5AA101CF798009D87B6 /* UnifiedAccount.m */,
				3776F5AB101CF798009D87B6 /* UnifiedPeopleListController_Provider.h */,
				3776F5AC101CF798009D87B6 /* UnifiedPeopleListController_Provider.m */,
			);
			name = "Unified Contact List";
			sourceTree = "<group>";
		};
		3786DA420FF7C268000CBC6A /* Other Sources */ = {
			isa = PBXGroup;
			children = (
				3786DADF0FF7C757000CBC6A /* iChat5.h */,
				3786DB5B0FF7CCFD000CBC6A /* IMCore.h */,
				3786DB630FF7CD34000CBC6A /* IMFoundation.h */,
				3786DBA40FF7D013000CBC6A /* NSPreferences.h */,
				3786DA430FF7C271000CBC6A /* MethodSwizzle.h */,
				3786DA440FF7C271000CBC6A /* MethodSwizzle.m */,
				371BA4BA101134CC00CF88C0 /* BundleUtilities.h */,
				371BA4BB101134CC00CF88C0 /* BundleUtilities.m */,
				37BCAA571041A2E40088A681 /* NSArrayAdditions.h */,
				37BCAA581041A2E40088A681 /* NSArrayAdditions.m */,
				37AFBC4E10311444001AA056 /* RegexKit */,
			);
			name = "Other Sources";
			sourceTree = "<group>";
		};
		3786DA540FF7C2E0000CBC6A /* Swizzled Classes */ = {
			isa = PBXGroup;
			children = (
				37D1F4AC1022591F006F0D8C /* Chax_Account.h */,
				37D1F4AD1022591F006F0D8C /* Chax_Account.m */,
				37F43A361049D622007F8638 /* Chax_ActionsControllerHandler.h */,
				37F43A371049D622007F8638 /* Chax_ActionsControllerHandler.m */,
				3776F58C101CF589009D87B6 /* Chax_AnimatingTableView.h */,
				3776F58D101CF589009D87B6 /* Chax_AnimatingTableView.m */,
				37F438B11049C0FB007F8638 /* Chax_AVChatController.h */,
				37F438B21049C0FB007F8638 /* Chax_AVChatController.m */,
				37D5C5C9103D151600EE8A49 /* Chax_Chat.h */,
				37D5C5CA103D151600EE8A49 /* Chax_Chat.m */,
				37D5C5D9103D157F00EE8A49 /* Chax_ChatDOMView.h */,
				37D5C5DA103D157F00EE8A49 /* Chax_ChatDOMView.m */,
				372D8A6410478E2A005E2F5F /* Chax_ChatInputLine.h */,
				372D8A6510478E2A005E2F5F /* Chax_ChatInputLine.m */,
				37F43A551049D730007F8638 /* Chax_ChatNotifier.h */,
				37F43A561049D730007F8638 /* Chax_ChatNotifier.m */,
				37F29AAC1043AC82005460A5 /* Chax_ChatWindowController.h */,
				37F29AAD1043AC82005460A5 /* Chax_ChatWindowController.m */,
				3776F9AF101D10E3009D87B6 /* Chax_Fezz.h */,
				3776F9B0101D10E3009D87B6 /* Chax_Fezz.m */,
				371A8732103B65C9003EC364 /* Chax_FezPreferences.h */,
				371A8733103B65C9003EC364 /* Chax_FezPreferences.m */,
				37E49120104C688100DA1B09 /* Chax_IMDaemonController.h */,
				37E49121104C688100DA1B09 /* Chax_IMDaemonController.m */,
				37F4388C1049BBC3007F8638 /* Chax_IMFileTransferCenter.h */,
				37F4388D1049BBC3007F8638 /* Chax_IMFileTransferCenter.m */,
				3776F63A101CFC35009D87B6 /* Chax_IMPeople.h */,
				3776F63B101CFC35009D87B6 /* Chax_IMPeople.m */,
				37018C0C1044997300C7C798 /* Chax_FileTransferManager.h */,
				37018C0D1044997300C7C798 /* Chax_FileTransferManager.m */,
				3786DA550FF7C2F3000CBC6A /* Chax_NSDockTile.h */,
				3786DA560FF7C2F3000CBC6A /* Chax_NSDockTile.m */,
				3786DBC10FF7D189000CBC6A /* Chax_PeopleList.h */,
				3786DBC20FF7D189000CBC6A /* Chax_PeopleList.m */,
				3786DAE00FF7C778000CBC6A /* Chax_PeopleListController.h */,
				3786DAE10FF7C778000CBC6A /* Chax_PeopleListController.m */,
				370189881044504500C7C798 /* Chax_PeopleListControllerWindow.h */,
				370189891044504500C7C798 /* Chax_PeopleListControllerWindow.m */,
				3701897E10444F9600C7C798 /* Chax_SecureWindow.h */,
				3701897F10444F9600C7C798 /* Chax_SecureWindow.m */,
			);
			name = "Swizzled Classes";
			sourceTree = "<group>";
		};
		378D4FE7101E717B00176B47 /* Status Changes (Growl) */ = {
			isa = PBXGroup;
			children = (
				378D4FF1101E722B00176B47 /* StatusChangeController.h */,
				378D4FF2101E722B00176B47 /* StatusChangeController.m */,
			);
			name = "Status Changes (Growl)";
			sourceTree = "<group>";
		};
		37AFBC1E10311253001AA056 /* Log Viewer */ = {
			isa = PBXGroup;
			children = (
				37AFBC1F1031125B001AA056 /* LogViewerController.h */,
				37AFBC201031125B001AA056 /* LogViewerController.m */,
			);
			name = "Log Viewer";
			sourceTree = "<group>";
		};
		37AFBC4E10311444001AA056 /* RegexKit */ = {
			isa = PBXGroup;
			children = (
				37AFBC4F1031144B001AA056 /* RegexKitLite.h */,
				37AFBC501031144B001AA056 /* RegexKitLite.m */,
			);
			name = RegexKit;
			sourceTree = "<group>";
		};
		37D0E269104612B8009C42DA /* Donate Window */ = {
			isa = PBXGroup;
			children = (
				37D0E26A104612C1009C42DA /* DonateWindowController.h */,
				37D0E26B104612C1009C42DA /* DonateWindowController.m */,
			);
			name = "Donate Window";
			sourceTree = "<group>";
		};
		37D5C5AC103D148200EE8A49 /* Dock Icon */ = {
			isa = PBXGroup;
			children = (
				37D5C5AF103D149300EE8A49 /* DockIconController.h */,
				37D5C5B0103D149300EE8A49 /* DockIconController.m */,
				37D5C5B3103D14A600EE8A49 /* ChaxDockView.h */,
				37D5C5B4103D14A600EE8A49 /* ChaxDockView.m */,
			);
			name = "Dock Icon";
			sourceTree = "<group>";
		};
		37E49165104C6E1100DA1B09 /* ChaxAgentLib */ = {
			isa = PBXGroup;
			children = (
				37E49176104C6E3400DA1B09 /* URLToIChatApp.m */,
			);
			name = ChaxAgentLib;
			sourceTree = "<group>";
		};
		37F29A931043AB70005460A5 /* Camera Snapshot */ = {
			isa = PBXGroup;
			children = (
				37F29A941043AB70005460A5 /* CameraSnapshotController.h */,
				37F29A951043AB70005460A5 /* CameraSnapshotController.m */,
			);
			name = "Camera Snapshot";
			sourceTree = "<group>";
		};
		37F438D81049C5BA007F8638 /* Activity Window */ = {
			isa = PBXGroup;
			children = (
				37F438D91049C5BA007F8638 /* ActivityModel.xcdatamodel */,
				37F438DA1049C5BA007F8638 /* ActivityWindowController.h */,
				37F438DB1049C5BA007F8638 /* ActivityWindowController.m */,
				37F438DC1049C5BA007F8638 /* ActivityStatusCell.h */,
				37F438DD1049C5BA007F8638 /* ActivityStatusCell.m */,
				37F438DE1049C5BA007F8638 /* ActivityDateFormatter.h */,
				37F438DF1049C5BA007F8638 /* ActivityDateFormatter.m */,
				37F438E01049C5BA007F8638 /* ActivityTableView.h */,
				37F438E11049C5BA007F8638 /* ActivityTableView.m */,
			);
			name = "Activity Window";
			sourceTree = "<group>";
		};
/* End PBXGroup section */

/* Begin PBXNativeTarget section */
		3786DA3C0FF7C21B000CBC6A /* ChaxLib */ = {
			isa = PBXNativeTarget;
			buildConfigurationList = 3786DA400FF7C24D000CBC6A /* Build configuration list for PBXNativeTarget "ChaxLib" */;
			buildPhases = (
				3786DA3A0FF7C21B000CBC6A /* Sources */,
				3786DA3B0FF7C21B000CBC6A /* Frameworks */,
			);
			buildRules = (
			);
			dependencies = (
			);
			name = ChaxLib;
			productName = "Chax dylib";
			productReference = 3786DA3D0FF7C21B000CBC6A /* ChaxLib.dylib */;
			productType = "com.apple.product-type.library.dynamic";
		};
		37E49159104C6DF300DA1B09 /* ChaxAgentLib */ = {
			isa = PBXNativeTarget;
			buildConfigurationList = 37E49166104C6E1100DA1B09 /* Build configuration list for PBXNativeTarget "ChaxAgentLib" */;
			buildPhases = (
				37E49157104C6DF300DA1B09 /* Sources */,
				37E49158104C6DF300DA1B09 /* Frameworks */,
			);
			buildRules = (
			);
			dependencies = (
			);
			name = ChaxAgentLib;
			productName = ChaxAgentLib;
			productReference = 37E4915A104C6DF300DA1B09 /* ChaxAgentLib.dylib */;
			productType = "com.apple.product-type.library.dynamic";
		};
		8D1107260486CEB800E47090 /* Chax */ = {
			isa = PBXNativeTarget;
			buildConfigurationList = C01FCF4A08A954540054247B /* Build configuration list for PBXNativeTarget "Chax" */;
			buildPhases = (
				8D1107290486CEB800E47090 /* Resources */,
				378D4FB6101E700A00176B47 /* Copy Frameworks */,
				8D11072C0486CEB800E47090 /* Sources */,
				8D11072E0486CEB800E47090 /* Frameworks */,
			);
			buildRules = (
			);
			dependencies = (
				3786DA490FF7C283000CBC6A /* PBXTargetDependency */,
				37E4915E104C6DFA00DA1B09 /* PBXTargetDependency */,
			);
			name = Chax;
			productInstallPath = "$(HOME)/Applications";
			productName = Chax;
			productReference = 8D1107320486CEB800E47090 /* Chax.app */;
			productType = "com.apple.product-type.application";
		};
/* End PBXNativeTarget section */

/* Begin PBXProject section */
		29B97313FDCFA39411CA2CEA /* Project object */ = {
			isa = PBXProject;
			buildConfigurationList = C01FCF4E08A954540054247B /* Build configuration list for PBXProject "Chax" */;
			compatibilityVersion = "Xcode 3.1";
			hasScannedForEncodings = 1;
			mainGroup = 29B97314FDCFA39411CA2CEA /* Chax */;
			projectDirPath = "";
			projectRoot = "";
			targets = (
				3784D28010473F2000B56C81 /* Build Disk Image */,
				8D1107260486CEB800E47090 /* Chax */,
				3786DA3C0FF7C21B000CBC6A /* ChaxLib */,
				37E49159104C6DF300DA1B09 /* ChaxAgentLib */,
			);
		};
/* End PBXProject section */

/* Begin PBXResourcesBuildPhase section */
		8D1107290486CEB800E47090 /* Resources */ = {
			isa = PBXResourcesBuildPhase;
			buildActionMask = 2147483647;
			files = (
				3786DA470FF7C281000CBC6A /* ChaxLib.dylib in Resources */,
				37E4919D104C6FF700DA1B09 /* ChaxAgentLib.dylib in Resources */,
				8D11072B0486CEB800E47090 /* InfoPlist.strings in Resources */,
				3786DA200FF7C0A8000CBC6A /* Chax.icns in Resources */,
				3786DAA40FF7C513000CBC6A /* Localizable.strings in Resources */,
				3786DAC20FF7C5AD000CBC6A /* menu-badge.tiff in Resources */,
				3710F5E0104260E400EAD72D /* dsa_pub.pem in Resources */,
				37D5BBB8103B679B00EE8A49 /* Preferences.xib in Resources */,
				37AFBC27103112EB001AA056 /* LogViewer.xib in Resources */,
				37F29A9F1043ABB1005460A5 /* CameraSnapshot.xib in Resources */,
				37D0E2871046133B009C42DA /* Donate.xib in Resources */,
				37F4391C1049C693007F8638 /* ActivityWindow.xib in Resources */,
				37F4398D1049C9D5007F8638 /* status-offline.tiff in Resources */,
			);
			runOnlyForDeploymentPostprocessing = 0;
		};
/* End PBXResourcesBuildPhase section */

/* Begin PBXShellScriptBuildPhase section */
		3784D28F10473F3400B56C81 /* ShellScript */ = {
			isa = PBXShellScriptBuildPhase;
			buildActionMask = 2147483647;
			files = (
			);
			inputPaths = (
			);
			outputPaths = (
			);
			runOnlyForDeploymentPostprocessing = 0;
			shellPath = /bin/sh;
			shellScript = "$PROJECT_DIR/dist/build_dmg.py --name Chax.app --icon-position \"{227, 110}\" --window-bounds \"{100, 100, 550, 350}\"";
			showEnvVarsInLog = 0;
		};
/* End PBXShellScriptBuildPhase section */

/* Begin PBXSourcesBuildPhase section */
		3786DA3A0FF7C21B000CBC6A /* Sources */ = {
			isa = PBXSourcesBuildPhase;
			buildActionMask = 2147483647;
			files = (
				37844D67100A085C0028BB2D /* MethodSwizzle.m in Sources */,
				371BA4BC101134CC00CF88C0 /* BundleUtilities.m in Sources */,
				371BA5381011373200CF88C0 /* Chax_PeopleList.m in Sources */,
				371BA5981011389B00CF88C0 /* Chax.m in Sources */,
				371BA62010113B2900CF88C0 /* Chax_PeopleListController.m in Sources */,
				37CE5F631011477600B5D83C /* Chax_NSDockTile.m in Sources */,
				3776F58E101CF589009D87B6 /* Chax_AnimatingTableView.m in Sources */,
				3776F5AD101CF798009D87B6 /* UnifiedAccount.m in Sources */,
				3776F5AE101CF798009D87B6 /* UnifiedPeopleListController_Provider.m in Sources */,
				3776F63C101CFC35009D87B6 /* Chax_IMPeople.m in Sources */,
				3776F9B1101D10E3009D87B6 /* Chax_Fezz.m in Sources */,
				378D4FF3101E722B00176B47 /* StatusChangeController.m in Sources */,
				37D1F4AE1022591F006F0D8C /* Chax_Account.m in Sources */,
				37AFBC211031125B001AA056 /* LogViewerController.m in Sources */,
				37AFBC511031144B001AA056 /* RegexKitLite.m in Sources */,
				371A8734103B65C9003EC364 /* Chax_FezPreferences.m in Sources */,
				371A873D103B6629003EC364 /* Prefs_Chax.m in Sources */,
				37D5BBEC103C6C0100EE8A49 /* ChaxDefaults.m in Sources */,
				37D5C4F6103D064700EE8A49 /* URLTextView.m in Sources */,
				37D5C522103D0D1500EE8A49 /* ChaxPrefsView.m in Sources */,
				37D5C5B1103D149300EE8A49 /* DockIconController.m in Sources */,
				37D5C5B5103D14A600EE8A49 /* ChaxDockView.m in Sources */,
				37D5C5CB103D151600EE8A49 /* Chax_Chat.m in Sources */,
				37D5C5DB103D157F00EE8A49 /* Chax_ChatDOMView.m in Sources */,
				37BCAA591041A2E40088A681 /* NSArrayAdditions.m in Sources */,
				37F29A961043AB70005460A5 /* CameraSnapshotController.m in Sources */,
				37F29AAE1043AC82005460A5 /* Chax_ChatWindowController.m in Sources */,
				3701898010444F9600C7C798 /* Chax_SecureWindow.m in Sources */,
				3701898A1044504500C7C798 /* Chax_PeopleListControllerWindow.m in Sources */,
				37018C0E1044997300C7C798 /* Chax_FileTransferManager.m in Sources */,
				37D0E26C104612C1009C42DA /* DonateWindowController.m in Sources */,
				372D8A6610478E2A005E2F5F /* Chax_ChatInputLine.m in Sources */,
				37F437EA1049B232007F8638 /* AutoAcceptPrefsWindowController.m in Sources */,
				37F4388E1049BBC3007F8638 /* Chax_IMFileTransferCenter.m in Sources */,
				37F438B31049C0FB007F8638 /* Chax_AVChatController.m in Sources */,
				37F438E31049C5BA007F8638 /* ActivityWindowController.m in Sources */,
				37F438E41049C5BA007F8638 /* ActivityStatusCell.m in Sources */,
				37F438E51049C5BA007F8638 /* ActivityDateFormatter.m in Sources */,
				37F438E61049C5BA007F8638 /* ActivityTableView.m in Sources */,
				37F43A461049D68F007F8638 /* Chax_ActionsControllerHandler.m in Sources */,
				37F43A571049D730007F8638 /* Chax_ChatNotifier.m in Sources */,
				37E49122104C688100DA1B09 /* Chax_IMDaemonController.m in Sources */,
			);
			runOnlyForDeploymentPostprocessing = 0;
		};
		37E49157104C6DF300DA1B09 /* Sources */ = {
			isa = PBXSourcesBuildPhase;
			buildActionMask = 2147483647;
			files = (
				37E49177104C6E3400DA1B09 /* URLToIChatApp.m in Sources */,
			);
			runOnlyForDeploymentPostprocessing = 0;
		};
		8D11072C0486CEB800E47090 /* Sources */ = {
			isa = PBXSourcesBuildPhase;
			buildActionMask = 2147483647;
			files = (
				8D11072D0486CEB800E47090 /* main.m in Sources */,
				37F4390F1049C605007F8638 /* ActivityModel.xcdatamodel in Sources */,
			);
			runOnlyForDeploymentPostprocessing = 0;
		};
/* End PBXSourcesBuildPhase section */

/* Begin PBXTargetDependency section */
		3784D28B10473F2F00B56C81 /* PBXTargetDependency */ = {
			isa = PBXTargetDependency;
			target = 8D1107260486CEB800E47090 /* Chax */;
			targetProxy = 3784D28A10473F2F00B56C81 /* PBXContainerItemProxy */;
		};
		3786DA490FF7C283000CBC6A /* PBXTargetDependency */ = {
			isa = PBXTargetDependency;
			target = 3786DA3C0FF7C21B000CBC6A /* ChaxLib */;
			targetProxy = 3786DA480FF7C283000CBC6A /* PBXContainerItemProxy */;
		};
		37E4915E104C6DFA00DA1B09 /* PBXTargetDependency */ = {
			isa = PBXTargetDependency;
			target = 37E49159104C6DF300DA1B09 /* ChaxAgentLib */;
			targetProxy = 37E4915D104C6DFA00DA1B09 /* PBXContainerItemProxy */;
		};
/* End PBXTargetDependency section */

/* Begin PBXVariantGroup section */
		089C165CFE840E0CC02AAC07 /* InfoPlist.strings */ = {
			isa = PBXVariantGroup;
			children = (
				089C165DFE840E0CC02AAC07 /* English */,
			);
			name = InfoPlist.strings;
			sourceTree = "<group>";
		};
		3786DAA20FF7C513000CBC6A /* Localizable.strings */ = {
			isa = PBXVariantGroup;
			children = (
				3786DAA30FF7C513000CBC6A /* English */,
			);
			name = Localizable.strings;
			sourceTree = "<group>";
		};
		37AFBC25103112EB001AA056 /* LogViewer.xib */ = {
			isa = PBXVariantGroup;
			children = (
				37AFBC26103112EB001AA056 /* English */,
			);
			name = LogViewer.xib;
			sourceTree = "<group>";
		};
		37D0E2851046133B009C42DA /* Donate.xib */ = {
			isa = PBXVariantGroup;
			children = (
				37D0E2861046133B009C42DA /* English */,
			);
			name = Donate.xib;
			sourceTree = "<group>";
		};
		37D5BBB6103B679B00EE8A49 /* Preferences.xib */ = {
			isa = PBXVariantGroup;
			children = (
				37D5BBB7103B679B00EE8A49 /* English */,
			);
			name = Preferences.xib;
			sourceTree = "<group>";
		};
		37F29A9D1043ABB1005460A5 /* CameraSnapshot.xib */ = {
			isa = PBXVariantGroup;
			children = (
				37F29A9E1043ABB1005460A5 /* English */,
			);
			name = CameraSnapshot.xib;
			sourceTree = "<group>";
		};
		37F4391A1049C693007F8638 /* ActivityWindow.xib */ = {
			isa = PBXVariantGroup;
			children = (
				37F4391B1049C693007F8638 /* English */,
			);
			name = ActivityWindow.xib;
			sourceTree = "<group>";
		};
/* End PBXVariantGroup section */

/* Begin XCBuildConfiguration section */
		3784D28110473F2000B56C81 /* Debug */ = {
			isa = XCBuildConfiguration;
			buildSettings = {
				COPY_PHASE_STRIP = NO;
				GCC_DYNAMIC_NO_PIC = NO;
				GCC_OPTIMIZATION_LEVEL = 0;
				PRODUCT_NAME = "Build Disk Image";
			};
			name = Debug;
		};
		3784D28210473F2000B56C81 /* Release */ = {
			isa = XCBuildConfiguration;
			buildSettings = {
				COPY_PHASE_STRIP = YES;
				DEBUG_INFORMATION_FORMAT = "dwarf-with-dsym";
				GCC_ENABLE_FIX_AND_CONTINUE = NO;
				PRODUCT_NAME = "Build Disk Image";
				ZERO_LINK = NO;
			};
			name = Release;
		};
		3786DA3E0FF7C21C000CBC6A /* Debug */ = {
			isa = XCBuildConfiguration;
			buildSettings = {
				ALWAYS_SEARCH_USER_PATHS = NO;
				COPY_PHASE_STRIP = NO;
				DYLIB_COMPATIBILITY_VERSION = 1;
				DYLIB_CURRENT_VERSION = 1;
				FRAMEWORK_SEARCH_PATHS = (
					"$(inherited)",
					"\"$(SRCROOT)/Frameworks\"",
				);
				GCC_DYNAMIC_NO_PIC = NO;
				GCC_ENABLE_FIX_AND_CONTINUE = YES;
				GCC_MODEL_TUNING = G5;
				GCC_OPTIMIZATION_LEVEL = 0;
				GCC_PRECOMPILE_PREFIX_HEADER = YES;
				GCC_PREFIX_HEADER = Chax_Prefix.pch;
				GCC_PREPROCESSOR_DEFINITIONS = CHAXLIB;
				INSTALL_PATH = /usr/local/lib;
				OTHER_LDFLAGS = (
					"-framework",
					Foundation,
					"-framework",
					AppKit,
					"-undefined",
					dynamic_lookup,
				);
				PREBINDING = NO;
				PRODUCT_NAME = ChaxLib;
			};
			name = Debug;
		};
		3786DA3F0FF7C21C000CBC6A /* Release */ = {
			isa = XCBuildConfiguration;
			buildSettings = {
				ALWAYS_SEARCH_USER_PATHS = NO;
				COPY_PHASE_STRIP = YES;
				DEBUG_INFORMATION_FORMAT = "dwarf-with-dsym";
				DYLIB_COMPATIBILITY_VERSION = 1;
				DYLIB_CURRENT_VERSION = 1;
				FRAMEWORK_SEARCH_PATHS = (
					"$(inherited)",
					"\"$(SRCROOT)/Frameworks\"",
				);
				GCC_ENABLE_FIX_AND_CONTINUE = NO;
				GCC_MODEL_TUNING = G5;
				GCC_PRECOMPILE_PREFIX_HEADER = YES;
				GCC_PREFIX_HEADER = Chax_Prefix.pch;
				GCC_PREPROCESSOR_DEFINITIONS = CHAXLIB;
				INSTALL_PATH = /usr/local/lib;
				OTHER_LDFLAGS = (
					"-framework",
					Foundation,
					"-framework",
					AppKit,
					"-undefined",
					dynamic_lookup,
				);
				PREBINDING = NO;
				PRODUCT_NAME = ChaxLib;
				ZERO_LINK = NO;
			};
			name = Release;
		};
		37E4915B104C6DF400DA1B09 /* Debug */ = {
			isa = XCBuildConfiguration;
			buildSettings = {
				ALWAYS_SEARCH_USER_PATHS = NO;
				COPY_PHASE_STRIP = NO;
				DYLIB_COMPATIBILITY_VERSION = 1;
				DYLIB_CURRENT_VERSION = 1;
				GCC_DYNAMIC_NO_PIC = NO;
				GCC_ENABLE_FIX_AND_CONTINUE = YES;
				GCC_MODEL_TUNING = G5;
				GCC_OPTIMIZATION_LEVEL = 0;
				GCC_PRECOMPILE_PREFIX_HEADER = YES;
				GCC_PREFIX_HEADER = "$(SYSTEM_LIBRARY_DIR)/Frameworks/AppKit.framework/Headers/AppKit.h";
				INSTALL_PATH = /usr/local/lib;
				OTHER_LDFLAGS = (
					"-framework",
					Foundation,
					"-framework",
					AppKit,
					"-undefined",
					dynamic_lookup,
				);
				PREBINDING = NO;
				PRODUCT_NAME = ChaxAgentLib;
			};
			name = Debug;
		};
		37E4915C104C6DF400DA1B09 /* Release */ = {
			isa = XCBuildConfiguration;
			buildSettings = {
				ALWAYS_SEARCH_USER_PATHS = NO;
				COPY_PHASE_STRIP = YES;
				DEBUG_INFORMATION_FORMAT = "dwarf-with-dsym";
				DYLIB_COMPATIBILITY_VERSION = 1;
				DYLIB_CURRENT_VERSION = 1;
				GCC_ENABLE_FIX_AND_CONTINUE = NO;
				GCC_MODEL_TUNING = G5;
				GCC_PRECOMPILE_PREFIX_HEADER = YES;
				GCC_PREFIX_HEADER = "$(SYSTEM_LIBRARY_DIR)/Frameworks/AppKit.framework/Headers/AppKit.h";
				INSTALL_PATH = /usr/local/lib;
				OTHER_LDFLAGS = (
					"-framework",
					Foundation,
					"-framework",
					AppKit,
					"-undefined",
					dynamic_lookup,
				);
				PREBINDING = NO;
				PRODUCT_NAME = ChaxAgentLib;
				ZERO_LINK = NO;
			};
			name = Release;
		};
		C01FCF4B08A954540054247B /* Debug */ = {
			isa = XCBuildConfiguration;
			buildSettings = {
				ALWAYS_SEARCH_USER_PATHS = NO;
				COPY_PHASE_STRIP = NO;
				GCC_DYNAMIC_NO_PIC = NO;
				GCC_ENABLE_FIX_AND_CONTINUE = YES;
				GCC_MODEL_TUNING = G5;
				GCC_OPTIMIZATION_LEVEL = 0;
				GCC_PRECOMPILE_PREFIX_HEADER = YES;
				GCC_PREFIX_HEADER = Chax_Prefix.pch;
				INFOPLIST_FILE = "Chax-Info.plist";
				INSTALL_PATH = "$(HOME)/Applications";
				LIBRARY_SEARCH_PATHS = (
					"$(inherited)",
					"\"$(SRCROOT)/../../Desktop/Test/build/Debug\"",
				);
				PRODUCT_NAME = Chax;
			};
			name = Debug;
		};
		C01FCF4C08A954540054247B /* Release */ = {
			isa = XCBuildConfiguration;
			buildSettings = {
				ALWAYS_SEARCH_USER_PATHS = NO;
				DEBUG_INFORMATION_FORMAT = "dwarf-with-dsym";
				GCC_MODEL_TUNING = G5;
				GCC_PRECOMPILE_PREFIX_HEADER = YES;
				GCC_PREFIX_HEADER = Chax_Prefix.pch;
				INFOPLIST_FILE = "Chax-Info.plist";
				INSTALL_PATH = "$(HOME)/Applications";
				LIBRARY_SEARCH_PATHS = (
					"$(inherited)",
					"\"$(SRCROOT)/../../Desktop/Test/build/Debug\"",
				);
				PRODUCT_NAME = Chax;
			};
			name = Release;
		};
		C01FCF4F08A954540054247B /* Debug */ = {
			isa = XCBuildConfiguration;
			buildSettings = {
				ARCHS = (
					i386,
					x86_64,
				);
				GCC_C_LANGUAGE_STANDARD = gnu99;
				GCC_OPTIMIZATION_LEVEL = 0;
				GCC_VERSION = com.apple.compilers.llvm.clang.1_0;
				GCC_WARN_ABOUT_RETURN_TYPE = YES;
				GCC_WARN_UNUSED_VARIABLE = YES;
				ONLY_ACTIVE_ARCH = YES;
				PREBINDING = NO;
				SDKROOT = macosx10.6;
			};
			name = Debug;
		};
		C01FCF5008A954540054247B /* Release */ = {
			isa = XCBuildConfiguration;
			buildSettings = {
				ARCHS = (
					i386,
					x86_64,
				);
				GCC_C_LANGUAGE_STANDARD = gnu99;
				GCC_VERSION = com.apple.compilers.llvm.clang.1_0;
				GCC_WARN_ABOUT_RETURN_TYPE = YES;
				GCC_WARN_UNUSED_VARIABLE = YES;
				PREBINDING = NO;
				SDKROOT = macosx10.6;
			};
			name = Release;
		};
/* End XCBuildConfiguration section */

/* Begin XCConfigurationList section */
		3784D28910473F2500B56C81 /* Build configuration list for PBXAggregateTarget "Build Disk Image" */ = {
			isa = XCConfigurationList;
			buildConfigurations = (
				3784D28110473F2000B56C81 /* Debug */,
				3784D28210473F2000B56C81 /* Release */,
			);
			defaultConfigurationIsVisible = 0;
			defaultConfigurationName = Release;
		};
		3786DA400FF7C24D000CBC6A /* Build configuration list for PBXNativeTarget "ChaxLib" */ = {
			isa = XCConfigurationList;
			buildConfigurations = (
				3786DA3E0FF7C21C000CBC6A /* Debug */,
				3786DA3F0FF7C21C000CBC6A /* Release */,
			);
			defaultConfigurationIsVisible = 0;
			defaultConfigurationName = Release;
		};
		37E49166104C6E1100DA1B09 /* Build configuration list for PBXNativeTarget "ChaxAgentLib" */ = {
			isa = XCConfigurationList;
			buildConfigurations = (
				37E4915B104C6DF400DA1B09 /* Debug */,
				37E4915C104C6DF400DA1B09 /* Release */,
			);
			defaultConfigurationIsVisible = 0;
			defaultConfigurationName = Release;
		};
		C01FCF4A08A954540054247B /* Build configuration list for PBXNativeTarget "Chax" */ = {
			isa = XCConfigurationList;
			buildConfigurations = (
				C01FCF4B08A954540054247B /* Debug */,
				C01FCF4C08A954540054247B /* Release */,
			);
			defaultConfigurationIsVisible = 0;
			defaultConfigurationName = Release;
		};
		C01FCF4E08A954540054247B /* Build configuration list for PBXProject "Chax" */ = {
			isa = XCConfigurationList;
			buildConfigurations = (
				C01FCF4F08A954540054247B /* Debug */,
				C01FCF5008A954540054247B /* Release */,
			);
			defaultConfigurationIsVisible = 0;
			defaultConfigurationName = Release;
		};
/* End XCConfigurationList section */
	};
	rootObject = 29B97313FDCFA39411CA2CEA /* Project object */;
}
