// !$*UTF8*$!
{
	archiveVersion = 1;
	classes = {
	};
	objectVersion = 45;
	objects = {

/* Begin PBXAggregateTarget section */
		3784D28010473F2000B56C81 /* Build Disk Image */ = {
			isa = PBXAggregateTarget;
			buildConfigurationList = 3784D28910473F2500B56C81 /* Build configuration list for PBXAggregateTarget "Build Disk Image" */;
			buildPhases = (
				3784D28F10473F3400B56C81 /* Build DMG */,
			);
			dependencies = (
				3784D28B10473F2F00B56C81 /* PBXTargetDependency */,
			);
			name = "Build Disk Image";
			productName = "Build Disk Image";
		};
		37CC44C610E0A22600998593 /* Update Plist Versions */ = {
			isa = PBXAggregateTarget;
			buildConfigurationList = 37CC44D010E0A25300998593 /* Build configuration list for PBXAggregateTarget "Update Plist Versions" */;
			buildPhases = (
				37CC44C510E0A22600998593 /* ShellScript */,
			);
			dependencies = (
			);
			name = "Update Plist Versions";
			productName = "Update Plist Versions";
		};
/* End PBXAggregateTarget section */

/* Begin PBXBuildFile section */
		375090531056F59500F472F1 /* Cocoa.framework in Frameworks */ = {isa = PBXBuildFile; fileRef = 1058C7A1FEA54F0111CA2CBB /* Cocoa.framework */; };
		375090CA1056F8D200F472F1 /* ChaxAddition.r in Rez */ = {isa = PBXBuildFile; fileRef = 375090AA1056F7FC00F472F1 /* ChaxAddition.r */; };
		375091071056FAC900F472F1 /* Chax_AIMServiceSession.m in Sources */ = {isa = PBXBuildFile; fileRef = 377D7156104DC6E9007DC7EE /* Chax_AIMServiceSession.m */; };
		375091081056FAC900F472F1 /* Chax_SuperToAIMParserContext.m in Sources */ = {isa = PBXBuildFile; fileRef = 377D71C9104DCB3E007DC7EE /* Chax_SuperToAIMParserContext.m */; };
		375091091056FACF00F472F1 /* MethodSwizzle.m in Sources */ = {isa = PBXBuildFile; fileRef = 3786DA440FF7C271000CBC6A /* MethodSwizzle.m */; };
		3750910A1056FACF00F472F1 /* BundleUtilities.m in Sources */ = {isa = PBXBuildFile; fileRef = 371BA4BB101134CC00CF88C0 /* BundleUtilities.m */; };
		3750910B1056FAD400F472F1 /* Cocoa.framework in Frameworks */ = {isa = PBXBuildFile; fileRef = 1058C7A1FEA54F0111CA2CBB /* Cocoa.framework */; };
		375091411056FC7A00F472F1 /* ChaxLib.bundle in Resources */ = {isa = PBXBuildFile; fileRef = 375091311056FC5F00F472F1 /* ChaxLib.bundle */; };
		375091421056FC8600F472F1 /* AddressBook.framework in Frameworks */ = {isa = PBXBuildFile; fileRef = 3786DAFB0FF7C86D000CBC6A /* AddressBook.framework */; };
		375091431056FC8600F472F1 /* InstantMessage.framework in Frameworks */ = {isa = PBXBuildFile; fileRef = 3786DAFD0FF7C86D000CBC6A /* InstantMessage.framework */; };
		375091441056FC8600F472F1 /* Quartz.framework in Frameworks */ = {isa = PBXBuildFile; fileRef = 3786DB3B0FF7CA81000CBC6A /* Quartz.framework */; };
		375091461056FC8600F472F1 /* WebKit.framework in Frameworks */ = {isa = PBXBuildFile; fileRef = 3786DB520FF7CCAC000CBC6A /* WebKit.framework */; };
		375091471056FC8600F472F1 /* Cocoa.framework in Frameworks */ = {isa = PBXBuildFile; fileRef = 1058C7A1FEA54F0111CA2CBB /* Cocoa.framework */; };
		375091481056FC8600F472F1 /* libicucore.dylib in Frameworks */ = {isa = PBXBuildFile; fileRef = 37AFBC6110311458001AA056 /* libicucore.dylib */; };
		3750914B1056FCA300F472F1 /* MethodSwizzle.m in Sources */ = {isa = PBXBuildFile; fileRef = 3786DA440FF7C271000CBC6A /* MethodSwizzle.m */; };
		3750914C1056FCA300F472F1 /* BundleUtilities.m in Sources */ = {isa = PBXBuildFile; fileRef = 371BA4BB101134CC00CF88C0 /* BundleUtilities.m */; };
		3750914D1056FCA300F472F1 /* Chax_PeopleList.m in Sources */ = {isa = PBXBuildFile; fileRef = 3786DBC20FF7D189000CBC6A /* Chax_PeopleList.m */; };
		3750914E1056FCA300F472F1 /* Chax.m in Sources */ = {isa = PBXBuildFile; fileRef = 3786DA940FF7C41F000CBC6A /* Chax.m */; };
		3750914F1056FCA300F472F1 /* Chax_PeopleListController.m in Sources */ = {isa = PBXBuildFile; fileRef = 3786DAE10FF7C778000CBC6A /* Chax_PeopleListController.m */; };
		375091501056FCA300F472F1 /* Chax_NSDockTile.m in Sources */ = {isa = PBXBuildFile; fileRef = 3786DA560FF7C2F3000CBC6A /* Chax_NSDockTile.m */; };
		375091511056FCA300F472F1 /* Chax_AnimatingTableView.m in Sources */ = {isa = PBXBuildFile; fileRef = 3776F58D101CF589009D87B6 /* Chax_AnimatingTableView.m */; };
		375091521056FCA300F472F1 /* UnifiedAccount.m in Sources */ = {isa = PBXBuildFile; fileRef = 3776F5AA101CF798009D87B6 /* UnifiedAccount.m */; };
		375091531056FCA300F472F1 /* UnifiedPeopleListController_Provider.m in Sources */ = {isa = PBXBuildFile; fileRef = 3776F5AC101CF798009D87B6 /* UnifiedPeopleListController_Provider.m */; };
		375091541056FCA300F472F1 /* Chax_IMPeople.m in Sources */ = {isa = PBXBuildFile; fileRef = 3776F63B101CFC35009D87B6 /* Chax_IMPeople.m */; };
		375091551056FCA300F472F1 /* Chax_Fezz.m in Sources */ = {isa = PBXBuildFile; fileRef = 3776F9B0101D10E3009D87B6 /* Chax_Fezz.m */; };
		375091561056FCA300F472F1 /* StatusChangeController.m in Sources */ = {isa = PBXBuildFile; fileRef = 378D4FF2101E722B00176B47 /* StatusChangeController.m */; };
		375091571056FCA300F472F1 /* Chax_Account.m in Sources */ = {isa = PBXBuildFile; fileRef = 37D1F4AD1022591F006F0D8C /* Chax_Account.m */; };
		375091581056FCA300F472F1 /* LogViewerController.m in Sources */ = {isa = PBXBuildFile; fileRef = 37AFBC201031125B001AA056 /* LogViewerController.m */; };
		375091591056FCA300F472F1 /* RegexKitLite.m in Sources */ = {isa = PBXBuildFile; fileRef = 37AFBC501031144B001AA056 /* RegexKitLite.m */; };
		3750915A1056FCA300F472F1 /* Chax_FezPreferences.m in Sources */ = {isa = PBXBuildFile; fileRef = 371A8733103B65C9003EC364 /* Chax_FezPreferences.m */; };
		3750915B1056FCA300F472F1 /* Prefs_Chax.m in Sources */ = {isa = PBXBuildFile; fileRef = 371A873C103B6629003EC364 /* Prefs_Chax.m */; };
		3750915C1056FCA300F472F1 /* ChaxDefaults.m in Sources */ = {isa = PBXBuildFile; fileRef = 37D5BBEB103C6C0100EE8A49 /* ChaxDefaults.m */; };
		3750915D1056FCA300F472F1 /* URLTextView.m in Sources */ = {isa = PBXBuildFile; fileRef = 37D5C4F5103D064700EE8A49 /* URLTextView.m */; };
		3750915E1056FCA300F472F1 /* ChaxPrefsView.m in Sources */ = {isa = PBXBuildFile; fileRef = 37D5C521103D0D1500EE8A49 /* ChaxPrefsView.m */; };
		3750915F1056FCA300F472F1 /* DockIconController.m in Sources */ = {isa = PBXBuildFile; fileRef = 37D5C5B0103D149300EE8A49 /* DockIconController.m */; };
		375091601056FCA300F472F1 /* ChaxDockView.m in Sources */ = {isa = PBXBuildFile; fileRef = 37D5C5B4103D14A600EE8A49 /* ChaxDockView.m */; };
		375091611056FCA300F472F1 /* Chax_Chat.m in Sources */ = {isa = PBXBuildFile; fileRef = 37D5C5CA103D151600EE8A49 /* Chax_Chat.m */; };
		375091621056FCA300F472F1 /* Chax_ChatDOMView.m in Sources */ = {isa = PBXBuildFile; fileRef = 37D5C5DA103D157F00EE8A49 /* Chax_ChatDOMView.m */; };
		375091631056FCA300F472F1 /* NSArrayAdditions.m in Sources */ = {isa = PBXBuildFile; fileRef = 37BCAA581041A2E40088A681 /* NSArrayAdditions.m */; };
		375091641056FCA300F472F1 /* CameraSnapshotController.m in Sources */ = {isa = PBXBuildFile; fileRef = 37F29A951043AB70005460A5 /* CameraSnapshotController.m */; };
		375091651056FCA300F472F1 /* Chax_ChatWindowController.m in Sources */ = {isa = PBXBuildFile; fileRef = 37F29AAD1043AC82005460A5 /* Chax_ChatWindowController.m */; };
		375091661056FCA300F472F1 /* Chax_SecureWindow.m in Sources */ = {isa = PBXBuildFile; fileRef = 3701897F10444F9600C7C798 /* Chax_SecureWindow.m */; };
		375091671056FCA300F472F1 /* Chax_PeopleListControllerWindow.m in Sources */ = {isa = PBXBuildFile; fileRef = 370189891044504500C7C798 /* Chax_PeopleListControllerWindow.m */; };
		375091681056FCA300F472F1 /* Chax_FileTransferManager.m in Sources */ = {isa = PBXBuildFile; fileRef = 37018C0D1044997300C7C798 /* Chax_FileTransferManager.m */; };
		375091691056FCA300F472F1 /* DonateWindowController.m in Sources */ = {isa = PBXBuildFile; fileRef = 37D0E26B104612C1009C42DA /* DonateWindowController.m */; };
		3750916A1056FCA300F472F1 /* Chax_ChatInputLine.m in Sources */ = {isa = PBXBuildFile; fileRef = 372D8A6510478E2A005E2F5F /* Chax_ChatInputLine.m */; };
		3750916B1056FCA300F472F1 /* AutoAcceptPrefsWindowController.m in Sources */ = {isa = PBXBuildFile; fileRef = 37F437E91049B232007F8638 /* AutoAcceptPrefsWindowController.m */; };
		3750916C1056FCA300F472F1 /* Chax_IMFileTransferCenter.m in Sources */ = {isa = PBXBuildFile; fileRef = 37F4388D1049BBC3007F8638 /* Chax_IMFileTransferCenter.m */; };
		3750916D1056FCA300F472F1 /* Chax_AVChatController.m in Sources */ = {isa = PBXBuildFile; fileRef = 37F438B21049C0FB007F8638 /* Chax_AVChatController.m */; };
		3750916E1056FCA300F472F1 /* ActivityWindowController.m in Sources */ = {isa = PBXBuildFile; fileRef = 37F438DB1049C5BA007F8638 /* ActivityWindowController.m */; };
		3750916F1056FCA300F472F1 /* ActivityStatusCell.m in Sources */ = {isa = PBXBuildFile; fileRef = 37F438DD1049C5BA007F8638 /* ActivityStatusCell.m */; };
		375091701056FCA300F472F1 /* ActivityDateFormatter.m in Sources */ = {isa = PBXBuildFile; fileRef = 37F438DF1049C5BA007F8638 /* ActivityDateFormatter.m */; };
		375091711056FCA300F472F1 /* ActivityTableView.m in Sources */ = {isa = PBXBuildFile; fileRef = 37F438E11049C5BA007F8638 /* ActivityTableView.m */; };
		375091721056FCA300F472F1 /* Chax_ActionsControllerHandler.m in Sources */ = {isa = PBXBuildFile; fileRef = 37F43A371049D622007F8638 /* Chax_ActionsControllerHandler.m */; };
		375091731056FCA300F472F1 /* Chax_ChatNotifier.m in Sources */ = {isa = PBXBuildFile; fileRef = 37F43A561049D730007F8638 /* Chax_ChatNotifier.m */; };
		375091751056FCA300F472F1 /* Chax_ActiveChat.m in Sources */ = {isa = PBXBuildFile; fileRef = 37F7C2EF104C87F300C01941 /* Chax_ActiveChat.m */; };
		375091761056FCA300F472F1 /* AutomaticSwizzle.m in Sources */ = {isa = PBXBuildFile; fileRef = 377D7189104DC7A8007DC7EE /* AutomaticSwizzle.m */; };
		375091771056FCA300F472F1 /* Chax_PeopleListItem.m in Sources */ = {isa = PBXBuildFile; fileRef = 3725864A1053716D0073C799 /* Chax_PeopleListItem.m */; };
		3750918D1056FDB900F472F1 /* Carbon.framework in Frameworks */ = {isa = PBXBuildFile; fileRef = 37BC686C1056EEB700F1FCD9 /* Carbon.framework */; };
		375091D41056FF9600F472F1 /* Localizable.strings in Resources */ = {isa = PBXBuildFile; fileRef = 3786DAA20FF7C513000CBC6A /* Localizable.strings */; };
		375091D51056FF9D00F472F1 /* Preferences.xib in Resources */ = {isa = PBXBuildFile; fileRef = 37D5BBB6103B679B00EE8A49 /* Preferences.xib */; };
		375091D61056FF9D00F472F1 /* LogViewer.xib in Resources */ = {isa = PBXBuildFile; fileRef = 37AFBC25103112EB001AA056 /* LogViewer.xib */; };
		375091D71056FF9D00F472F1 /* CameraSnapshot.xib in Resources */ = {isa = PBXBuildFile; fileRef = 37F29A9D1043ABB1005460A5 /* CameraSnapshot.xib */; };
		375091D81056FF9D00F472F1 /* Donate.xib in Resources */ = {isa = PBXBuildFile; fileRef = 37D0E2851046133B009C42DA /* Donate.xib */; };
		375091D91056FF9D00F472F1 /* ActivityWindow.xib in Resources */ = {isa = PBXBuildFile; fileRef = 37F4391A1049C693007F8638 /* ActivityWindow.xib */; };
		375091E41056FFF800F472F1 /* menu-badge.tiff in Resources */ = {isa = PBXBuildFile; fileRef = 3786DAC10FF7C5AD000CBC6A /* menu-badge.tiff */; };
		375091E51056FFF800F472F1 /* status-offline.tiff in Resources */ = {isa = PBXBuildFile; fileRef = 37F4398C1049C9D5007F8638 /* status-offline.tiff */; };
		375091E91057000E00F472F1 /* Growl.framework in Copy Frameworks */ = {isa = PBXBuildFile; fileRef = 378D4FA7101E6FE300176B47 /* Growl.framework */; };
		375092061057012F00F472F1 /* ActivityModel.xcdatamodel in Sources */ = {isa = PBXBuildFile; fileRef = 37F438D91049C5BA007F8638 /* ActivityModel.xcdatamodel */; };
		37529A1510F2AB6600021833 /* Chax_CustomMessageTableView.m in Sources */ = {isa = PBXBuildFile; fileRef = 37529A1410F2AB6600021833 /* Chax_CustomMessageTableView.m */; };
		3753EA4A10E87EAF006B0F24 /* IMRenderingFoundation.framework in Frameworks */ = {isa = PBXBuildFile; fileRef = 3753EA4910E87EAF006B0F24 /* IMRenderingFoundation.framework */; };
		3753EB7F10EEB4DA006B0F24 /* logviewer.css in Resources */ = {isa = PBXBuildFile; fileRef = 3753EB7E10EEB4DA006B0F24 /* logviewer.css */; };
		3753EC1310EED866006B0F24 /* LogViewerPreviewItem.m in Sources */ = {isa = PBXBuildFile; fileRef = 3753EC1210EED866006B0F24 /* LogViewerPreviewItem.m */; };
		3753ECFD10EEEF3F006B0F24 /* ChaxHelperApp.app in Copy Executables */ = {isa = PBXBuildFile; fileRef = 377AAC3D105DEA380068A68F /* ChaxHelperApp.app */; };
		377351F110DC948100CF1C88 /* InstallChax.icns in Resources */ = {isa = PBXBuildFile; fileRef = 377351F010DC948100CF1C88 /* InstallChax.icns */; };
		377351F610DC959F00CF1C88 /* MainMenu.xib in Resources */ = {isa = PBXBuildFile; fileRef = 377AAC1D105DE96E0068A68F /* MainMenu.xib */; };
		377351FE10DC960600CF1C88 /* InstallController.m in Sources */ = {isa = PBXBuildFile; fileRef = 377351FD10DC960600CF1C88 /* InstallController.m */; };
		3773526110DC9B5900CF1C88 /* ChaxAddition.osax in Resources */ = {isa = PBXBuildFile; fileRef = 37BC68581056EBDB00F1FCD9 /* ChaxAddition.osax */; };
		3773527710DC9BDC00CF1C88 /* ScriptingBridge.framework in Frameworks */ = {isa = PBXBuildFile; fileRef = 3773527610DC9BDC00CF1C88 /* ScriptingBridge.framework */; };
		377AAC63105DEACA0068A68F /* Cocoa.framework in Frameworks */ = {isa = PBXBuildFile; fileRef = 1058C7A1FEA54F0111CA2CBB /* Cocoa.framework */; };
		377AAC76105DEC1F0068A68F /* helper_main.m in Sources */ = {isa = PBXBuildFile; fileRef = 377AAC75105DEC1F0068A68F /* helper_main.m */; };
		378D13D710E20599003E2410 /* LogViewerModeBackgroundView.m in Sources */ = {isa = PBXBuildFile; fileRef = 378D13D610E20599003E2410 /* LogViewerModeBackgroundView.m */; };
		378D15E610E594FE003E2410 /* LinkButtonCell.m in Sources */ = {isa = PBXBuildFile; fileRef = 378D15E510E594FE003E2410 /* LinkButtonCell.m */; };
		378D182410E73D08003E2410 /* LogViewerHorizontalSplitView.m in Sources */ = {isa = PBXBuildFile; fileRef = 378D182310E73D08003E2410 /* LogViewerHorizontalSplitView.m */; };
		37B737F610F030680056176C /* ConversationViewController.m in Sources */ = {isa = PBXBuildFile; fileRef = 37B737F510F030680056176C /* ConversationViewController.m */; };
		37B737FA10F030A50056176C /* TransfersViewController.m in Sources */ = {isa = PBXBuildFile; fileRef = 37B737F910F030A50056176C /* TransfersViewController.m */; };
		37B737FD10F030CD0056176C /* LinksViewController.m in Sources */ = {isa = PBXBuildFile; fileRef = 37B737FC10F030CD0056176C /* LinksViewController.m */; };
		37BC686B1056EE9500F1FCD9 /* ChaxAddition.m in Sources */ = {isa = PBXBuildFile; fileRef = 37BC686A1056EE9500F1FCD9 /* ChaxAddition.m */; };
		37BC686D1056EEB700F1FCD9 /* Carbon.framework in Frameworks */ = {isa = PBXBuildFile; fileRef = 37BC686C1056EEB700F1FCD9 /* Carbon.framework */; };
		37BC68881056EEC700F1FCD9 /* Carbon.framework in Frameworks */ = {isa = PBXBuildFile; fileRef = 37BC686C1056EEB700F1FCD9 /* Carbon.framework */; };
		37BC689C1056EFD400F1FCD9 /* ChaxAddition.sdef in Resources */ = {isa = PBXBuildFile; fileRef = 37BC689B1056EFD400F1FCD9 /* ChaxAddition.sdef */; };
		37CC446C10DEDDE300998593 /* Localizable.strings in Resources */ = {isa = PBXBuildFile; fileRef = 37CC446A10DEDDE300998593 /* Localizable.strings */; };
		37CC44F210E140E200998593 /* Sparkle.framework in Copy Frameworks */ = {isa = PBXBuildFile; fileRef = 3710F5B210425E6900EAD72D /* Sparkle.framework */; };
		37FEDB1D10E1594A0060BB05 /* dsa_pub.pem in Resources */ = {isa = PBXBuildFile; fileRef = 3710F5DF104260E400EAD72D /* dsa_pub.pem */; };
		37FEDB5010E15AFD0060BB05 /* Chax.icns in Resources */ = {isa = PBXBuildFile; fileRef = 3786DA1F0FF7C0A8000CBC6A /* Chax.icns */; };
		8D11072D0486CEB800E47090 /* main.m in Sources */ = {isa = PBXBuildFile; fileRef = 29B97316FDCFA39411CA2CEA /* main.m */; settings = {ATTRIBUTES = (); }; };
		8D11072F0486CEB800E47090 /* Cocoa.framework in Frameworks */ = {isa = PBXBuildFile; fileRef = 1058C7A1FEA54F0111CA2CBB /* Cocoa.framework */; };
/* End PBXBuildFile section */

/* Begin PBXContainerItemProxy section */
		375090F91056FA6300F472F1 /* PBXContainerItemProxy */ = {
			isa = PBXContainerItemProxy;
			containerPortal = 29B97313FDCFA39411CA2CEA /* Project object */;
			proxyType = 1;
			remoteGlobalIDString = 375090F21056FA5A00F472F1;
			remoteInfo = ChaxAgentLib;
		};
		3750913B1056FC7500F472F1 /* PBXContainerItemProxy */ = {
			isa = PBXContainerItemProxy;
			containerPortal = 29B97313FDCFA39411CA2CEA /* Project object */;
			proxyType = 1;
			remoteGlobalIDString = 375091301056FC5F00F472F1;
			remoteInfo = ChaxLib;
		};
		377351DB10DC942500CF1C88 /* PBXContainerItemProxy */ = {
			isa = PBXContainerItemProxy;
			containerPortal = 29B97313FDCFA39411CA2CEA /* Project object */;
			proxyType = 1;
			remoteGlobalIDString = 377AAC3C105DEA380068A68F;
			remoteInfo = ChaxHelperApp;
		};
		377AAC61105DEAC20068A68F /* PBXContainerItemProxy */ = {
			isa = PBXContainerItemProxy;
			containerPortal = 29B97313FDCFA39411CA2CEA /* Project object */;
			proxyType = 1;
			remoteGlobalIDString = 37BC68571056EBDB00F1FCD9;
			remoteInfo = ChaxAddition;
		};
		3784D28A10473F2F00B56C81 /* PBXContainerItemProxy */ = {
			isa = PBXContainerItemProxy;
			containerPortal = 29B97313FDCFA39411CA2CEA /* Project object */;
			proxyType = 1;
			remoteGlobalIDString = 8D1107260486CEB800E47090;
			remoteInfo = Chax;
		};
		37CC452E10E1460000998593 /* PBXContainerItemProxy */ = {
			isa = PBXContainerItemProxy;
			containerPortal = 29B97313FDCFA39411CA2CEA /* Project object */;
			proxyType = 1;
			remoteGlobalIDString = 37CC44C610E0A22600998593;
			remoteInfo = "Update Plist Versions";
		};
/* End PBXContainerItemProxy section */

/* Begin PBXCopyFilesBuildPhase section */
		375091F11057004900F472F1 /* Copy Frameworks */ = {
			isa = PBXCopyFilesBuildPhase;
			buildActionMask = 2147483647;
			dstPath = "";
			dstSubfolderSpec = 10;
			files = (
				375091E91057000E00F472F1 /* Growl.framework in Copy Frameworks */,
				37CC44F210E140E200998593 /* Sparkle.framework in Copy Frameworks */,
			);
			name = "Copy Frameworks";
			runOnlyForDeploymentPostprocessing = 0;
		};
		3753ECFE10EEEF3F006B0F24 /* Copy Executables */ = {
			isa = PBXCopyFilesBuildPhase;
			buildActionMask = 2147483647;
			dstPath = "";
			dstSubfolderSpec = 6;
			files = (
				3753ECFD10EEEF3F006B0F24 /* ChaxHelperApp.app in Copy Executables */,
			);
			name = "Copy Executables";
			runOnlyForDeploymentPostprocessing = 0;
		};
/* End PBXCopyFilesBuildPhase section */

/* Begin PBXFileReference section */
		089C165DFE840E0CC02AAC07 /* English */ = {isa = PBXFileReference; fileEncoding = 4; lastKnownFileType = text.plist.strings; name = English; path = English.lproj/InfoPlist.strings; sourceTree = "<group>"; };
		1058C7A1FEA54F0111CA2CBB /* Cocoa.framework */ = {isa = PBXFileReference; lastKnownFileType = wrapper.framework; name = Cocoa.framework; path = /System/Library/Frameworks/Cocoa.framework; sourceTree = "<absolute>"; };
		13E42FB307B3F0F600E4EEF1 /* CoreData.framework */ = {isa = PBXFileReference; lastKnownFileType = wrapper.framework; name = CoreData.framework; path = /System/Library/Frameworks/CoreData.framework; sourceTree = "<absolute>"; };
		256AC3F00F4B6AF500CF3369 /* Chax_Prefix.pch */ = {isa = PBXFileReference; fileEncoding = 4; lastKnownFileType = sourcecode.c.h; path = Chax_Prefix.pch; sourceTree = "<group>"; };
		29B97316FDCFA39411CA2CEA /* main.m */ = {isa = PBXFileReference; fileEncoding = 4; lastKnownFileType = sourcecode.c.objc; path = main.m; sourceTree = "<group>"; };
		29B97324FDCFA39411CA2CEA /* AppKit.framework */ = {isa = PBXFileReference; lastKnownFileType = wrapper.framework; name = AppKit.framework; path = /System/Library/Frameworks/AppKit.framework; sourceTree = "<absolute>"; };
		29B97325FDCFA39411CA2CEA /* Foundation.framework */ = {isa = PBXFileReference; lastKnownFileType = wrapper.framework; name = Foundation.framework; path = /System/Library/Frameworks/Foundation.framework; sourceTree = "<absolute>"; };
		3701897E10444F9600C7C798 /* Chax_SecureWindow.h */ = {isa = PBXFileReference; fileEncoding = 4; lastKnownFileType = sourcecode.c.h; path = Chax_SecureWindow.h; sourceTree = "<group>"; };
		3701897F10444F9600C7C798 /* Chax_SecureWindow.m */ = {isa = PBXFileReference; fileEncoding = 4; lastKnownFileType = sourcecode.c.objc; path = Chax_SecureWindow.m; sourceTree = "<group>"; };
		370189881044504500C7C798 /* Chax_PeopleListControllerWindow.h */ = {isa = PBXFileReference; fileEncoding = 4; lastKnownFileType = sourcecode.c.h; path = Chax_PeopleListControllerWindow.h; sourceTree = "<group>"; };
		370189891044504500C7C798 /* Chax_PeopleListControllerWindow.m */ = {isa = PBXFileReference; fileEncoding = 4; lastKnownFileType = sourcecode.c.objc; path = Chax_PeopleListControllerWindow.m; sourceTree = "<group>"; };
		37018C0C1044997300C7C798 /* Chax_FileTransferManager.h */ = {isa = PBXFileReference; fileEncoding = 4; lastKnownFileType = sourcecode.c.h; path = Chax_FileTransferManager.h; sourceTree = "<group>"; };
		37018C0D1044997300C7C798 /* Chax_FileTransferManager.m */ = {isa = PBXFileReference; fileEncoding = 4; lastKnownFileType = sourcecode.c.objc; path = Chax_FileTransferManager.m; sourceTree = "<group>"; };
		3710F5B210425E6900EAD72D /* Sparkle.framework */ = {isa = PBXFileReference; lastKnownFileType = wrapper.framework; name = Sparkle.framework; path = Frameworks/Sparkle.framework; sourceTree = "<group>"; };
		3710F5DF104260E400EAD72D /* dsa_pub.pem */ = {isa = PBXFileReference; fileEncoding = 4; lastKnownFileType = text; name = dsa_pub.pem; path = Sparkle/dsa_pub.pem; sourceTree = "<group>"; };
		371A8732103B65C9003EC364 /* Chax_FezPreferences.h */ = {isa = PBXFileReference; fileEncoding = 4; lastKnownFileType = sourcecode.c.h; path = Chax_FezPreferences.h; sourceTree = "<group>"; };
		371A8733103B65C9003EC364 /* Chax_FezPreferences.m */ = {isa = PBXFileReference; fileEncoding = 4; lastKnownFileType = sourcecode.c.objc; path = Chax_FezPreferences.m; sourceTree = "<group>"; };
		371A873B103B6629003EC364 /* Prefs_Chax.h */ = {isa = PBXFileReference; fileEncoding = 4; lastKnownFileType = sourcecode.c.h; path = Prefs_Chax.h; sourceTree = "<group>"; };
		371A873C103B6629003EC364 /* Prefs_Chax.m */ = {isa = PBXFileReference; fileEncoding = 4; lastKnownFileType = sourcecode.c.objc; path = Prefs_Chax.m; sourceTree = "<group>"; };
		371BA4BA101134CC00CF88C0 /* BundleUtilities.h */ = {isa = PBXFileReference; fileEncoding = 4; lastKnownFileType = sourcecode.c.h; path = BundleUtilities.h; sourceTree = "<group>"; };
		371BA4BB101134CC00CF88C0 /* BundleUtilities.m */ = {isa = PBXFileReference; fileEncoding = 4; lastKnownFileType = sourcecode.c.objc; path = BundleUtilities.m; sourceTree = "<group>"; };
		372586491053716D0073C799 /* Chax_PeopleListItem.h */ = {isa = PBXFileReference; fileEncoding = 4; lastKnownFileType = sourcecode.c.h; path = Chax_PeopleListItem.h; sourceTree = "<group>"; };
		3725864A1053716D0073C799 /* Chax_PeopleListItem.m */ = {isa = PBXFileReference; fileEncoding = 4; lastKnownFileType = sourcecode.c.objc; path = Chax_PeopleListItem.m; sourceTree = "<group>"; };
		372D8A6410478E2A005E2F5F /* Chax_ChatInputLine.h */ = {isa = PBXFileReference; fileEncoding = 4; lastKnownFileType = sourcecode.c.h; path = Chax_ChatInputLine.h; sourceTree = "<group>"; };
		372D8A6510478E2A005E2F5F /* Chax_ChatInputLine.m */ = {isa = PBXFileReference; fileEncoding = 4; lastKnownFileType = sourcecode.c.objc; path = Chax_ChatInputLine.m; sourceTree = "<group>"; };
		375090AA1056F7FC00F472F1 /* ChaxAddition.r */ = {isa = PBXFileReference; fileEncoding = 4; lastKnownFileType = sourcecode.rez; path = ChaxAddition.r; sourceTree = "<group>"; };
		375090F31056FA5A00F472F1 /* ChaxAgentLib.bundle */ = {isa = PBXFileReference; explicitFileType = wrapper.cfbundle; includeInIndex = 0; path = ChaxAgentLib.bundle; sourceTree = BUILT_PRODUCTS_DIR; };
		375090F41056FA5A00F472F1 /* ChaxAgentLib-Info.plist */ = {isa = PBXFileReference; lastKnownFileType = text.plist.xml; path = "ChaxAgentLib-Info.plist"; sourceTree = "<group>"; };
		375091311056FC5F00F472F1 /* ChaxLib.bundle */ = {isa = PBXFileReference; explicitFileType = wrapper.cfbundle; includeInIndex = 0; path = ChaxLib.bundle; sourceTree = BUILT_PRODUCTS_DIR; };
		375091321056FC5F00F472F1 /* ChaxLib-Info.plist */ = {isa = PBXFileReference; lastKnownFileType = text.plist.xml; path = "ChaxLib-Info.plist"; sourceTree = "<group>"; };
		37529A1310F2AB6600021833 /* Chax_CustomMessageTableView.h */ = {isa = PBXFileReference; fileEncoding = 4; lastKnownFileType = sourcecode.c.h; path = Chax_CustomMessageTableView.h; sourceTree = "<group>"; };
		37529A1410F2AB6600021833 /* Chax_CustomMessageTableView.m */ = {isa = PBXFileReference; fileEncoding = 4; lastKnownFileType = sourcecode.c.objc; path = Chax_CustomMessageTableView.m; sourceTree = "<group>"; };
		3753EA4910E87EAF006B0F24 /* IMRenderingFoundation.framework */ = {isa = PBXFileReference; lastKnownFileType = wrapper.framework; name = IMRenderingFoundation.framework; path = /System/Library/Frameworks/InstantMessage.framework/Versions/A/Frameworks/IMRenderingFoundation.framework; sourceTree = "<absolute>"; };
		3753EB7E10EEB4DA006B0F24 /* logviewer.css */ = {isa = PBXFileReference; fileEncoding = 4; lastKnownFileType = text.css; path = logviewer.css; sourceTree = "<group>"; };
		3753EC1110EED866006B0F24 /* LogViewerPreviewItem.h */ = {isa = PBXFileReference; fileEncoding = 4; lastKnownFileType = sourcecode.c.h; path = LogViewerPreviewItem.h; sourceTree = "<group>"; };
		3753EC1210EED866006B0F24 /* LogViewerPreviewItem.m */ = {isa = PBXFileReference; fileEncoding = 4; lastKnownFileType = sourcecode.c.objc; path = LogViewerPreviewItem.m; sourceTree = "<group>"; };
		377351F010DC948100CF1C88 /* InstallChax.icns */ = {isa = PBXFileReference; lastKnownFileType = image.icns; name = InstallChax.icns; path = Installer/InstallChax.icns; sourceTree = "<group>"; };
		377351F310DC94D700CF1C88 /* ChaxInstaller-Info.plist */ = {isa = PBXFileReference; fileEncoding = 4; lastKnownFileType = text.plist.xml; path = "ChaxInstaller-Info.plist"; sourceTree = "<group>"; };
		377351FC10DC960600CF1C88 /* InstallController.h */ = {isa = PBXFileReference; fileEncoding = 4; lastKnownFileType = sourcecode.c.h; name = InstallController.h; path = Installer/InstallController.h; sourceTree = "<group>"; };
		377351FD10DC960600CF1C88 /* InstallController.m */ = {isa = PBXFileReference; fileEncoding = 4; lastKnownFileType = sourcecode.c.objc; name = InstallController.m; path = Installer/InstallController.m; sourceTree = "<group>"; };
		3773526C10DC9BAE00CF1C88 /* SystemEvents.h */ = {isa = PBXFileReference; fileEncoding = 4; lastKnownFileType = sourcecode.c.h; name = SystemEvents.h; path = Installer/SystemEvents.h; sourceTree = "<group>"; };
		3773527610DC9BDC00CF1C88 /* ScriptingBridge.framework */ = {isa = PBXFileReference; lastKnownFileType = wrapper.framework; name = ScriptingBridge.framework; path = /System/Library/Frameworks/ScriptingBridge.framework; sourceTree = "<absolute>"; };
		3776F58C101CF589009D87B6 /* Chax_AnimatingTableView.h */ = {isa = PBXFileReference; fileEncoding = 4; lastKnownFileType = sourcecode.c.h; path = Chax_AnimatingTableView.h; sourceTree = "<group>"; };
		3776F58D101CF589009D87B6 /* Chax_AnimatingTableView.m */ = {isa = PBXFileReference; fileEncoding = 4; lastKnownFileType = sourcecode.c.objc; path = Chax_AnimatingTableView.m; sourceTree = "<group>"; };
		3776F5A9101CF798009D87B6 /* UnifiedAccount.h */ = {isa = PBXFileReference; fileEncoding = 4; lastKnownFileType = sourcecode.c.h; path = UnifiedAccount.h; sourceTree = "<group>"; };
		3776F5AA101CF798009D87B6 /* UnifiedAccount.m */ = {isa = PBXFileReference; fileEncoding = 4; lastKnownFileType = sourcecode.c.objc; path = UnifiedAccount.m; sourceTree = "<group>"; };
		3776F5AB101CF798009D87B6 /* UnifiedPeopleListController_Provider.h */ = {isa = PBXFileReference; fileEncoding = 4; lastKnownFileType = sourcecode.c.h; path = UnifiedPeopleListController_Provider.h; sourceTree = "<group>"; };
		3776F5AC101CF798009D87B6 /* UnifiedPeopleListController_Provider.m */ = {isa = PBXFileReference; fileEncoding = 4; lastKnownFileType = sourcecode.c.objc; path = UnifiedPeopleListController_Provider.m; sourceTree = "<group>"; };
		3776F63A101CFC35009D87B6 /* Chax_IMPeople.h */ = {isa = PBXFileReference; fileEncoding = 4; lastKnownFileType = sourcecode.c.h; path = Chax_IMPeople.h; sourceTree = "<group>"; };
		3776F63B101CFC35009D87B6 /* Chax_IMPeople.m */ = {isa = PBXFileReference; fileEncoding = 4; lastKnownFileType = sourcecode.c.objc; path = Chax_IMPeople.m; sourceTree = "<group>"; };
		3776F9AF101D10E3009D87B6 /* Chax_Fezz.h */ = {isa = PBXFileReference; fileEncoding = 4; lastKnownFileType = sourcecode.c.h; path = Chax_Fezz.h; sourceTree = "<group>"; };
		3776F9B0101D10E3009D87B6 /* Chax_Fezz.m */ = {isa = PBXFileReference; fileEncoding = 4; lastKnownFileType = sourcecode.c.objc; path = Chax_Fezz.m; sourceTree = "<group>"; };
		377AAC1E105DE96E0068A68F /* English */ = {isa = PBXFileReference; lastKnownFileType = file.xib; name = English; path = English.lproj/MainMenu.xib; sourceTree = "<group>"; };
		377AAC3D105DEA380068A68F /* ChaxHelperApp.app */ = {isa = PBXFileReference; explicitFileType = wrapper.application; includeInIndex = 0; path = ChaxHelperApp.app; sourceTree = BUILT_PRODUCTS_DIR; };
		377AAC3F105DEA380068A68F /* ChaxHelperApp-Info.plist */ = {isa = PBXFileReference; lastKnownFileType = text.plist.xml; path = "ChaxHelperApp-Info.plist"; sourceTree = "<group>"; };
		377AAC75105DEC1F0068A68F /* helper_main.m */ = {isa = PBXFileReference; fileEncoding = 4; lastKnownFileType = sourcecode.c.objc; path = helper_main.m; sourceTree = "<group>"; };
		377D7155104DC6E9007DC7EE /* Chax_AIMServiceSession.h */ = {isa = PBXFileReference; fileEncoding = 4; lastKnownFileType = sourcecode.c.h; path = Chax_AIMServiceSession.h; sourceTree = "<group>"; };
		377D7156104DC6E9007DC7EE /* Chax_AIMServiceSession.m */ = {isa = PBXFileReference; fileEncoding = 4; lastKnownFileType = sourcecode.c.objc; path = Chax_AIMServiceSession.m; sourceTree = "<group>"; };
		377D7188104DC7A8007DC7EE /* AutomaticSwizzle.h */ = {isa = PBXFileReference; fileEncoding = 4; lastKnownFileType = sourcecode.c.h; path = AutomaticSwizzle.h; sourceTree = "<group>"; };
		377D7189104DC7A8007DC7EE /* AutomaticSwizzle.m */ = {isa = PBXFileReference; fileEncoding = 4; lastKnownFileType = sourcecode.c.objc; path = AutomaticSwizzle.m; sourceTree = "<group>"; };
		377D71C8104DCB3E007DC7EE /* Chax_SuperToAIMParserContext.h */ = {isa = PBXFileReference; fileEncoding = 4; lastKnownFileType = sourcecode.c.h; path = Chax_SuperToAIMParserContext.h; sourceTree = "<group>"; };
		377D71C9104DCB3E007DC7EE /* Chax_SuperToAIMParserContext.m */ = {isa = PBXFileReference; fileEncoding = 4; lastKnownFileType = sourcecode.c.objc; path = Chax_SuperToAIMParserContext.m; sourceTree = "<group>"; };
		3786DA1F0FF7C0A8000CBC6A /* Chax.icns */ = {isa = PBXFileReference; lastKnownFileType = image.icns; path = Chax.icns; sourceTree = "<group>"; };
		3786DA430FF7C271000CBC6A /* MethodSwizzle.h */ = {isa = PBXFileReference; fileEncoding = 4; lastKnownFileType = sourcecode.c.h; path = MethodSwizzle.h; sourceTree = "<group>"; };
		3786DA440FF7C271000CBC6A /* MethodSwizzle.m */ = {isa = PBXFileReference; fileEncoding = 4; lastKnownFileType = sourcecode.c.objc; path = MethodSwizzle.m; sourceTree = "<group>"; };
		3786DA550FF7C2F3000CBC6A /* Chax_NSDockTile.h */ = {isa = PBXFileReference; fileEncoding = 4; lastKnownFileType = sourcecode.c.h; name = Chax_NSDockTile.h; path = Swizzled/Chax_NSDockTile.h; sourceTree = "<group>"; };
		3786DA560FF7C2F3000CBC6A /* Chax_NSDockTile.m */ = {isa = PBXFileReference; fileEncoding = 4; lastKnownFileType = sourcecode.c.objc; name = Chax_NSDockTile.m; path = Swizzled/Chax_NSDockTile.m; sourceTree = "<group>"; };
		3786DA930FF7C41F000CBC6A /* Chax.h */ = {isa = PBXFileReference; fileEncoding = 4; lastKnownFileType = sourcecode.c.h; path = Chax.h; sourceTree = "<group>"; };
		3786DA940FF7C41F000CBC6A /* Chax.m */ = {isa = PBXFileReference; fileEncoding = 4; lastKnownFileType = sourcecode.c.objc; path = Chax.m; sourceTree = "<group>"; };
		3786DAA30FF7C513000CBC6A /* English */ = {isa = PBXFileReference; fileEncoding = 4; lastKnownFileType = text.plist.strings; name = English; path = English.lproj/Localizable.strings; sourceTree = "<group>"; };
		3786DAC10FF7C5AD000CBC6A /* menu-badge.tiff */ = {isa = PBXFileReference; lastKnownFileType = image.tiff; path = "menu-badge.tiff"; sourceTree = "<group>"; };
		3786DADF0FF7C757000CBC6A /* iChat5.h */ = {isa = PBXFileReference; fileEncoding = 4; lastKnownFileType = sourcecode.c.h; path = iChat5.h; sourceTree = "<group>"; };
		3786DAE00FF7C778000CBC6A /* Chax_PeopleListController.h */ = {isa = PBXFileReference; fileEncoding = 4; lastKnownFileType = sourcecode.c.h; name = Chax_PeopleListController.h; path = Swizzled/Chax_PeopleListController.h; sourceTree = "<group>"; };
		3786DAE10FF7C778000CBC6A /* Chax_PeopleListController.m */ = {isa = PBXFileReference; fileEncoding = 4; lastKnownFileType = sourcecode.c.objc; name = Chax_PeopleListController.m; path = Swizzled/Chax_PeopleListController.m; sourceTree = "<group>"; };
		3786DAFB0FF7C86D000CBC6A /* AddressBook.framework */ = {isa = PBXFileReference; lastKnownFileType = wrapper.framework; name = AddressBook.framework; path = /System/Library/Frameworks/AddressBook.framework; sourceTree = "<absolute>"; };
		3786DAFD0FF7C86D000CBC6A /* InstantMessage.framework */ = {isa = PBXFileReference; lastKnownFileType = wrapper.framework; name = InstantMessage.framework; path = /System/Library/Frameworks/InstantMessage.framework; sourceTree = "<absolute>"; };
		3786DB3B0FF7CA81000CBC6A /* Quartz.framework */ = {isa = PBXFileReference; lastKnownFileType = wrapper.framework; name = Quartz.framework; path = /System/Library/Frameworks/Quartz.framework; sourceTree = "<absolute>"; };
		3786DB520FF7CCAC000CBC6A /* WebKit.framework */ = {isa = PBXFileReference; lastKnownFileType = wrapper.framework; name = WebKit.framework; path = /System/Library/Frameworks/WebKit.framework; sourceTree = "<absolute>"; };
		3786DB5B0FF7CCFD000CBC6A /* IMCore.h */ = {isa = PBXFileReference; fileEncoding = 4; lastKnownFileType = sourcecode.c.h; path = IMCore.h; sourceTree = "<group>"; };
		3786DB630FF7CD34000CBC6A /* IMFoundation.h */ = {isa = PBXFileReference; fileEncoding = 4; lastKnownFileType = sourcecode.c.h; path = IMFoundation.h; sourceTree = "<group>"; };
		3786DBA40FF7D013000CBC6A /* NSPreferences.h */ = {isa = PBXFileReference; fileEncoding = 4; lastKnownFileType = sourcecode.c.h; path = NSPreferences.h; sourceTree = "<group>"; };
		3786DBC10FF7D189000CBC6A /* Chax_PeopleList.h */ = {isa = PBXFileReference; fileEncoding = 4; lastKnownFileType = sourcecode.c.h; name = Chax_PeopleList.h; path = Swizzled/Chax_PeopleList.h; sourceTree = "<group>"; };
		3786DBC20FF7D189000CBC6A /* Chax_PeopleList.m */ = {isa = PBXFileReference; fileEncoding = 4; lastKnownFileType = sourcecode.c.objc; name = Chax_PeopleList.m; path = Swizzled/Chax_PeopleList.m; sourceTree = "<group>"; };
		378D13D510E20599003E2410 /* LogViewerModeBackgroundView.h */ = {isa = PBXFileReference; fileEncoding = 4; lastKnownFileType = sourcecode.c.h; path = LogViewerModeBackgroundView.h; sourceTree = "<group>"; };
		378D13D610E20599003E2410 /* LogViewerModeBackgroundView.m */ = {isa = PBXFileReference; fileEncoding = 4; lastKnownFileType = sourcecode.c.objc; path = LogViewerModeBackgroundView.m; sourceTree = "<group>"; };
		378D15E410E594FE003E2410 /* LinkButtonCell.h */ = {isa = PBXFileReference; fileEncoding = 4; lastKnownFileType = sourcecode.c.h; path = LinkButtonCell.h; sourceTree = "<group>"; };
		378D15E510E594FE003E2410 /* LinkButtonCell.m */ = {isa = PBXFileReference; fileEncoding = 4; lastKnownFileType = sourcecode.c.objc; path = LinkButtonCell.m; sourceTree = "<group>"; };
		378D17E410E73093003E2410 /* IMRenderingFoundation.h */ = {isa = PBXFileReference; fileEncoding = 4; lastKnownFileType = sourcecode.c.h; path = IMRenderingFoundation.h; sourceTree = "<group>"; };
		378D182210E73D08003E2410 /* LogViewerHorizontalSplitView.h */ = {isa = PBXFileReference; fileEncoding = 4; lastKnownFileType = sourcecode.c.h; path = LogViewerHorizontalSplitView.h; sourceTree = "<group>"; };
		378D182310E73D08003E2410 /* LogViewerHorizontalSplitView.m */ = {isa = PBXFileReference; fileEncoding = 4; lastKnownFileType = sourcecode.c.objc; path = LogViewerHorizontalSplitView.m; sourceTree = "<group>"; };
		378D4FA7101E6FE300176B47 /* Growl.framework */ = {isa = PBXFileReference; lastKnownFileType = wrapper.framework; name = Growl.framework; path = Frameworks/Growl.framework; sourceTree = "<group>"; };
		378D4FF1101E722B00176B47 /* StatusChangeController.h */ = {isa = PBXFileReference; fileEncoding = 4; lastKnownFileType = sourcecode.c.h; path = StatusChangeController.h; sourceTree = "<group>"; };
		378D4FF2101E722B00176B47 /* StatusChangeController.m */ = {isa = PBXFileReference; fileEncoding = 4; lastKnownFileType = sourcecode.c.objc; path = StatusChangeController.m; sourceTree = "<group>"; };
		37AFBC1F1031125B001AA056 /* LogViewerController.h */ = {isa = PBXFileReference; fileEncoding = 4; lastKnownFileType = sourcecode.c.h; path = LogViewerController.h; sourceTree = "<group>"; };
		37AFBC201031125B001AA056 /* LogViewerController.m */ = {isa = PBXFileReference; fileEncoding = 4; lastKnownFileType = sourcecode.c.objc; path = LogViewerController.m; sourceTree = "<group>"; };
		37AFBC26103112EB001AA056 /* English */ = {isa = PBXFileReference; lastKnownFileType = file.xib; name = English; path = English.lproj/LogViewer.xib; sourceTree = "<group>"; };
		37AFBC4F1031144B001AA056 /* RegexKitLite.h */ = {isa = PBXFileReference; fileEncoding = 4; lastKnownFileType = sourcecode.c.h; name = RegexKitLite.h; path = RegexKitLite/RegexKitLite.h; sourceTree = "<group>"; };
		37AFBC501031144B001AA056 /* RegexKitLite.m */ = {isa = PBXFileReference; fileEncoding = 4; lastKnownFileType = sourcecode.c.objc; name = RegexKitLite.m; path = RegexKitLite/RegexKitLite.m; sourceTree = "<group>"; };
		37AFBC6110311458001AA056 /* libicucore.dylib */ = {isa = PBXFileReference; lastKnownFileType = "compiled.mach-o.dylib"; name = libicucore.dylib; path = /usr/lib/libicucore.dylib; sourceTree = "<absolute>"; };
		37B737F410F030680056176C /* ConversationViewController.h */ = {isa = PBXFileReference; fileEncoding = 4; lastKnownFileType = sourcecode.c.h; path = ConversationViewController.h; sourceTree = "<group>"; };
		37B737F510F030680056176C /* ConversationViewController.m */ = {isa = PBXFileReference; fileEncoding = 4; lastKnownFileType = sourcecode.c.objc; path = ConversationViewController.m; sourceTree = "<group>"; };
		37B737F810F030A50056176C /* TransfersViewController.h */ = {isa = PBXFileReference; fileEncoding = 4; lastKnownFileType = sourcecode.c.h; path = TransfersViewController.h; sourceTree = "<group>"; };
		37B737F910F030A50056176C /* TransfersViewController.m */ = {isa = PBXFileReference; fileEncoding = 4; lastKnownFileType = sourcecode.c.objc; path = TransfersViewController.m; sourceTree = "<group>"; };
		37B737FB10F030CD0056176C /* LinksViewController.h */ = {isa = PBXFileReference; fileEncoding = 4; lastKnownFileType = sourcecode.c.h; path = LinksViewController.h; sourceTree = "<group>"; };
		37B737FC10F030CD0056176C /* LinksViewController.m */ = {isa = PBXFileReference; fileEncoding = 4; lastKnownFileType = sourcecode.c.objc; path = LinksViewController.m; sourceTree = "<group>"; };
		37BC68581056EBDB00F1FCD9 /* ChaxAddition.osax */ = {isa = PBXFileReference; explicitFileType = wrapper.cfbundle; includeInIndex = 0; path = ChaxAddition.osax; sourceTree = BUILT_PRODUCTS_DIR; };
		37BC68591056EBDB00F1FCD9 /* ChaxAddition-Info.plist */ = {isa = PBXFileReference; lastKnownFileType = text.plist.xml; path = "ChaxAddition-Info.plist"; sourceTree = "<group>"; };
		37BC686A1056EE9500F1FCD9 /* ChaxAddition.m */ = {isa = PBXFileReference; fileEncoding = 4; lastKnownFileType = sourcecode.c.objc; path = ChaxAddition.m; sourceTree = "<group>"; };
		37BC686C1056EEB700F1FCD9 /* Carbon.framework */ = {isa = PBXFileReference; lastKnownFileType = wrapper.framework; name = Carbon.framework; path = /System/Library/Frameworks/Carbon.framework; sourceTree = "<absolute>"; };
		37BC689B1056EFD400F1FCD9 /* ChaxAddition.sdef */ = {isa = PBXFileReference; fileEncoding = 4; lastKnownFileType = text.sdef; path = ChaxAddition.sdef; sourceTree = "<group>"; };
		37BCAA571041A2E40088A681 /* NSArrayAdditions.h */ = {isa = PBXFileReference; fileEncoding = 4; lastKnownFileType = sourcecode.c.h; path = NSArrayAdditions.h; sourceTree = "<group>"; };
		37BCAA581041A2E40088A681 /* NSArrayAdditions.m */ = {isa = PBXFileReference; fileEncoding = 4; lastKnownFileType = sourcecode.c.objc; path = NSArrayAdditions.m; sourceTree = "<group>"; };
		37CC446B10DEDDE300998593 /* English */ = {isa = PBXFileReference; fileEncoding = 10; lastKnownFileType = text.plist.strings; name = English; path = Installer/English.lproj/Localizable.strings; sourceTree = "<group>"; };
		37D0E26A104612C1009C42DA /* DonateWindowController.h */ = {isa = PBXFileReference; fileEncoding = 4; lastKnownFileType = sourcecode.c.h; name = DonateWindowController.h; path = "../Chax 10.5/DonateWindowController.h"; sourceTree = "<group>"; };
		37D0E26B104612C1009C42DA /* DonateWindowController.m */ = {isa = PBXFileReference; fileEncoding = 4; lastKnownFileType = sourcecode.c.objc; name = DonateWindowController.m; path = "../Chax 10.5/DonateWindowController.m"; sourceTree = "<group>"; };
		37D0E2861046133B009C42DA /* English */ = {isa = PBXFileReference; lastKnownFileType = file.xib; name = English; path = English.lproj/Donate.xib; sourceTree = "<group>"; };
		37D1F4AC1022591F006F0D8C /* Chax_Account.h */ = {isa = PBXFileReference; fileEncoding = 4; lastKnownFileType = sourcecode.c.h; path = Chax_Account.h; sourceTree = "<group>"; };
		37D1F4AD1022591F006F0D8C /* Chax_Account.m */ = {isa = PBXFileReference; fileEncoding = 4; lastKnownFileType = sourcecode.c.objc; path = Chax_Account.m; sourceTree = "<group>"; };
		37D5BBB7103B679B00EE8A49 /* English */ = {isa = PBXFileReference; lastKnownFileType = file.xib; name = English; path = English.lproj/Preferences.xib; sourceTree = "<group>"; };
		37D5BBEA103C6C0100EE8A49 /* ChaxDefaults.h */ = {isa = PBXFileReference; fileEncoding = 4; lastKnownFileType = sourcecode.c.h; path = ChaxDefaults.h; sourceTree = "<group>"; };
		37D5BBEB103C6C0100EE8A49 /* ChaxDefaults.m */ = {isa = PBXFileReference; fileEncoding = 4; lastKnownFileType = sourcecode.c.objc; path = ChaxDefaults.m; sourceTree = "<group>"; };
		37D5C4F4103D064700EE8A49 /* URLTextView.h */ = {isa = PBXFileReference; fileEncoding = 4; lastKnownFileType = sourcecode.c.h; path = URLTextView.h; sourceTree = "<group>"; };
		37D5C4F5103D064700EE8A49 /* URLTextView.m */ = {isa = PBXFileReference; fileEncoding = 4; lastKnownFileType = sourcecode.c.objc; path = URLTextView.m; sourceTree = "<group>"; };
		37D5C520103D0D1500EE8A49 /* ChaxPrefsView.h */ = {isa = PBXFileReference; fileEncoding = 4; lastKnownFileType = sourcecode.c.h; path = ChaxPrefsView.h; sourceTree = "<group>"; };
		37D5C521103D0D1500EE8A49 /* ChaxPrefsView.m */ = {isa = PBXFileReference; fileEncoding = 4; lastKnownFileType = sourcecode.c.objc; path = ChaxPrefsView.m; sourceTree = "<group>"; };
		37D5C5AF103D149300EE8A49 /* DockIconController.h */ = {isa = PBXFileReference; fileEncoding = 4; lastKnownFileType = sourcecode.c.h; path = DockIconController.h; sourceTree = "<group>"; };
		37D5C5B0103D149300EE8A49 /* DockIconController.m */ = {isa = PBXFileReference; fileEncoding = 4; lastKnownFileType = sourcecode.c.objc; path = DockIconController.m; sourceTree = "<group>"; };
		37D5C5B3103D14A600EE8A49 /* ChaxDockView.h */ = {isa = PBXFileReference; fileEncoding = 4; lastKnownFileType = sourcecode.c.h; path = ChaxDockView.h; sourceTree = "<group>"; };
		37D5C5B4103D14A600EE8A49 /* ChaxDockView.m */ = {isa = PBXFileReference; fileEncoding = 4; lastKnownFileType = sourcecode.c.objc; path = ChaxDockView.m; sourceTree = "<group>"; };
		37D5C5C9103D151600EE8A49 /* Chax_Chat.h */ = {isa = PBXFileReference; fileEncoding = 4; lastKnownFileType = sourcecode.c.h; path = Chax_Chat.h; sourceTree = "<group>"; };
		37D5C5CA103D151600EE8A49 /* Chax_Chat.m */ = {isa = PBXFileReference; fileEncoding = 4; lastKnownFileType = sourcecode.c.objc; path = Chax_Chat.m; sourceTree = "<group>"; };
		37D5C5D9103D157F00EE8A49 /* Chax_ChatDOMView.h */ = {isa = PBXFileReference; fileEncoding = 4; lastKnownFileType = sourcecode.c.h; path = Chax_ChatDOMView.h; sourceTree = "<group>"; };
		37D5C5DA103D157F00EE8A49 /* Chax_ChatDOMView.m */ = {isa = PBXFileReference; fileEncoding = 4; lastKnownFileType = sourcecode.c.objc; path = Chax_ChatDOMView.m; sourceTree = "<group>"; };
		37F29A941043AB70005460A5 /* CameraSnapshotController.h */ = {isa = PBXFileReference; fileEncoding = 4; lastKnownFileType = sourcecode.c.h; path = CameraSnapshotController.h; sourceTree = "<group>"; };
		37F29A951043AB70005460A5 /* CameraSnapshotController.m */ = {isa = PBXFileReference; fileEncoding = 4; lastKnownFileType = sourcecode.c.objc; path = CameraSnapshotController.m; sourceTree = "<group>"; };
		37F29A9E1043ABB1005460A5 /* English */ = {isa = PBXFileReference; lastKnownFileType = file.xib; name = English; path = English.lproj/CameraSnapshot.xib; sourceTree = "<group>"; };
		37F29AAC1043AC82005460A5 /* Chax_ChatWindowController.h */ = {isa = PBXFileReference; fileEncoding = 4; lastKnownFileType = sourcecode.c.h; path = Chax_ChatWindowController.h; sourceTree = "<group>"; };
		37F29AAD1043AC82005460A5 /* Chax_ChatWindowController.m */ = {isa = PBXFileReference; fileEncoding = 4; lastKnownFileType = sourcecode.c.objc; path = Chax_ChatWindowController.m; sourceTree = "<group>"; };
		37F437E81049B232007F8638 /* AutoAcceptPrefsWindowController.h */ = {isa = PBXFileReference; fileEncoding = 4; lastKnownFileType = sourcecode.c.h; path = AutoAcceptPrefsWindowController.h; sourceTree = "<group>"; };
		37F437E91049B232007F8638 /* AutoAcceptPrefsWindowController.m */ = {isa = PBXFileReference; fileEncoding = 4; lastKnownFileType = sourcecode.c.objc; path = AutoAcceptPrefsWindowController.m; sourceTree = "<group>"; };
		37F4388C1049BBC3007F8638 /* Chax_IMFileTransferCenter.h */ = {isa = PBXFileReference; fileEncoding = 4; lastKnownFileType = sourcecode.c.h; path = Chax_IMFileTransferCenter.h; sourceTree = "<group>"; };
		37F4388D1049BBC3007F8638 /* Chax_IMFileTransferCenter.m */ = {isa = PBXFileReference; fileEncoding = 4; lastKnownFileType = sourcecode.c.objc; path = Chax_IMFileTransferCenter.m; sourceTree = "<group>"; };
		37F438B11049C0FB007F8638 /* Chax_AVChatController.h */ = {isa = PBXFileReference; fileEncoding = 4; lastKnownFileType = sourcecode.c.h; path = Chax_AVChatController.h; sourceTree = "<group>"; };
		37F438B21049C0FB007F8638 /* Chax_AVChatController.m */ = {isa = PBXFileReference; fileEncoding = 4; lastKnownFileType = sourcecode.c.objc; path = Chax_AVChatController.m; sourceTree = "<group>"; };
		37F438D91049C5BA007F8638 /* ActivityModel.xcdatamodel */ = {isa = PBXFileReference; fileEncoding = 4; lastKnownFileType = wrapper.xcdatamodel; path = ActivityModel.xcdatamodel; sourceTree = "<group>"; };
		37F438DA1049C5BA007F8638 /* ActivityWindowController.h */ = {isa = PBXFileReference; fileEncoding = 4; lastKnownFileType = sourcecode.c.h; path = ActivityWindowController.h; sourceTree = "<group>"; };
		37F438DB1049C5BA007F8638 /* ActivityWindowController.m */ = {isa = PBXFileReference; fileEncoding = 4; lastKnownFileType = sourcecode.c.objc; path = ActivityWindowController.m; sourceTree = "<group>"; };
		37F438DC1049C5BA007F8638 /* ActivityStatusCell.h */ = {isa = PBXFileReference; fileEncoding = 4; lastKnownFileType = sourcecode.c.h; path = ActivityStatusCell.h; sourceTree = "<group>"; };
		37F438DD1049C5BA007F8638 /* ActivityStatusCell.m */ = {isa = PBXFileReference; fileEncoding = 4; lastKnownFileType = sourcecode.c.objc; path = ActivityStatusCell.m; sourceTree = "<group>"; };
		37F438DE1049C5BA007F8638 /* ActivityDateFormatter.h */ = {isa = PBXFileReference; fileEncoding = 4; lastKnownFileType = sourcecode.c.h; path = ActivityDateFormatter.h; sourceTree = "<group>"; };
		37F438DF1049C5BA007F8638 /* ActivityDateFormatter.m */ = {isa = PBXFileReference; fileEncoding = 4; lastKnownFileType = sourcecode.c.objc; path = ActivityDateFormatter.m; sourceTree = "<group>"; };
		37F438E01049C5BA007F8638 /* ActivityTableView.h */ = {isa = PBXFileReference; fileEncoding = 4; lastKnownFileType = sourcecode.c.h; path = ActivityTableView.h; sourceTree = "<group>"; };
		37F438E11049C5BA007F8638 /* ActivityTableView.m */ = {isa = PBXFileReference; fileEncoding = 4; lastKnownFileType = sourcecode.c.objc; path = ActivityTableView.m; sourceTree = "<group>"; };
		37F4391B1049C693007F8638 /* English */ = {isa = PBXFileReference; lastKnownFileType = file.xib; name = English; path = English.lproj/ActivityWindow.xib; sourceTree = "<group>"; };
		37F4398C1049C9D5007F8638 /* status-offline.tiff */ = {isa = PBXFileReference; lastKnownFileType = image.tiff; path = "status-offline.tiff"; sourceTree = "<group>"; };
		37F43A361049D622007F8638 /* Chax_ActionsControllerHandler.h */ = {isa = PBXFileReference; fileEncoding = 4; lastKnownFileType = sourcecode.c.h; path = Chax_ActionsControllerHandler.h; sourceTree = "<group>"; };
		37F43A371049D622007F8638 /* Chax_ActionsControllerHandler.m */ = {isa = PBXFileReference; fileEncoding = 4; lastKnownFileType = sourcecode.c.objc; path = Chax_ActionsControllerHandler.m; sourceTree = "<group>"; };
		37F43A551049D730007F8638 /* Chax_ChatNotifier.h */ = {isa = PBXFileReference; fileEncoding = 4; lastKnownFileType = sourcecode.c.h; path = Chax_ChatNotifier.h; sourceTree = "<group>"; };
		37F43A561049D730007F8638 /* Chax_ChatNotifier.m */ = {isa = PBXFileReference; fileEncoding = 4; lastKnownFileType = sourcecode.c.objc; path = Chax_ChatNotifier.m; sourceTree = "<group>"; };
		37F7C2EE104C87F300C01941 /* Chax_ActiveChat.h */ = {isa = PBXFileReference; fileEncoding = 4; lastKnownFileType = sourcecode.c.h; path = Chax_ActiveChat.h; sourceTree = "<group>"; };
		37F7C2EF104C87F300C01941 /* Chax_ActiveChat.m */ = {isa = PBXFileReference; fileEncoding = 4; lastKnownFileType = sourcecode.c.objc; path = Chax_ActiveChat.m; sourceTree = "<group>"; };
		8D1107320486CEB800E47090 /* Chax Installer.app */ = {isa = PBXFileReference; explicitFileType = wrapper.application; includeInIndex = 0; path = "Chax Installer.app"; sourceTree = BUILT_PRODUCTS_DIR; };
/* End PBXFileReference section */

/* Begin PBXFrameworksBuildPhase section */
		375090F11056FA5A00F472F1 /* Frameworks */ = {
			isa = PBXFrameworksBuildPhase;
			buildActionMask = 2147483647;
			files = (
				3750910B1056FAD400F472F1 /* Cocoa.framework in Frameworks */,
			);
			runOnlyForDeploymentPostprocessing = 0;
		};
		3750912F1056FC5F00F472F1 /* Frameworks */ = {
			isa = PBXFrameworksBuildPhase;
			buildActionMask = 2147483647;
			files = (
				375091421056FC8600F472F1 /* AddressBook.framework in Frameworks */,
				375091431056FC8600F472F1 /* InstantMessage.framework in Frameworks */,
				375091441056FC8600F472F1 /* Quartz.framework in Frameworks */,
				375091461056FC8600F472F1 /* WebKit.framework in Frameworks */,
				375091471056FC8600F472F1 /* Cocoa.framework in Frameworks */,
				375091481056FC8600F472F1 /* libicucore.dylib in Frameworks */,
				3750918D1056FDB900F472F1 /* Carbon.framework in Frameworks */,
				3753EA4A10E87EAF006B0F24 /* IMRenderingFoundation.framework in Frameworks */,
			);
			runOnlyForDeploymentPostprocessing = 0;
		};
		377AAC3B105DEA380068A68F /* Frameworks */ = {
			isa = PBXFrameworksBuildPhase;
			buildActionMask = 2147483647;
			files = (
				377AAC63105DEACA0068A68F /* Cocoa.framework in Frameworks */,
			);
			runOnlyForDeploymentPostprocessing = 0;
		};
		37BC68561056EBDB00F1FCD9 /* Frameworks */ = {
			isa = PBXFrameworksBuildPhase;
			buildActionMask = 2147483647;
			files = (
				37BC68881056EEC700F1FCD9 /* Carbon.framework in Frameworks */,
				375090531056F59500F472F1 /* Cocoa.framework in Frameworks */,
			);
			runOnlyForDeploymentPostprocessing = 0;
		};
		8D11072E0486CEB800E47090 /* Frameworks */ = {
			isa = PBXFrameworksBuildPhase;
			buildActionMask = 2147483647;
			files = (
				8D11072F0486CEB800E47090 /* Cocoa.framework in Frameworks */,
				37BC686D1056EEB700F1FCD9 /* Carbon.framework in Frameworks */,
				3773527710DC9BDC00CF1C88 /* ScriptingBridge.framework in Frameworks */,
			);
			runOnlyForDeploymentPostprocessing = 0;
		};
/* End PBXFrameworksBuildPhase section */

/* Begin PBXGroup section */
		080E96DDFE201D6D7F000001 /* ChaxLib */ = {
			isa = PBXGroup;
			children = (
				3786DA930FF7C41F000CBC6A /* Chax.h */,
				3786DA940FF7C41F000CBC6A /* Chax.m */,
				37F438D81049C5BA007F8638 /* Activity Window */,
				371A8739103B661C003EC364 /* Preferences */,
				378D4FE7101E717B00176B47 /* Status Changes (Growl) */,
				37D5C5AC103D148200EE8A49 /* Dock Icon */,
				37AFBC1E10311253001AA056 /* Log Viewer */,
				37F29A931043AB70005460A5 /* Camera Snapshot */,
				3776F5A7101CF77D009D87B6 /* Unified Contact List */,
				37D0E269104612B8009C42DA /* Donate Window */,
				3786DA540FF7C2E0000CBC6A /* Swizzled Classes */,
				3786DA420FF7C268000CBC6A /* Other Sources */,
			);
			name = ChaxLib;
			sourceTree = "<group>";
		};
		1058C7A0FEA54F0111CA2CBB /* Linked Frameworks */ = {
			isa = PBXGroup;
			children = (
				378D4FA7101E6FE300176B47 /* Growl.framework */,
				3710F5B210425E6900EAD72D /* Sparkle.framework */,
				1058C7A1FEA54F0111CA2CBB /* Cocoa.framework */,
				3786DAFB0FF7C86D000CBC6A /* AddressBook.framework */,
				3786DAFD0FF7C86D000CBC6A /* InstantMessage.framework */,
				3753EA4910E87EAF006B0F24 /* IMRenderingFoundation.framework */,
				3786DB3B0FF7CA81000CBC6A /* Quartz.framework */,
				3786DB520FF7CCAC000CBC6A /* WebKit.framework */,
				37AFBC6110311458001AA056 /* libicucore.dylib */,
				37BC686C1056EEB700F1FCD9 /* Carbon.framework */,
				3773527610DC9BDC00CF1C88 /* ScriptingBridge.framework */,
			);
			name = "Linked Frameworks";
			sourceTree = "<group>";
		};
		1058C7A2FEA54F0111CA2CBB /* Other Frameworks */ = {
			isa = PBXGroup;
			children = (
				29B97324FDCFA39411CA2CEA /* AppKit.framework */,
				13E42FB307B3F0F600E4EEF1 /* CoreData.framework */,
				29B97325FDCFA39411CA2CEA /* Foundation.framework */,
			);
			name = "Other Frameworks";
			sourceTree = "<group>";
		};
		19C28FACFE9D520D11CA2CBB /* Products */ = {
			isa = PBXGroup;
			children = (
				8D1107320486CEB800E47090 /* Chax Installer.app */,
				377AAC3D105DEA380068A68F /* ChaxHelperApp.app */,
				37BC68581056EBDB00F1FCD9 /* ChaxAddition.osax */,
				375090F31056FA5A00F472F1 /* ChaxAgentLib.bundle */,
				375091311056FC5F00F472F1 /* ChaxLib.bundle */,
			);
			name = Products;
			sourceTree = "<group>";
		};
		29B97314FDCFA39411CA2CEA /* Chax */ = {
			isa = PBXGroup;
			children = (
				377AAC4C105DEA430068A68F /* ChaxHelperApp */,
				080E96DDFE201D6D7F000001 /* ChaxLib */,
				37E49165104C6E1100DA1B09 /* ChaxAgentLib */,
				37BC68691056EDFD00F1FCD9 /* ChaxAddition */,
				377AAC47105DEA3F0068A68F /* Chax Installer */,
				29B97315FDCFA39411CA2CEA /* Other Sources */,
				29B97317FDCFA39411CA2CEA /* Resources */,
				29B97323FDCFA39411CA2CEA /* Frameworks */,
				19C28FACFE9D520D11CA2CBB /* Products */,
			);
			name = Chax;
			sourceTree = "<group>";
		};
		29B97315FDCFA39411CA2CEA /* Other Sources */ = {
			isa = PBXGroup;
			children = (
				256AC3F00F4B6AF500CF3369 /* Chax_Prefix.pch */,
				29B97316FDCFA39411CA2CEA /* main.m */,
			);
			name = "Other Sources";
			sourceTree = "<group>";
		};
		29B97317FDCFA39411CA2CEA /* Resources */ = {
			isa = PBXGroup;
			children = (
				377AAC1D105DE96E0068A68F /* MainMenu.xib */,
				37D5BBB6103B679B00EE8A49 /* Preferences.xib */,
				37AFBC25103112EB001AA056 /* LogViewer.xib */,
				37F4391A1049C693007F8638 /* ActivityWindow.xib */,
				37F29A9D1043ABB1005460A5 /* CameraSnapshot.xib */,
				37D0E2851046133B009C42DA /* Donate.xib */,
				3786DA1F0FF7C0A8000CBC6A /* Chax.icns */,
				3753EB7E10EEB4DA006B0F24 /* logviewer.css */,
				3786DAC10FF7C5AD000CBC6A /* menu-badge.tiff */,
				37F4398C1049C9D5007F8638 /* status-offline.tiff */,
				377AAC3F105DEA380068A68F /* ChaxHelperApp-Info.plist */,
				37BC68591056EBDB00F1FCD9 /* ChaxAddition-Info.plist */,
				375091321056FC5F00F472F1 /* ChaxLib-Info.plist */,
				375090F41056FA5A00F472F1 /* ChaxAgentLib-Info.plist */,
				37BC689B1056EFD400F1FCD9 /* ChaxAddition.sdef */,
				089C165CFE840E0CC02AAC07 /* InfoPlist.strings */,
				3786DAA20FF7C513000CBC6A /* Localizable.strings */,
				3710F5DF104260E400EAD72D /* dsa_pub.pem */,
			);
			name = Resources;
			sourceTree = "<group>";
		};
		29B97323FDCFA39411CA2CEA /* Frameworks */ = {
			isa = PBXGroup;
			children = (
				1058C7A0FEA54F0111CA2CBB /* Linked Frameworks */,
				1058C7A2FEA54F0111CA2CBB /* Other Frameworks */,
			);
			name = Frameworks;
			sourceTree = "<group>";
		};
		371A8739103B661C003EC364 /* Preferences */ = {
			isa = PBXGroup;
			children = (
				37F437E81049B232007F8638 /* AutoAcceptPrefsWindowController.h */,
				37F437E91049B232007F8638 /* AutoAcceptPrefsWindowController.m */,
				371A873B103B6629003EC364 /* Prefs_Chax.h */,
				371A873C103B6629003EC364 /* Prefs_Chax.m */,
				37D5BBEA103C6C0100EE8A49 /* ChaxDefaults.h */,
				37D5BBEB103C6C0100EE8A49 /* ChaxDefaults.m */,
				37D5C520103D0D1500EE8A49 /* ChaxPrefsView.h */,
				37D5C521103D0D1500EE8A49 /* ChaxPrefsView.m */,
				37D5C4F4103D064700EE8A49 /* URLTextView.h */,
				37D5C4F5103D064700EE8A49 /* URLTextView.m */,
			);
			name = Preferences;
			sourceTree = "<group>";
		};
		3776F5A7101CF77D009D87B6 /* Unified Contact List */ = {
			isa = PBXGroup;
			children = (
				3776F5A9101CF798009D87B6 /* UnifiedAccount.h */,
				3776F5AA101CF798009D87B6 /* UnifiedAccount.m */,
				3776F5AB101CF798009D87B6 /* UnifiedPeopleListController_Provider.h */,
				3776F5AC101CF798009D87B6 /* UnifiedPeopleListController_Provider.m */,
			);
			name = "Unified Contact List";
			sourceTree = "<group>";
		};
		377AAC47105DEA3F0068A68F /* Chax Installer */ = {
			isa = PBXGroup;
			children = (
				377351F310DC94D700CF1C88 /* ChaxInstaller-Info.plist */,
				377351FC10DC960600CF1C88 /* InstallController.h */,
				377351FD10DC960600CF1C88 /* InstallController.m */,
				377351F010DC948100CF1C88 /* InstallChax.icns */,
				3773526C10DC9BAE00CF1C88 /* SystemEvents.h */,
				37CC446A10DEDDE300998593 /* Localizable.strings */,
			);
			name = "Chax Installer";
			sourceTree = "<group>";
		};
		377AAC4C105DEA430068A68F /* ChaxHelperApp */ = {
			isa = PBXGroup;
			children = (
				377AAC75105DEC1F0068A68F /* helper_main.m */,
			);
			name = ChaxHelperApp;
			sourceTree = "<group>";
		};
		3786DA420FF7C268000CBC6A /* Other Sources */ = {
			isa = PBXGroup;
			children = (
				3786DADF0FF7C757000CBC6A /* iChat5.h */,
				3786DB5B0FF7CCFD000CBC6A /* IMCore.h */,
				3786DB630FF7CD34000CBC6A /* IMFoundation.h */,
				3786DBA40FF7D013000CBC6A /* NSPreferences.h */,
				378D17E410E73093003E2410 /* IMRenderingFoundation.h */,
				3786DA430FF7C271000CBC6A /* MethodSwizzle.h */,
				3786DA440FF7C271000CBC6A /* MethodSwizzle.m */,
				377D7188104DC7A8007DC7EE /* AutomaticSwizzle.h */,
				377D7189104DC7A8007DC7EE /* AutomaticSwizzle.m */,
				371BA4BA101134CC00CF88C0 /* BundleUtilities.h */,
				371BA4BB101134CC00CF88C0 /* BundleUtilities.m */,
				37BCAA571041A2E40088A681 /* NSArrayAdditions.h */,
				37BCAA581041A2E40088A681 /* NSArrayAdditions.m */,
				37AFBC4E10311444001AA056 /* RegexKit */,
			);
			name = "Other Sources";
			sourceTree = "<group>";
		};
		3786DA540FF7C2E0000CBC6A /* Swizzled Classes */ = {
			isa = PBXGroup;
			children = (
				37D1F4AC1022591F006F0D8C /* Chax_Account.h */,
				37D1F4AD1022591F006F0D8C /* Chax_Account.m */,
				37F43A361049D622007F8638 /* Chax_ActionsControllerHandler.h */,
				37F43A371049D622007F8638 /* Chax_ActionsControllerHandler.m */,
				37F7C2EE104C87F300C01941 /* Chax_ActiveChat.h */,
				37F7C2EF104C87F300C01941 /* Chax_ActiveChat.m */,
				3776F58C101CF589009D87B6 /* Chax_AnimatingTableView.h */,
				3776F58D101CF589009D87B6 /* Chax_AnimatingTableView.m */,
				37F438B11049C0FB007F8638 /* Chax_AVChatController.h */,
				37F438B21049C0FB007F8638 /* Chax_AVChatController.m */,
				37D5C5C9103D151600EE8A49 /* Chax_Chat.h */,
				37D5C5CA103D151600EE8A49 /* Chax_Chat.m */,
				37D5C5D9103D157F00EE8A49 /* Chax_ChatDOMView.h */,
				37D5C5DA103D157F00EE8A49 /* Chax_ChatDOMView.m */,
				372D8A6410478E2A005E2F5F /* Chax_ChatInputLine.h */,
				372D8A6510478E2A005E2F5F /* Chax_ChatInputLine.m */,
				37F43A551049D730007F8638 /* Chax_ChatNotifier.h */,
				37F43A561049D730007F8638 /* Chax_ChatNotifier.m */,
				37F29AAC1043AC82005460A5 /* Chax_ChatWindowController.h */,
				37F29AAD1043AC82005460A5 /* Chax_ChatWindowController.m */,
				37529A1310F2AB6600021833 /* Chax_CustomMessageTableView.h */,
				37529A1410F2AB6600021833 /* Chax_CustomMessageTableView.m */,
				3776F9AF101D10E3009D87B6 /* Chax_Fezz.h */,
				3776F9B0101D10E3009D87B6 /* Chax_Fezz.m */,
				371A8732103B65C9003EC364 /* Chax_FezPreferences.h */,
				371A8733103B65C9003EC364 /* Chax_FezPreferences.m */,
				37F4388C1049BBC3007F8638 /* Chax_IMFileTransferCenter.h */,
				37F4388D1049BBC3007F8638 /* Chax_IMFileTransferCenter.m */,
				3776F63A101CFC35009D87B6 /* Chax_IMPeople.h */,
				3776F63B101CFC35009D87B6 /* Chax_IMPeople.m */,
				37018C0C1044997300C7C798 /* Chax_FileTransferManager.h */,
				37018C0D1044997300C7C798 /* Chax_FileTransferManager.m */,
				3786DA550FF7C2F3000CBC6A /* Chax_NSDockTile.h */,
				3786DA560FF7C2F3000CBC6A /* Chax_NSDockTile.m */,
				3786DBC10FF7D189000CBC6A /* Chax_PeopleList.h */,
				3786DBC20FF7D189000CBC6A /* Chax_PeopleList.m */,
				372586491053716D0073C799 /* Chax_PeopleListItem.h */,
				3725864A1053716D0073C799 /* Chax_PeopleListItem.m */,
				3786DAE00FF7C778000CBC6A /* Chax_PeopleListController.h */,
				3786DAE10FF7C778000CBC6A /* Chax_PeopleListController.m */,
				370189881044504500C7C798 /* Chax_PeopleListControllerWindow.h */,
				370189891044504500C7C798 /* Chax_PeopleListControllerWindow.m */,
				3701897E10444F9600C7C798 /* Chax_SecureWindow.h */,
				3701897F10444F9600C7C798 /* Chax_SecureWindow.m */,
			);
			name = "Swizzled Classes";
			sourceTree = "<group>";
		};
		378D4FE7101E717B00176B47 /* Status Changes (Growl) */ = {
			isa = PBXGroup;
			children = (
				378D4FF1101E722B00176B47 /* StatusChangeController.h */,
				378D4FF2101E722B00176B47 /* StatusChangeController.m */,
			);
			name = "Status Changes (Growl)";
			sourceTree = "<group>";
		};
		37AFBC1E10311253001AA056 /* Log Viewer */ = {
			isa = PBXGroup;
			children = (
				37AFBC1F1031125B001AA056 /* LogViewerController.h */,
				37AFBC201031125B001AA056 /* LogViewerController.m */,
				37B737F410F030680056176C /* ConversationViewController.h */,
				37B737F510F030680056176C /* ConversationViewController.m */,
				37B737F810F030A50056176C /* TransfersViewController.h */,
				37B737F910F030A50056176C /* TransfersViewController.m */,
				37B737FB10F030CD0056176C /* LinksViewController.h */,
				37B737FC10F030CD0056176C /* LinksViewController.m */,
				3753EC1110EED866006B0F24 /* LogViewerPreviewItem.h */,
				3753EC1210EED866006B0F24 /* LogViewerPreviewItem.m */,
				378D13D510E20599003E2410 /* LogViewerModeBackgroundView.h */,
				378D13D610E20599003E2410 /* LogViewerModeBackgroundView.m */,
				378D15E410E594FE003E2410 /* LinkButtonCell.h */,
				378D15E510E594FE003E2410 /* LinkButtonCell.m */,
				378D182210E73D08003E2410 /* LogViewerHorizontalSplitView.h */,
				378D182310E73D08003E2410 /* LogViewerHorizontalSplitView.m */,
			);
			name = "Log Viewer";
			sourceTree = "<group>";
		};
		37AFBC4E10311444001AA056 /* RegexKit */ = {
			isa = PBXGroup;
			children = (
				37AFBC4F1031144B001AA056 /* RegexKitLite.h */,
				37AFBC501031144B001AA056 /* RegexKitLite.m */,
			);
			name = RegexKit;
			sourceTree = "<group>";
		};
		37BC68691056EDFD00F1FCD9 /* ChaxAddition */ = {
			isa = PBXGroup;
			children = (
				37BC686A1056EE9500F1FCD9 /* ChaxAddition.m */,
				375090AA1056F7FC00F472F1 /* ChaxAddition.r */,
			);
			name = ChaxAddition;
			sourceTree = "<group>";
		};
		37D0E269104612B8009C42DA /* Donate Window */ = {
			isa = PBXGroup;
			children = (
				37D0E26A104612C1009C42DA /* DonateWindowController.h */,
				37D0E26B104612C1009C42DA /* DonateWindowController.m */,
			);
			name = "Donate Window";
			sourceTree = "<group>";
		};
		37D5C5AC103D148200EE8A49 /* Dock Icon */ = {
			isa = PBXGroup;
			children = (
				37D5C5AF103D149300EE8A49 /* DockIconController.h */,
				37D5C5B0103D149300EE8A49 /* DockIconController.m */,
				37D5C5B3103D14A600EE8A49 /* ChaxDockView.h */,
				37D5C5B4103D14A600EE8A49 /* ChaxDockView.m */,
			);
			name = "Dock Icon";
			sourceTree = "<group>";
		};
		37E49165104C6E1100DA1B09 /* ChaxAgentLib */ = {
			isa = PBXGroup;
			children = (
				377D7155104DC6E9007DC7EE /* Chax_AIMServiceSession.h */,
				377D7156104DC6E9007DC7EE /* Chax_AIMServiceSession.m */,
				377D71C8104DCB3E007DC7EE /* Chax_SuperToAIMParserContext.h */,
				377D71C9104DCB3E007DC7EE /* Chax_SuperToAIMParserContext.m */,
			);
			name = ChaxAgentLib;
			sourceTree = "<group>";
		};
		37F29A931043AB70005460A5 /* Camera Snapshot */ = {
			isa = PBXGroup;
			children = (
				37F29A941043AB70005460A5 /* CameraSnapshotController.h */,
				37F29A951043AB70005460A5 /* CameraSnapshotController.m */,
			);
			name = "Camera Snapshot";
			sourceTree = "<group>";
		};
		37F438D81049C5BA007F8638 /* Activity Window */ = {
			isa = PBXGroup;
			children = (
				37F438D91049C5BA007F8638 /* ActivityModel.xcdatamodel */,
				37F438DA1049C5BA007F8638 /* ActivityWindowController.h */,
				37F438DB1049C5BA007F8638 /* ActivityWindowController.m */,
				37F438DC1049C5BA007F8638 /* ActivityStatusCell.h */,
				37F438DD1049C5BA007F8638 /* ActivityStatusCell.m */,
				37F438DE1049C5BA007F8638 /* ActivityDateFormatter.h */,
				37F438DF1049C5BA007F8638 /* ActivityDateFormatter.m */,
				37F438E01049C5BA007F8638 /* ActivityTableView.h */,
				37F438E11049C5BA007F8638 /* ActivityTableView.m */,
			);
			name = "Activity Window";
			sourceTree = "<group>";
		};
/* End PBXGroup section */

/* Begin PBXNativeTarget section */
		375090F21056FA5A00F472F1 /* ChaxAgentLib */ = {
			isa = PBXNativeTarget;
			buildConfigurationList = 375090F81056FA5B00F472F1 /* Build configuration list for PBXNativeTarget "ChaxAgentLib" */;
			buildPhases = (
				375090EF1056FA5A00F472F1 /* Resources */,
				375090F01056FA5A00F472F1 /* Sources */,
				375090F11056FA5A00F472F1 /* Frameworks */,
			);
			buildRules = (
			);
			dependencies = (
			);
			name = ChaxAgentLib;
			productName = ChaxAgentLib;
			productReference = 375090F31056FA5A00F472F1 /* ChaxAgentLib.bundle */;
			productType = "com.apple.product-type.bundle";
		};
		375091301056FC5F00F472F1 /* ChaxLib */ = {
			isa = PBXNativeTarget;
			buildConfigurationList = 375091381056FC6000F472F1 /* Build configuration list for PBXNativeTarget "ChaxLib" */;
			buildPhases = (
				3750912D1056FC5F00F472F1 /* Resources */,
				375091F11057004900F472F1 /* Copy Frameworks */,
				3750912E1056FC5F00F472F1 /* Sources */,
				3750912F1056FC5F00F472F1 /* Frameworks */,
			);
			buildRules = (
			);
			dependencies = (
			);
			name = ChaxLib;
			productName = ChaxLib;
			productReference = 375091311056FC5F00F472F1 /* ChaxLib.bundle */;
			productType = "com.apple.product-type.bundle";
		};
		377AAC3C105DEA380068A68F /* ChaxHelperApp */ = {
			isa = PBXNativeTarget;
			buildConfigurationList = 377AAC46105DEA390068A68F /* Build configuration list for PBXNativeTarget "ChaxHelperApp" */;
			buildPhases = (
				377AAC39105DEA380068A68F /* Resources */,
				377AAC3A105DEA380068A68F /* Sources */,
				377AAC3B105DEA380068A68F /* Frameworks */,
			);
			buildRules = (
			);
			dependencies = (
			);
			name = ChaxHelperApp;
			productName = ChaxHelperApp;
			productReference = 377AAC3D105DEA380068A68F /* ChaxHelperApp.app */;
			productType = "com.apple.product-type.application";
		};
		37BC68571056EBDB00F1FCD9 /* ChaxAddition */ = {
			isa = PBXNativeTarget;
			buildConfigurationList = 37BC685C1056EBDC00F1FCD9 /* Build configuration list for PBXNativeTarget "ChaxAddition" */;
			buildPhases = (
				37BC68541056EBDB00F1FCD9 /* Resources */,
				3753ECFE10EEEF3F006B0F24 /* Copy Executables */,
				37BC68551056EBDB00F1FCD9 /* Sources */,
				37BC68561056EBDB00F1FCD9 /* Frameworks */,
				375090A91056F7E200F472F1 /* ShellScript */,
				375090AC1056F7FC00F472F1 /* Rez */,
			);
			buildRules = (
			);
			dependencies = (
				377351DC10DC942500CF1C88 /* PBXTargetDependency */,
				375090FA1056FA6300F472F1 /* PBXTargetDependency */,
				3750913C1056FC7500F472F1 /* PBXTargetDependency */,
			);
			name = ChaxAddition;
			productName = ChaxAgentAddition;
			productReference = 37BC68581056EBDB00F1FCD9 /* ChaxAddition.osax */;
			productType = "com.apple.product-type.bundle";
		};
		8D1107260486CEB800E47090 /* Chax Installer */ = {
			isa = PBXNativeTarget;
			buildConfigurationList = C01FCF4A08A954540054247B /* Build configuration list for PBXNativeTarget "Chax Installer" */;
			buildPhases = (
				8D1107290486CEB800E47090 /* Resources */,
				8D11072C0486CEB800E47090 /* Sources */,
				8D11072E0486CEB800E47090 /* Frameworks */,
			);
			buildRules = (
			);
			dependencies = (
				37CC452F10E1460000998593 /* PBXTargetDependency */,
				377AAC62105DEAC20068A68F /* PBXTargetDependency */,
			);
			name = "Chax Installer";
			productInstallPath = "$(HOME)/Applications";
			productName = Chax;
			productReference = 8D1107320486CEB800E47090 /* Chax Installer.app */;
			productType = "com.apple.product-type.application";
		};
/* End PBXNativeTarget section */

/* Begin PBXProject section */
		29B97313FDCFA39411CA2CEA /* Project object */ = {
			isa = PBXProject;
			buildConfigurationList = C01FCF4E08A954540054247B /* Build configuration list for PBXProject "Chax" */;
			compatibilityVersion = "Xcode 3.1";
			hasScannedForEncodings = 1;
			mainGroup = 29B97314FDCFA39411CA2CEA /* Chax */;
			projectDirPath = "";
			projectRoot = "";
			targets = (
				3784D28010473F2000B56C81 /* Build Disk Image */,
				8D1107260486CEB800E47090 /* Chax Installer */,
				377AAC3C105DEA380068A68F /* ChaxHelperApp */,
				37BC68571056EBDB00F1FCD9 /* ChaxAddition */,
				375091301056FC5F00F472F1 /* ChaxLib */,
				375090F21056FA5A00F472F1 /* ChaxAgentLib */,
				37CC44C610E0A22600998593 /* Update Plist Versions */,
			);
		};
/* End PBXProject section */

/* Begin PBXResourcesBuildPhase section */
		375090EF1056FA5A00F472F1 /* Resources */ = {
			isa = PBXResourcesBuildPhase;
			buildActionMask = 2147483647;
			files = (
			);
			runOnlyForDeploymentPostprocessing = 0;
		};
		3750912D1056FC5F00F472F1 /* Resources */ = {
			isa = PBXResourcesBuildPhase;
			buildActionMask = 2147483647;
			files = (
				375091E41056FFF800F472F1 /* menu-badge.tiff in Resources */,
				375091E51056FFF800F472F1 /* status-offline.tiff in Resources */,
				375091D51056FF9D00F472F1 /* Preferences.xib in Resources */,
				375091D61056FF9D00F472F1 /* LogViewer.xib in Resources */,
				375091D71056FF9D00F472F1 /* CameraSnapshot.xib in Resources */,
				375091D81056FF9D00F472F1 /* Donate.xib in Resources */,
				375091D91056FF9D00F472F1 /* ActivityWindow.xib in Resources */,
				375091D41056FF9600F472F1 /* Localizable.strings in Resources */,
				3753EB7F10EEB4DA006B0F24 /* logviewer.css in Resources */,
			);
			runOnlyForDeploymentPostprocessing = 0;
		};
		377AAC39105DEA380068A68F /* Resources */ = {
			isa = PBXResourcesBuildPhase;
			buildActionMask = 2147483647;
			files = (
			);
			runOnlyForDeploymentPostprocessing = 0;
		};
		37BC68541056EBDB00F1FCD9 /* Resources */ = {
			isa = PBXResourcesBuildPhase;
			buildActionMask = 2147483647;
			files = (
				37FEDB1D10E1594A0060BB05 /* dsa_pub.pem in Resources */,
				375091411056FC7A00F472F1 /* ChaxLib.bundle in Resources */,
				37FEDB5010E15AFD0060BB05 /* Chax.icns in Resources */,
				37BC689C1056EFD400F1FCD9 /* ChaxAddition.sdef in Resources */,
			);
			runOnlyForDeploymentPostprocessing = 0;
		};
		8D1107290486CEB800E47090 /* Resources */ = {
			isa = PBXResourcesBuildPhase;
			buildActionMask = 2147483647;
			files = (
				3773526110DC9B5900CF1C88 /* ChaxAddition.osax in Resources */,
				377351F610DC959F00CF1C88 /* MainMenu.xib in Resources */,
				377351F110DC948100CF1C88 /* InstallChax.icns in Resources */,
				37CC446C10DEDDE300998593 /* Localizable.strings in Resources */,
			);
			runOnlyForDeploymentPostprocessing = 0;
		};
/* End PBXResourcesBuildPhase section */

/* Begin PBXRezBuildPhase section */
		375090AC1056F7FC00F472F1 /* Rez */ = {
			isa = PBXRezBuildPhase;
			buildActionMask = 2147483647;
			files = (
				375090CA1056F8D200F472F1 /* ChaxAddition.r in Rez */,
			);
			runOnlyForDeploymentPostprocessing = 0;
		};
/* End PBXRezBuildPhase section */

/* Begin PBXShellScriptBuildPhase section */
		375090A91056F7E200F472F1 /* ShellScript */ = {
			isa = PBXShellScriptBuildPhase;
			buildActionMask = 2147483647;
			files = (
			);
			inputPaths = (
			);
			outputPaths = (
			);
			runOnlyForDeploymentPostprocessing = 0;
			shellPath = /bin/sh;
			shellScript = "# This rule builds an 'aete' version of the sdef; it is only necessary for pre-Leopard builds.\n/usr/bin/sdp -fa -o \"${SRCROOT}/ChaxAddition.r\" \"${SRCROOT}/ChaxAddition.sdef\"";
			showEnvVarsInLog = 0;
		};
		3784D28F10473F3400B56C81 /* Build DMG */ = {
			isa = PBXShellScriptBuildPhase;
			buildActionMask = 2147483647;
			files = (
			);
			inputPaths = (
			);
			name = "Build DMG";
			outputPaths = (
			);
			runOnlyForDeploymentPostprocessing = 0;
			shellPath = /bin/sh;
			shellScript = "#$PROJECT_DIR/dist/build_dmg.py --name Chax.app --icon-position \"{227, 110}\" --window-bounds \"{100, 100, 550, 350}\"\n\n$PROJECT_DIR/dist/chax_dmg.sh";
			showEnvVarsInLog = 0;
		};
		37CC44C510E0A22600998593 /* ShellScript */ = {
			isa = PBXShellScriptBuildPhase;
			buildActionMask = 2147483647;
			files = (
			);
			inputPaths = (
			);
			outputPaths = (
			);
			runOnlyForDeploymentPostprocessing = 0;
			shellPath = /bin/sh;
			shellScript = $PROJECT_DIR/dist/update_versions.py;
			showEnvVarsInLog = 0;
		};
/* End PBXShellScriptBuildPhase section */

/* Begin PBXSourcesBuildPhase section */
		375090F01056FA5A00F472F1 /* Sources */ = {
			isa = PBXSourcesBuildPhase;
			buildActionMask = 2147483647;
			files = (
				375091071056FAC900F472F1 /* Chax_AIMServiceSession.m in Sources */,
				375091081056FAC900F472F1 /* Chax_SuperToAIMParserContext.m in Sources */,
				375091091056FACF00F472F1 /* MethodSwizzle.m in Sources */,
				3750910A1056FACF00F472F1 /* BundleUtilities.m in Sources */,
			);
			runOnlyForDeploymentPostprocessing = 0;
		};
		3750912E1056FC5F00F472F1 /* Sources */ = {
			isa = PBXSourcesBuildPhase;
			buildActionMask = 2147483647;
			files = (
				375092061057012F00F472F1 /* ActivityModel.xcdatamodel in Sources */,
				3750914B1056FCA300F472F1 /* MethodSwizzle.m in Sources */,
				3750914C1056FCA300F472F1 /* BundleUtilities.m in Sources */,
				3750914D1056FCA300F472F1 /* Chax_PeopleList.m in Sources */,
				3750914E1056FCA300F472F1 /* Chax.m in Sources */,
				3750914F1056FCA300F472F1 /* Chax_PeopleListController.m in Sources */,
				375091501056FCA300F472F1 /* Chax_NSDockTile.m in Sources */,
				375091511056FCA300F472F1 /* Chax_AnimatingTableView.m in Sources */,
				375091521056FCA300F472F1 /* UnifiedAccount.m in Sources */,
				375091531056FCA300F472F1 /* UnifiedPeopleListController_Provider.m in Sources */,
				375091541056FCA300F472F1 /* Chax_IMPeople.m in Sources */,
				375091551056FCA300F472F1 /* Chax_Fezz.m in Sources */,
				375091561056FCA300F472F1 /* StatusChangeController.m in Sources */,
				375091571056FCA300F472F1 /* Chax_Account.m in Sources */,
				375091581056FCA300F472F1 /* LogViewerController.m in Sources */,
				375091591056FCA300F472F1 /* RegexKitLite.m in Sources */,
				3750915A1056FCA300F472F1 /* Chax_FezPreferences.m in Sources */,
				3750915B1056FCA300F472F1 /* Prefs_Chax.m in Sources */,
				3750915C1056FCA300F472F1 /* ChaxDefaults.m in Sources */,
				3750915D1056FCA300F472F1 /* URLTextView.m in Sources */,
				3750915E1056FCA300F472F1 /* ChaxPrefsView.m in Sources */,
				3750915F1056FCA300F472F1 /* DockIconController.m in Sources */,
				375091601056FCA300F472F1 /* ChaxDockView.m in Sources */,
				375091611056FCA300F472F1 /* Chax_Chat.m in Sources */,
				375091621056FCA300F472F1 /* Chax_ChatDOMView.m in Sources */,
				375091631056FCA300F472F1 /* NSArrayAdditions.m in Sources */,
				375091641056FCA300F472F1 /* CameraSnapshotController.m in Sources */,
				375091651056FCA300F472F1 /* Chax_ChatWindowController.m in Sources */,
				375091661056FCA300F472F1 /* Chax_SecureWindow.m in Sources */,
				375091671056FCA300F472F1 /* Chax_PeopleListControllerWindow.m in Sources */,
				375091681056FCA300F472F1 /* Chax_FileTransferManager.m in Sources */,
				375091691056FCA300F472F1 /* DonateWindowController.m in Sources */,
				3750916A1056FCA300F472F1 /* Chax_ChatInputLine.m in Sources */,
				3750916B1056FCA300F472F1 /* AutoAcceptPrefsWindowController.m in Sources */,
				3750916C1056FCA300F472F1 /* Chax_IMFileTransferCenter.m in Sources */,
				3750916D1056FCA300F472F1 /* Chax_AVChatController.m in Sources */,
				3750916E1056FCA300F472F1 /* ActivityWindowController.m in Sources */,
				3750916F1056FCA300F472F1 /* ActivityStatusCell.m in Sources */,
				375091701056FCA300F472F1 /* ActivityDateFormatter.m in Sources */,
				375091711056FCA300F472F1 /* ActivityTableView.m in Sources */,
				375091721056FCA300F472F1 /* Chax_ActionsControllerHandler.m in Sources */,
				375091731056FCA300F472F1 /* Chax_ChatNotifier.m in Sources */,
				375091751056FCA300F472F1 /* Chax_ActiveChat.m in Sources */,
				375091761056FCA300F472F1 /* AutomaticSwizzle.m in Sources */,
				375091771056FCA300F472F1 /* Chax_PeopleListItem.m in Sources */,
				378D13D710E20599003E2410 /* LogViewerModeBackgroundView.m in Sources */,
				378D15E610E594FE003E2410 /* LinkButtonCell.m in Sources */,
				378D182410E73D08003E2410 /* LogViewerHorizontalSplitView.m in Sources */,
				3753EC1310EED866006B0F24 /* LogViewerPreviewItem.m in Sources */,
				37B737F610F030680056176C /* ConversationViewController.m in Sources */,
				37B737FA10F030A50056176C /* TransfersViewController.m in Sources */,
				37B737FD10F030CD0056176C /* LinksViewController.m in Sources */,
				37529A1510F2AB6600021833 /* Chax_CustomMessageTableView.m in Sources */,
			);
			runOnlyForDeploymentPostprocessing = 0;
		};
		377AAC3A105DEA380068A68F /* Sources */ = {
			isa = PBXSourcesBuildPhase;
			buildActionMask = 2147483647;
			files = (
				377AAC76105DEC1F0068A68F /* helper_main.m in Sources */,
			);
			runOnlyForDeploymentPostprocessing = 0;
		};
		37BC68551056EBDB00F1FCD9 /* Sources */ = {
			isa = PBXSourcesBuildPhase;
			buildActionMask = 2147483647;
			files = (
				37BC686B1056EE9500F1FCD9 /* ChaxAddition.m in Sources */,
			);
			runOnlyForDeploymentPostprocessing = 0;
		};
		8D11072C0486CEB800E47090 /* Sources */ = {
			isa = PBXSourcesBuildPhase;
			buildActionMask = 2147483647;
			files = (
				8D11072D0486CEB800E47090 /* main.m in Sources */,
				377351FE10DC960600CF1C88 /* InstallController.m in Sources */,
			);
			runOnlyForDeploymentPostprocessing = 0;
		};
/* End PBXSourcesBuildPhase section */

/* Begin PBXTargetDependency section */
		375090FA1056FA6300F472F1 /* PBXTargetDependency */ = {
			isa = PBXTargetDependency;
			target = 375090F21056FA5A00F472F1 /* ChaxAgentLib */;
			targetProxy = 375090F91056FA6300F472F1 /* PBXContainerItemProxy */;
		};
		3750913C1056FC7500F472F1 /* PBXTargetDependency */ = {
			isa = PBXTargetDependency;
			target = 375091301056FC5F00F472F1 /* ChaxLib */;
			targetProxy = 3750913B1056FC7500F472F1 /* PBXContainerItemProxy */;
		};
		377351DC10DC942500CF1C88 /* PBXTargetDependency */ = {
			isa = PBXTargetDependency;
			target = 377AAC3C105DEA380068A68F /* ChaxHelperApp */;
			targetProxy = 377351DB10DC942500CF1C88 /* PBXContainerItemProxy */;
		};
		377AAC62105DEAC20068A68F /* PBXTargetDependency */ = {
			isa = PBXTargetDependency;
			target = 37BC68571056EBDB00F1FCD9 /* ChaxAddition */;
			targetProxy = 377AAC61105DEAC20068A68F /* PBXContainerItemProxy */;
		};
		3784D28B10473F2F00B56C81 /* PBXTargetDependency */ = {
			isa = PBXTargetDependency;
			target = 8D1107260486CEB800E47090 /* Chax Installer */;
			targetProxy = 3784D28A10473F2F00B56C81 /* PBXContainerItemProxy */;
		};
		37CC452F10E1460000998593 /* PBXTargetDependency */ = {
			isa = PBXTargetDependency;
			target = 37CC44C610E0A22600998593 /* Update Plist Versions */;
			targetProxy = 37CC452E10E1460000998593 /* PBXContainerItemProxy */;
		};
/* End PBXTargetDependency section */

/* Begin PBXVariantGroup section */
		089C165CFE840E0CC02AAC07 /* InfoPlist.strings */ = {
			isa = PBXVariantGroup;
			children = (
				089C165DFE840E0CC02AAC07 /* English */,
			);
			name = InfoPlist.strings;
			sourceTree = "<group>";
		};
		377AAC1D105DE96E0068A68F /* MainMenu.xib */ = {
			isa = PBXVariantGroup;
			children = (
				377AAC1E105DE96E0068A68F /* English */,
			);
			name = MainMenu.xib;
			sourceTree = "<group>";
		};
		3786DAA20FF7C513000CBC6A /* Localizable.strings */ = {
			isa = PBXVariantGroup;
			children = (
				3786DAA30FF7C513000CBC6A /* English */,
			);
			name = Localizable.strings;
			sourceTree = "<group>";
		};
		37AFBC25103112EB001AA056 /* LogViewer.xib */ = {
			isa = PBXVariantGroup;
			children = (
				37AFBC26103112EB001AA056 /* English */,
			);
			name = LogViewer.xib;
			sourceTree = "<group>";
		};
		37CC446A10DEDDE300998593 /* Localizable.strings */ = {
			isa = PBXVariantGroup;
			children = (
				37CC446B10DEDDE300998593 /* English */,
			);
			name = Localizable.strings;
			sourceTree = "<group>";
		};
		37D0E2851046133B009C42DA /* Donate.xib */ = {
			isa = PBXVariantGroup;
			children = (
				37D0E2861046133B009C42DA /* English */,
			);
			name = Donate.xib;
			sourceTree = "<group>";
		};
		37D5BBB6103B679B00EE8A49 /* Preferences.xib */ = {
			isa = PBXVariantGroup;
			children = (
				37D5BBB7103B679B00EE8A49 /* English */,
			);
			name = Preferences.xib;
			sourceTree = "<group>";
		};
		37F29A9D1043ABB1005460A5 /* CameraSnapshot.xib */ = {
			isa = PBXVariantGroup;
			children = (
				37F29A9E1043ABB1005460A5 /* English */,
			);
			name = CameraSnapshot.xib;
			sourceTree = "<group>";
		};
		37F4391A1049C693007F8638 /* ActivityWindow.xib */ = {
			isa = PBXVariantGroup;
			children = (
				37F4391B1049C693007F8638 /* English */,
			);
			name = ActivityWindow.xib;
			sourceTree = "<group>";
		};
/* End PBXVariantGroup section */

/* Begin XCBuildConfiguration section */
		375090F51056FA5A00F472F1 /* Debug */ = {
			isa = XCBuildConfiguration;
			buildSettings = {
				ALWAYS_SEARCH_USER_PATHS = NO;
				COPY_PHASE_STRIP = NO;
				GCC_DYNAMIC_NO_PIC = NO;
				GCC_ENABLE_FIX_AND_CONTINUE = YES;
				GCC_MODEL_TUNING = G5;
				GCC_OPTIMIZATION_LEVEL = 0;
				GCC_PRECOMPILE_PREFIX_HEADER = YES;
				GCC_PREFIX_HEADER = "$(SYSTEM_LIBRARY_DIR)/Frameworks/AppKit.framework/Headers/AppKit.h";
				INFOPLIST_FILE = "ChaxAgentLib-Info.plist";
				INSTALL_PATH = "$(HOME)/Library/Bundles";
				OTHER_LDFLAGS = (
					"-framework",
					Foundation,
					"-framework",
					AppKit,
				);
				PREBINDING = NO;
				PRODUCT_NAME = ChaxAgentLib;
				WRAPPER_EXTENSION = bundle;
			};
			name = Debug;
		};
		375090F61056FA5A00F472F1 /* Release */ = {
			isa = XCBuildConfiguration;
			buildSettings = {
				ALWAYS_SEARCH_USER_PATHS = NO;
				COPY_PHASE_STRIP = YES;
				DEBUG_INFORMATION_FORMAT = "dwarf-with-dsym";
				GCC_ENABLE_FIX_AND_CONTINUE = NO;
				GCC_MODEL_TUNING = G5;
				GCC_PRECOMPILE_PREFIX_HEADER = YES;
				GCC_PREFIX_HEADER = "$(SYSTEM_LIBRARY_DIR)/Frameworks/AppKit.framework/Headers/AppKit.h";
				INFOPLIST_FILE = "ChaxAgentLib-Info.plist";
				INSTALL_PATH = "$(HOME)/Library/Bundles";
				OTHER_LDFLAGS = (
					"-framework",
					Foundation,
					"-framework",
					AppKit,
				);
				PREBINDING = NO;
				PRODUCT_NAME = ChaxAgentLib;
				WRAPPER_EXTENSION = bundle;
				ZERO_LINK = NO;
			};
			name = Release;
		};
		375091331056FC6000F472F1 /* Debug */ = {
			isa = XCBuildConfiguration;
			buildSettings = {
				ALWAYS_SEARCH_USER_PATHS = NO;
				COPY_PHASE_STRIP = NO;
				FRAMEWORK_SEARCH_PATHS = (
					"$(inherited)",
					"\"$(SRCROOT)/Frameworks\"",
					"\"$(SYSTEM_LIBRARY_DIR)/Frameworks/InstantMessage.framework/Versions/A/Frameworks\"",
				);
				GCC_DYNAMIC_NO_PIC = NO;
				GCC_ENABLE_FIX_AND_CONTINUE = YES;
				GCC_MODEL_TUNING = G5;
				GCC_OPTIMIZATION_LEVEL = 0;
				GCC_PRECOMPILE_PREFIX_HEADER = YES;
				GCC_PREFIX_HEADER = Chax_Prefix.pch;
				GCC_PREPROCESSOR_DEFINITIONS = CHAXLIB;
				INFOPLIST_FILE = "ChaxLib-Info.plist";
				INSTALL_PATH = "$(HOME)/Library/Bundles";
				OTHER_LDFLAGS = (
					"-framework",
					Foundation,
					"-framework",
					AppKit,
				);
				PREBINDING = NO;
				PRODUCT_NAME = ChaxLib;
				WRAPPER_EXTENSION = bundle;
			};
			name = Debug;
		};
		375091341056FC6000F472F1 /* Release */ = {
			isa = XCBuildConfiguration;
			buildSettings = {
				ALWAYS_SEARCH_USER_PATHS = NO;
				COPY_PHASE_STRIP = YES;
				DEBUG_INFORMATION_FORMAT = "dwarf-with-dsym";
				FRAMEWORK_SEARCH_PATHS = (
					"$(inherited)",
					"\"$(SRCROOT)/Frameworks\"",
					"\"$(SYSTEM_LIBRARY_DIR)/Frameworks/InstantMessage.framework/Versions/A/Frameworks\"",
				);
				GCC_ENABLE_FIX_AND_CONTINUE = NO;
				GCC_MODEL_TUNING = G5;
				GCC_PRECOMPILE_PREFIX_HEADER = YES;
				GCC_PREFIX_HEADER = Chax_Prefix.pch;
				GCC_PREPROCESSOR_DEFINITIONS = CHAXLIB;
				INFOPLIST_FILE = "ChaxLib-Info.plist";
				INSTALL_PATH = "$(HOME)/Library/Bundles";
				OTHER_LDFLAGS = (
					"-framework",
					Foundation,
					"-framework",
					AppKit,
				);
				PREBINDING = NO;
				PRODUCT_NAME = ChaxLib;
				WRAPPER_EXTENSION = bundle;
				ZERO_LINK = NO;
			};
			name = Release;
		};
		377AAC40105DEA390068A68F /* Debug */ = {
			isa = XCBuildConfiguration;
			buildSettings = {
				ALWAYS_SEARCH_USER_PATHS = NO;
				COPY_PHASE_STRIP = NO;
				GCC_DYNAMIC_NO_PIC = NO;
				GCC_ENABLE_FIX_AND_CONTINUE = YES;
				GCC_MODEL_TUNING = G5;
				GCC_OPTIMIZATION_LEVEL = 0;
				GCC_PRECOMPILE_PREFIX_HEADER = YES;
				GCC_PREFIX_HEADER = Chax_Prefix.pch;
				INFOPLIST_FILE = "ChaxHelperApp-Info.plist";
				INSTALL_PATH = "$(HOME)/Applications";
				OTHER_LDFLAGS = (
					"-framework",
					Foundation,
					"-framework",
					AppKit,
				);
				PREBINDING = NO;
				PRODUCT_NAME = ChaxHelperApp;
			};
			name = Debug;
		};
		377AAC41105DEA390068A68F /* Release */ = {
			isa = XCBuildConfiguration;
			buildSettings = {
				ALWAYS_SEARCH_USER_PATHS = NO;
				COPY_PHASE_STRIP = YES;
				DEBUG_INFORMATION_FORMAT = "dwarf-with-dsym";
				GCC_ENABLE_FIX_AND_CONTINUE = NO;
				GCC_MODEL_TUNING = G5;
				GCC_PRECOMPILE_PREFIX_HEADER = YES;
				GCC_PREFIX_HEADER = Chax_Prefix.pch;
				INFOPLIST_FILE = "ChaxHelperApp-Info.plist";
				INSTALL_PATH = "$(HOME)/Applications";
				OTHER_LDFLAGS = (
					"-framework",
					Foundation,
					"-framework",
					AppKit,
				);
				PREBINDING = NO;
				PRODUCT_NAME = ChaxHelperApp;
				ZERO_LINK = NO;
			};
			name = Release;
		};
		3784D28110473F2000B56C81 /* Debug */ = {
			isa = XCBuildConfiguration;
			buildSettings = {
				COPY_PHASE_STRIP = NO;
				GCC_DYNAMIC_NO_PIC = NO;
				GCC_OPTIMIZATION_LEVEL = 0;
				PRODUCT_NAME = "Build Disk Image";
			};
			name = Debug;
		};
		3784D28210473F2000B56C81 /* Release */ = {
			isa = XCBuildConfiguration;
			buildSettings = {
				COPY_PHASE_STRIP = YES;
				DEBUG_INFORMATION_FORMAT = "dwarf-with-dsym";
				GCC_ENABLE_FIX_AND_CONTINUE = NO;
				PRODUCT_NAME = "Build Disk Image";
				ZERO_LINK = NO;
			};
			name = Release;
		};
		37BC685A1056EBDB00F1FCD9 /* Debug */ = {
			isa = XCBuildConfiguration;
			buildSettings = {
				ALWAYS_SEARCH_USER_PATHS = NO;
				COPY_PHASE_STRIP = NO;
				GCC_DYNAMIC_NO_PIC = NO;
				GCC_ENABLE_FIX_AND_CONTINUE = YES;
				GCC_MODEL_TUNING = G5;
				GCC_OPTIMIZATION_LEVEL = 0;
				GCC_PRECOMPILE_PREFIX_HEADER = YES;
				GCC_PREFIX_HEADER = "$(SYSTEM_LIBRARY_DIR)/Frameworks/AppKit.framework/Headers/AppKit.h";
				INFOPLIST_FILE = "ChaxAddition-Info.plist";
				INSTALL_PATH = "$(HOME)/Library/Bundles";
				OTHER_LDFLAGS = (
					"-framework",
					Foundation,
					"-framework",
					AppKit,
				);
				PREBINDING = NO;
				PRODUCT_NAME = ChaxAddition;
				WRAPPER_EXTENSION = osax;
			};
			name = Debug;
		};
		37BC685B1056EBDB00F1FCD9 /* Release */ = {
			isa = XCBuildConfiguration;
			buildSettings = {
				ALWAYS_SEARCH_USER_PATHS = NO;
				COPY_PHASE_STRIP = YES;
				DEBUG_INFORMATION_FORMAT = "dwarf-with-dsym";
				GCC_ENABLE_FIX_AND_CONTINUE = NO;
				GCC_MODEL_TUNING = G5;
				GCC_PRECOMPILE_PREFIX_HEADER = YES;
				GCC_PREFIX_HEADER = "$(SYSTEM_LIBRARY_DIR)/Frameworks/AppKit.framework/Headers/AppKit.h";
				INFOPLIST_FILE = "ChaxAddition-Info.plist";
				INSTALL_PATH = "$(HOME)/Library/Bundles";
				OTHER_LDFLAGS = (
					"-framework",
					Foundation,
					"-framework",
					AppKit,
				);
				PREBINDING = NO;
				PRODUCT_NAME = ChaxAddition;
				WRAPPER_EXTENSION = osax;
				ZERO_LINK = NO;
			};
			name = Release;
		};
		37CC44C710E0A22600998593 /* Debug */ = {
			isa = XCBuildConfiguration;
			buildSettings = {
				CHAX_BUNDLE_VERSION = 6;
				CHAX_SHORT_VERSION = 3.0a6;
				COPY_PHASE_STRIP = NO;
				GCC_DYNAMIC_NO_PIC = NO;
				GCC_OPTIMIZATION_LEVEL = 0;
				PRODUCT_NAME = "Update Plist Versions";
			};
			name = Debug;
		};
		37CC44C810E0A22600998593 /* Release */ = {
			isa = XCBuildConfiguration;
			buildSettings = {
				CHAX_BUNDLE_VERSION = 6;
				CHAX_SHORT_VERSION = 3.0a6;
				COPY_PHASE_STRIP = YES;
				DEBUG_INFORMATION_FORMAT = "dwarf-with-dsym";
				GCC_ENABLE_FIX_AND_CONTINUE = NO;
				PRODUCT_NAME = "Update Plist Versions";
				ZERO_LINK = NO;
			};
			name = Release;
		};
		C01FCF4B08A954540054247B /* Debug */ = {
			isa = XCBuildConfiguration;
			buildSettings = {
				ALWAYS_SEARCH_USER_PATHS = NO;
				COPY_PHASE_STRIP = NO;
				GCC_DYNAMIC_NO_PIC = NO;
				GCC_ENABLE_FIX_AND_CONTINUE = YES;
				GCC_MODEL_TUNING = G5;
				GCC_OPTIMIZATION_LEVEL = 0;
				GCC_PRECOMPILE_PREFIX_HEADER = YES;
				GCC_PREFIX_HEADER = Chax_Prefix.pch;
				INFOPLIST_FILE = "ChaxInstaller-Info.plist";
				INSTALL_PATH = "$(HOME)/Applications";
				LIBRARY_SEARCH_PATHS = (
					"$(inherited)",
					"\"$(SRCROOT)/../../Desktop/Test/build/Debug\"",
				);
				PRODUCT_NAME = "Chax Installer";
			};
			name = Debug;
		};
		C01FCF4C08A954540054247B /* Release */ = {
			isa = XCBuildConfiguration;
			buildSettings = {
				ALWAYS_SEARCH_USER_PATHS = NO;
				DEBUG_INFORMATION_FORMAT = "dwarf-with-dsym";
				GCC_MODEL_TUNING = G5;
				GCC_PRECOMPILE_PREFIX_HEADER = YES;
				GCC_PREFIX_HEADER = Chax_Prefix.pch;
				INFOPLIST_FILE = "ChaxInstaller-Info.plist";
				INSTALL_PATH = "$(HOME)/Applications";
				LIBRARY_SEARCH_PATHS = (
					"$(inherited)",
					"\"$(SRCROOT)/../../Desktop/Test/build/Debug\"",
				);
				PRODUCT_NAME = "Chax Installer";
			};
			name = Release;
		};
		C01FCF4F08A954540054247B /* Debug */ = {
			isa = XCBuildConfiguration;
			buildSettings = {
				ARCHS = (
					i386,
					x86_64,
				);
				GCC_C_LANGUAGE_STANDARD = gnu99;
				GCC_OPTIMIZATION_LEVEL = 0;
				GCC_VERSION = com.apple.compilers.llvm.clang.1_0;
				GCC_WARN_ABOUT_RETURN_TYPE = YES;
				GCC_WARN_UNUSED_VARIABLE = YES;
				ONLY_ACTIVE_ARCH = YES;
				PREBINDING = NO;
				SDKROOT = macosx10.6;
			};
			name = Debug;
		};
		C01FCF5008A954540054247B /* Release */ = {
			isa = XCBuildConfiguration;
			buildSettings = {
				ARCHS = (
					i386,
					x86_64,
				);
				GCC_C_LANGUAGE_STANDARD = gnu99;
				GCC_VERSION = com.apple.compilers.llvm.clang.1_0;
				GCC_WARN_ABOUT_RETURN_TYPE = YES;
				GCC_WARN_UNUSED_VARIABLE = YES;
				PREBINDING = NO;
				SDKROOT = macosx10.6;
			};
			name = Release;
		};
/* End XCBuildConfiguration section */

/* Begin XCConfigurationList section */
		375090F81056FA5B00F472F1 /* Build configuration list for PBXNativeTarget "ChaxAgentLib" */ = {
			isa = XCConfigurationList;
			buildConfigurations = (
				375090F51056FA5A00F472F1 /* Debug */,
				375090F61056FA5A00F472F1 /* Release */,
			);
			defaultConfigurationIsVisible = 0;
			defaultConfigurationName = Release;
		};
		375091381056FC6000F472F1 /* Build configuration list for PBXNativeTarget "ChaxLib" */ = {
			isa = XCConfigurationList;
			buildConfigurations = (
				375091331056FC6000F472F1 /* Debug */,
				375091341056FC6000F472F1 /* Release */,
			);
			defaultConfigurationIsVisible = 0;
			defaultConfigurationName = Release;
		};
		377AAC46105DEA390068A68F /* Build configuration list for PBXNativeTarget "ChaxHelperApp" */ = {
			isa = XCConfigurationList;
			buildConfigurations = (
				377AAC40105DEA390068A68F /* Debug */,
				377AAC41105DEA390068A68F /* Release */,
			);
			defaultConfigurationIsVisible = 0;
			defaultConfigurationName = Release;
		};
		3784D28910473F2500B56C81 /* Build configuration list for PBXAggregateTarget "Build Disk Image" */ = {
			isa = XCConfigurationList;
			buildConfigurations = (
				3784D28110473F2000B56C81 /* Debug */,
				3784D28210473F2000B56C81 /* Release */,
			);
			defaultConfigurationIsVisible = 0;
			defaultConfigurationName = Release;
		};
		37BC685C1056EBDC00F1FCD9 /* Build configuration list for PBXNativeTarget "ChaxAddition" */ = {
			isa = XCConfigurationList;
			buildConfigurations = (
				37BC685A1056EBDB00F1FCD9 /* Debug */,
				37BC685B1056EBDB00F1FCD9 /* Release */,
			);
			defaultConfigurationIsVisible = 0;
			defaultConfigurationName = Release;
		};
		37CC44D010E0A25300998593 /* Build configuration list for PBXAggregateTarget "Update Plist Versions" */ = {
			isa = XCConfigurationList;
			buildConfigurations = (
				37CC44C710E0A22600998593 /* Debug */,
				37CC44C810E0A22600998593 /* Release */,
			);
			defaultConfigurationIsVisible = 0;
			defaultConfigurationName = Release;
		};
		C01FCF4A08A954540054247B /* Build configuration list for PBXNativeTarget "Chax Installer" */ = {
			isa = XCConfigurationList;
			buildConfigurations = (
				C01FCF4B08A954540054247B /* Debug */,
				C01FCF4C08A954540054247B /* Release */,
			);
			defaultConfigurationIsVisible = 0;
			defaultConfigurationName = Release;
		};
		C01FCF4E08A954540054247B /* Build configuration list for PBXProject "Chax" */ = {
			isa = XCConfigurationList;
			buildConfigurations = (
				C01FCF4F08A954540054247B /* Debug */,
				C01FCF5008A954540054247B /* Release */,
			);
			defaultConfigurationIsVisible = 0;
			defaultConfigurationName = Release;
		};
/* End XCConfigurationList section */
	};
	rootObject = 29B97313FDCFA39411CA2CEA /* Project object */;
}
